<?xml version="1.0" encoding="utf-8"?>
<Project ToolsVersion="4.0" xmlns="http://schemas.microsoft.com/developer/msbuild/2003">
  <ItemGroup>
    <ClCompile Include="..\..\..\opencv\modules\core\src\alloc.cpp">
      <Filter>Src</Filter>
    </ClCompile>
    <ClCompile Include="..\..\..\opencv\modules\core\src\arithm.cpp">
      <Filter>Src</Filter>
    </ClCompile>
    <ClCompile Include="..\..\..\opencv\modules\core\src\array.cpp">
      <Filter>Src</Filter>
    </ClCompile>
    <ClCompile Include="..\..\..\opencv\modules\core\src\cmdparser.cpp">
      <Filter>Src</Filter>
    </ClCompile>
    <ClCompile Include="..\..\..\opencv\modules\core\src\convert.cpp">
      <Filter>Src</Filter>
    </ClCompile>
    <ClCompile Include="..\..\..\opencv\modules\core\src\copy.cpp">
      <Filter>Src</Filter>
    </ClCompile>
    <ClCompile Include="..\..\..\opencv\modules\core\src\datastructs.cpp">
      <Filter>Src</Filter>
    </ClCompile>
    <ClCompile Include="..\..\..\opencv\modules\core\src\drawing.cpp">
      <Filter>Src</Filter>
    </ClCompile>
    <ClCompile Include="..\..\..\opencv\modules\core\src\dxt.cpp">
      <Filter>Src</Filter>
    </ClCompile>
    <ClCompile Include="..\..\..\opencv\modules\core\src\lapack.cpp">
      <Filter>Src</Filter>
    </ClCompile>
    <ClCompile Include="..\..\..\opencv\modules\core\src\mathfuncs.cpp">
      <Filter>Src</Filter>
    </ClCompile>
    <ClCompile Include="..\..\..\opencv\modules\core\src\matmul.cpp">
      <Filter>Src</Filter>
    </ClCompile>
    <ClCompile Include="..\..\..\opencv\modules\core\src\matop.cpp">
      <Filter>Src</Filter>
    </ClCompile>
    <ClCompile Include="..\..\..\opencv\modules\core\src\matrix.cpp">
      <Filter>Src</Filter>
    </ClCompile>
    <ClCompile Include="..\..\..\opencv\modules\core\src\out.cpp">
      <Filter>Src</Filter>
    </ClCompile>
    <ClCompile Include="..\..\..\opencv\modules\core\src\persistence.cpp">
      <Filter>Src</Filter>
    </ClCompile>
    <ClCompile Include="..\..\..\opencv\modules\core\src\precomp.cpp">
      <Filter>Src</Filter>
    </ClCompile>
    <ClCompile Include="..\..\..\opencv\modules\core\src\rand.cpp">
      <Filter>Src</Filter>
    </ClCompile>
    <ClCompile Include="..\..\..\opencv\modules\core\src\stat.cpp">
      <Filter>Src</Filter>
    </ClCompile>
    <ClCompile Include="..\..\..\opencv\modules\core\src\system.cpp">
      <Filter>Src</Filter>
    </ClCompile>
    <ClCompile Include="..\..\..\opencv\modules\core\src\tables.cpp">
      <Filter>Src</Filter>
    </ClCompile>
  </ItemGroup>
  <ItemGroup>
    <ClInclude Include="..\..\..\opencv\modules\core\include\opencv2\core\core_c.h">
      <Filter>Include</Filter>
    </ClInclude>
    <ClInclude Include="..\..\..\opencv\modules\core\include\opencv2\core\types_c.h">
      <Filter>Include</Filter>
    </ClInclude>
  </ItemGroup>
  <ItemGroup>
  </ItemGroup>
  <ItemGroup>
    <CustomBuild Include="..\..\..\opencv\modules\core\CMakeLists.txt" />
  </ItemGroup>
  <ItemGroup>
    <Filter Include="Src">
      <UniqueIdentifier>{1931B85A-1385-487A-8869-D43C91C52FC5}</UniqueIdentifier>
    </Filter>
    <Filter Include="Include">
      <UniqueIdentifier>{8DFACFE0-8829-4771-AFFC-DD4895BA5A97}</UniqueIdentifier>
    </Filter>
  </ItemGroup>
  <ItemGroup>
    <None Include="..\..\..\opencv\modules\core\src\alloc.cpp">
      <Filter>Src</Filter>
    </None>
    <None Include="..\..\..\opencv\modules\core\src\arithm.cpp">
      <Filter>Src</Filter>
    </None>
    <None Include="..\..\..\opencv\modules\core\src\array.cpp">
      <Filter>Src</Filter>
    </None>
    <None Include="..\..\..\opencv\modules\core\src\cmdparser.cpp">
      <Filter>Src</Filter>
    </None>
    <None Include="..\..\..\opencv\modules\core\src\convert.cpp">
      <Filter>Src</Filter>
    </None>
    <None Include="..\..\..\opencv\modules\core\src\copy.cpp">
      <Filter>Src</Filter>
    </None>
    <None Include="..\..\..\opencv\modules\core\src\datastructs.cpp">
      <Filter>Src</Filter>
    </None>
    <None Include="..\..\..\opencv\modules\core\src\drawing.cpp">
      <Filter>Src</Filter>
    </None>
    <None Include="..\..\..\opencv\modules\core\src\dxt.cpp">
      <Filter>Src</Filter>
    </None>
    <None Include="..\..\..\opencv\modules\core\src\lapack.cpp">
      <Filter>Src</Filter>
    </None>
    <None Include="..\..\..\opencv\modules\core\src\mathfuncs.cpp">
      <Filter>Src</Filter>
    </None>
    <None Include="..\..\..\opencv\modules\core\src\matmul.cpp">
      <Filter>Src</Filter>
    </None>
    <None Include="..\..\..\opencv\modules\core\src\matop.cpp">
      <Filter>Src</Filter>
    </None>
    <None Include="..\..\..\opencv\modules\core\src\matrix.cpp">
      <Filter>Src</Filter>
    </None>
    <None Include="..\..\..\opencv\modules\core\src\out.cpp">
      <Filter>Src</Filter>
    </None>
    <None Include="..\..\..\opencv\modules\core\src\persistence.cpp">
      <Filter>Src</Filter>
    </None>
    <None Include="..\..\..\opencv\modules\core\src\precomp.cpp">
      <Filter>Src</Filter>
    </None>
    <None Include="..\..\..\opencv\modules\core\src\rand.cpp">
      <Filter>Src</Filter>
    </None>
    <None Include="..\..\..\opencv\modules\core\src\stat.cpp">
      <Filter>Src</Filter>
    </None>
    <None Include="..\..\..\opencv\modules\core\src\system.cpp">
      <Filter>Src</Filter>
    </None>
    <None Include="..\..\..\opencv\modules\core\src\tables.cpp">
      <Filter>Src</Filter>
    </None>
    <None Include="..\..\..\opencv\modules\core\include\opencv2\core\core.hpp">
      <Filter>Include</Filter>
    </None>
    <None Include="..\..\..\opencv\modules\core\include\opencv2\core\eigen.hpp">
      <Filter>Include</Filter>
    </None>
    <None Include="..\..\..\opencv\modules\core\include\opencv2\core\internal.hpp">
      <Filter>Include</Filter>
    </None>
    <None Include="..\..\..\opencv\modules\core\include\opencv2\core\mat.hpp">
      <Filter>Include</Filter>
    </None>
    <None Include="..\..\..\opencv\modules\core\include\opencv2\core\operations.hpp">
      <Filter>Include</Filter>
    </None>
    <None Include="..\..\..\opencv\modules\core\include\opencv2\core\version.hpp">
      <Filter>Include</Filter>
    </None>
    <None Include="..\..\..\opencv\modules\core\include\opencv2\core\wimage.hpp">
      <Filter>Include</Filter>
    </None>
    <None Include="..\..\..\opencv\modules\core\src\precomp.hpp">
      <Filter>Src</Filter>
    </None>
  </ItemGroup>
</Project>
