<?xml version="1.0" encoding="utf-8"?>
<Project ToolsVersion="4.0" xmlns="http://schemas.microsoft.com/developer/msbuild/2003">
  <ItemGroup>
    <ClCompile Include="..\..\..\opencv\modules\legacy\src\3dtracker.cpp">
      <Filter>Src</Filter>
    </ClCompile>
    <ClCompile Include="..\..\..\opencv\modules\legacy\src\auxutils.cpp">
      <Filter>Src</Filter>
    </ClCompile>
    <ClCompile Include="..\..\..\opencv\modules\legacy\src\bgfg_estimation.cpp">
      <Filter>Src</Filter>
    </ClCompile>
    <ClCompile Include="..\..\..\opencv\modules\legacy\src\blobtrack.cpp">
      <Filter>Src</Filter>
    </ClCompile>
    <ClCompile Include="..\..\..\opencv\modules\legacy\src\blobtrackanalysis.cpp">
      <Filter>Src</Filter>
    </ClCompile>
    <ClCompile Include="..\..\..\opencv\modules\legacy\src\blobtrackanalysishist.cpp">
      <Filter>Src</Filter>
    </ClCompile>
    <ClCompile Include="..\..\..\opencv\modules\legacy\src\blobtrackanalysisior.cpp">
      <Filter>Src</Filter>
    </ClCompile>
    <ClCompile Include="..\..\..\opencv\modules\legacy\src\blobtrackanalysistrackdist.cpp">
      <Filter>Src</Filter>
    </ClCompile>
    <ClCompile Include="..\..\..\opencv\modules\legacy\src\blobtrackgen1.cpp">
      <Filter>Src</Filter>
    </ClCompile>
    <ClCompile Include="..\..\..\opencv\modules\legacy\src\blobtrackgenyml.cpp">
      <Filter>Src</Filter>
    </ClCompile>
    <ClCompile Include="..\..\..\opencv\modules\legacy\src\blobtrackingauto.cpp">
      <Filter>Src</Filter>
    </ClCompile>
    <ClCompile Include="..\..\..\opencv\modules\legacy\src\blobtrackingcc.cpp">
      <Filter>Src</Filter>
    </ClCompile>
    <ClCompile Include="..\..\..\opencv\modules\legacy\src\blobtrackingccwithcr.cpp">
      <Filter>Src</Filter>
    </ClCompile>
    <ClCompile Include="..\..\..\opencv\modules\legacy\src\blobtrackingkalman.cpp">
      <Filter>Src</Filter>
    </ClCompile>
    <ClCompile Include="..\..\..\opencv\modules\legacy\src\blobtrackinglist.cpp">
      <Filter>Src</Filter>
    </ClCompile>
    <ClCompile Include="..\..\..\opencv\modules\legacy\src\blobtrackingmsfg.cpp">
      <Filter>Src</Filter>
    </ClCompile>
    <ClCompile Include="..\..\..\opencv\modules\legacy\src\blobtrackingmsfgs.cpp">
      <Filter>Src</Filter>
    </ClCompile>
    <ClCompile Include="..\..\..\opencv\modules\legacy\src\blobtrackpostprockalman.cpp">
      <Filter>Src</Filter>
    </ClCompile>
    <ClCompile Include="..\..\..\opencv\modules\legacy\src\blobtrackpostproclinear.cpp">
      <Filter>Src</Filter>
    </ClCompile>
    <ClCompile Include="..\..\..\opencv\modules\legacy\src\blobtrackpostproclist.cpp">
      <Filter>Src</Filter>
    </ClCompile>
    <ClCompile Include="..\..\..\opencv\modules\legacy\src\calcimagehomography.cpp">
      <Filter>Src</Filter>
    </ClCompile>
    <ClCompile Include="..\..\..\opencv\modules\legacy\src\calibfilter.cpp">
      <Filter>Src</Filter>
    </ClCompile>
    <ClCompile Include="..\..\..\opencv\modules\legacy\src\camshift.cpp">
      <Filter>Src</Filter>
    </ClCompile>
    <ClCompile Include="..\..\..\opencv\modules\legacy\src\clique.cpp">
      <Filter>Src</Filter>
    </ClCompile>
    <ClCompile Include="..\..\..\opencv\modules\legacy\src\compat.cpp">
      <Filter>Src</Filter>
    </ClCompile>
    <ClCompile Include="..\..\..\opencv\modules\legacy\src\condens.cpp">
      <Filter>Src</Filter>
    </ClCompile>
    <ClCompile Include="..\..\..\opencv\modules\legacy\src\contourtree.cpp">
      <Filter>Src</Filter>
    </ClCompile>
    <ClCompile Include="..\..\..\opencv\modules\legacy\src\correspond.cpp">
      <Filter>Src</Filter>
    </ClCompile>
    <ClCompile Include="..\..\..\opencv\modules\legacy\src\corrimages.cpp">
      <Filter>Src</Filter>
    </ClCompile>
    <ClCompile Include="..\..\..\opencv\modules\legacy\src\createhandmask.cpp">
      <Filter>Src</Filter>
    </ClCompile>
    <ClCompile Include="..\..\..\opencv\modules\legacy\src\decomppoly.cpp">
      <Filter>Src</Filter>
    </ClCompile>
    <ClCompile Include="..\..\..\opencv\modules\legacy\src\dominants.cpp">
      <Filter>Src</Filter>
    </ClCompile>
    <ClCompile Include="..\..\..\opencv\modules\legacy\src\dpstereo.cpp">
      <Filter>Src</Filter>
    </ClCompile>
    <ClCompile Include="..\..\..\opencv\modules\legacy\src\eigenobjects.cpp">
      <Filter>Src</Filter>
    </ClCompile>
    <ClCompile Include="..\..\..\opencv\modules\legacy\src\enmin.cpp">
      <Filter>Src</Filter>
    </ClCompile>
    <ClCompile Include="..\..\..\opencv\modules\legacy\src\enteringblobdetection.cpp">
      <Filter>Src</Filter>
    </ClCompile>
    <ClCompile Include="..\..\..\opencv\modules\legacy\src\enteringblobdetectionreal.cpp">
      <Filter>Src</Filter>
    </ClCompile>
    <ClCompile Include="..\..\..\opencv\modules\legacy\src\epilines.cpp">
      <Filter>Src</Filter>
    </ClCompile>
    <ClCompile Include="..\..\..\opencv\modules\legacy\src\extendededges.cpp">
      <Filter>Src</Filter>
    </ClCompile>
    <ClCompile Include="..\..\..\opencv\modules\legacy\src\face.cpp">
      <Filter>Src</Filter>
    </ClCompile>
    <ClCompile Include="..\..\..\opencv\modules\legacy\src\facedetection.cpp">
      <Filter>Src</Filter>
    </ClCompile>
    <ClCompile Include="..\..\..\opencv\modules\legacy\src\facetemplate.cpp">
      <Filter>Src</Filter>
    </ClCompile>
    <ClCompile Include="..\..\..\opencv\modules\legacy\src\findface.cpp">
      <Filter>Src</Filter>
    </ClCompile>
    <ClCompile Include="..\..\..\opencv\modules\legacy\src\findhandregion.cpp">
      <Filter>Src</Filter>
    </ClCompile>
    <ClCompile Include="..\..\..\opencv\modules\legacy\src\hmm.cpp">
      <Filter>Src</Filter>
    </ClCompile>
    <ClCompile Include="..\..\..\opencv\modules\legacy\src\hmm1d.cpp">
      <Filter>Src</Filter>
    </ClCompile>
    <ClCompile Include="..\..\..\opencv\modules\legacy\src\hmmobs.cpp">
      <Filter>Src</Filter>
    </ClCompile>
    <ClCompile Include="..\..\..\opencv\modules\legacy\src\image.cpp">
      <Filter>Src</Filter>
    </ClCompile>
    <ClCompile Include="..\..\..\opencv\modules\legacy\src\lcm.cpp">
      <Filter>Src</Filter>
    </ClCompile>
    <ClCompile Include="..\..\..\opencv\modules\legacy\src\lee.cpp">
      <Filter>Src</Filter>
    </ClCompile>
    <ClCompile Include="..\..\..\opencv\modules\legacy\src\levmar.cpp">
      <Filter>Src</Filter>
    </ClCompile>
    <ClCompile Include="..\..\..\opencv\modules\legacy\src\levmarprojbandle.cpp">
      <Filter>Src</Filter>
    </ClCompile>
    <ClCompile Include="..\..\..\opencv\modules\legacy\src\levmartrif.cpp">
      <Filter>Src</Filter>
    </ClCompile>
    <ClCompile Include="..\..\..\opencv\modules\legacy\src\lines.cpp">
      <Filter>Src</Filter>
    </ClCompile>
    <ClCompile Include="..\..\..\opencv\modules\legacy\src\lmeds.cpp">
      <Filter>Src</Filter>
    </ClCompile>
    <ClCompile Include="..\..\..\opencv\modules\legacy\src\morphcontours.cpp">
      <Filter>Src</Filter>
    </ClCompile>
    <ClCompile Include="..\..\..\opencv\modules\legacy\src\morphing.cpp">
      <Filter>Src</Filter>
    </ClCompile>
    <ClCompile Include="..\..\..\opencv\modules\legacy\src\pgh.cpp">
      <Filter>Src</Filter>
    </ClCompile>
    <ClCompile Include="..\..\..\opencv\modules\legacy\src\precomp.cpp">
      <Filter>Src</Filter>
    </ClCompile>
    <ClCompile Include="..\..\..\opencv\modules\legacy\src\prewarp.cpp">
      <Filter>Src</Filter>
    </ClCompile>
    <ClCompile Include="..\..\..\opencv\modules\legacy\src\scanlines.cpp">
      <Filter>Src</Filter>
    </ClCompile>
    <ClCompile Include="..\..\..\opencv\modules\legacy\src\segment.cpp">
      <Filter>Src</Filter>
    </ClCompile>
    <ClCompile Include="..\..\..\opencv\modules\legacy\src\snakes.cpp">
      <Filter>Src</Filter>
    </ClCompile>
    <ClCompile Include="..\..\..\opencv\modules\legacy\src\subdiv2.cpp">
      <Filter>Src</Filter>
    </ClCompile>
    <ClCompile Include="..\..\..\opencv\modules\legacy\src\testseq.cpp">
      <Filter>Src</Filter>
    </ClCompile>
    <ClCompile Include="..\..\..\opencv\modules\legacy\src\texture.cpp">
      <Filter>Src</Filter>
    </ClCompile>
    <ClCompile Include="..\..\..\opencv\modules\legacy\src\trifocal.cpp">
      <Filter>Src</Filter>
    </ClCompile>
    <ClCompile Include="..\..\..\opencv\modules\legacy\src\vecfacetracking.cpp">
      <Filter>Src</Filter>
    </ClCompile>
    <ClCompile Include="..\..\..\opencv\modules\legacy\src\video.cpp">
      <Filter>Src</Filter>
    </ClCompile>
  </ItemGroup>
  <ItemGroup>
    <ClInclude Include="..\..\..\opencv\modules\legacy\src\face.h">
      <Filter>Src</Filter>
    </ClInclude>
    <ClInclude Include="..\..\..\opencv\modules\legacy\src\facedetection.h">
      <Filter>Src</Filter>
    </ClInclude>
    <ClInclude Include="..\..\..\opencv\modules\legacy\src\facetemplate.h">
      <Filter>Src</Filter>
    </ClInclude>
    <ClInclude Include="..\..\..\opencv\modules\legacy\src\_facedetection.h">
      <Filter>Src</Filter>
    </ClInclude>
    <ClInclude Include="..\..\..\opencv\modules\legacy\src\_matrix.h">
      <Filter>Src</Filter>
    </ClInclude>
    <ClInclude Include="..\..\..\opencv\modules\legacy\src\_vectrack.h">
      <Filter>Src</Filter>
    </ClInclude>
    <ClInclude Include="..\..\..\opencv\modules\legacy\src\_vm.h">
      <Filter>Src</Filter>
    </ClInclude>
  </ItemGroup>
  <ItemGroup>
  </ItemGroup>
  <ItemGroup>
    <CustomBuild Include="..\..\..\opencv\modules\legacy\CMakeLists.txt" />
  </ItemGroup>
  <ItemGroup>
    <Filter Include="Src">
      <UniqueIdentifier>{1931B85A-1385-487A-8869-D43C91C52FC5}</UniqueIdentifier>
    </Filter>
    <Filter Include="Include">
      <UniqueIdentifier>{8DFACFE0-8829-4771-AFFC-DD4895BA5A97}</UniqueIdentifier>
    </Filter>
  </ItemGroup>
  <ItemGroup>
    <None Include="..\..\..\opencv\modules\legacy\src\3dtracker.cpp">
      <Filter>Src</Filter>
    </None>
    <None Include="..\..\..\opencv\modules\legacy\src\auxutils.cpp">
      <Filter>Src</Filter>
    </None>
    <None Include="..\..\..\opencv\modules\legacy\src\bgfg_estimation.cpp">
      <Filter>Src</Filter>
    </None>
    <None Include="..\..\..\opencv\modules\legacy\src\blobtrack.cpp">
      <Filter>Src</Filter>
    </None>
    <None Include="..\..\..\opencv\modules\legacy\src\blobtrackanalysis.cpp">
      <Filter>Src</Filter>
    </None>
    <None Include="..\..\..\opencv\modules\legacy\src\blobtrackanalysishist.cpp">
      <Filter>Src</Filter>
    </None>
    <None Include="..\..\..\opencv\modules\legacy\src\blobtrackanalysisior.cpp">
      <Filter>Src</Filter>
    </None>
    <None Include="..\..\..\opencv\modules\legacy\src\blobtrackanalysistrackdist.cpp">
      <Filter>Src</Filter>
    </None>
    <None Include="..\..\..\opencv\modules\legacy\src\blobtrackgen1.cpp">
      <Filter>Src</Filter>
    </None>
    <None Include="..\..\..\opencv\modules\legacy\src\blobtrackgenyml.cpp">
      <Filter>Src</Filter>
    </None>
    <None Include="..\..\..\opencv\modules\legacy\src\blobtrackingauto.cpp">
      <Filter>Src</Filter>
    </None>
    <None Include="..\..\..\opencv\modules\legacy\src\blobtrackingcc.cpp">
      <Filter>Src</Filter>
    </None>
    <None Include="..\..\..\opencv\modules\legacy\src\blobtrackingccwithcr.cpp">
      <Filter>Src</Filter>
    </None>
    <None Include="..\..\..\opencv\modules\legacy\src\blobtrackingkalman.cpp">
      <Filter>Src</Filter>
    </None>
    <None Include="..\..\..\opencv\modules\legacy\src\blobtrackinglist.cpp">
      <Filter>Src</Filter>
    </None>
    <None Include="..\..\..\opencv\modules\legacy\src\blobtrackingmsfg.cpp">
      <Filter>Src</Filter>
    </None>
    <None Include="..\..\..\opencv\modules\legacy\src\blobtrackingmsfgs.cpp">
      <Filter>Src</Filter>
    </None>
    <None Include="..\..\..\opencv\modules\legacy\src\blobtrackpostprockalman.cpp">
      <Filter>Src</Filter>
    </None>
    <None Include="..\..\..\opencv\modules\legacy\src\blobtrackpostproclinear.cpp">
      <Filter>Src</Filter>
    </None>
    <None Include="..\..\..\opencv\modules\legacy\src\blobtrackpostproclist.cpp">
      <Filter>Src</Filter>
    </None>
    <None Include="..\..\..\opencv\modules\legacy\src\calcimagehomography.cpp">
      <Filter>Src</Filter>
    </None>
    <None Include="..\..\..\opencv\modules\legacy\src\calibfilter.cpp">
      <Filter>Src</Filter>
    </None>
    <None Include="..\..\..\opencv\modules\legacy\src\camshift.cpp">
      <Filter>Src</Filter>
    </None>
    <None Include="..\..\..\opencv\modules\legacy\src\clique.cpp">
      <Filter>Src</Filter>
    </None>
    <None Include="..\..\..\opencv\modules\legacy\src\compat.cpp">
      <Filter>Src</Filter>
    </None>
    <None Include="..\..\..\opencv\modules\legacy\src\condens.cpp">
      <Filter>Src</Filter>
    </None>
    <None Include="..\..\..\opencv\modules\legacy\src\contourtree.cpp">
      <Filter>Src</Filter>
    </None>
    <None Include="..\..\..\opencv\modules\legacy\src\correspond.cpp">
      <Filter>Src</Filter>
    </None>
    <None Include="..\..\..\opencv\modules\legacy\src\corrimages.cpp">
      <Filter>Src</Filter>
    </None>
    <None Include="..\..\..\opencv\modules\legacy\src\createhandmask.cpp">
      <Filter>Src</Filter>
    </None>
    <None Include="..\..\..\opencv\modules\legacy\src\decomppoly.cpp">
      <Filter>Src</Filter>
    </None>
    <None Include="..\..\..\opencv\modules\legacy\src\dominants.cpp">
      <Filter>Src</Filter>
    </None>
    <None Include="..\..\..\opencv\modules\legacy\src\dpstereo.cpp">
      <Filter>Src</Filter>
    </None>
    <None Include="..\..\..\opencv\modules\legacy\src\eigenobjects.cpp">
      <Filter>Src</Filter>
    </None>
    <None Include="..\..\..\opencv\modules\legacy\src\enmin.cpp">
      <Filter>Src</Filter>
    </None>
    <None Include="..\..\..\opencv\modules\legacy\src\enteringblobdetection.cpp">
      <Filter>Src</Filter>
    </None>
    <None Include="..\..\..\opencv\modules\legacy\src\enteringblobdetectionreal.cpp">
      <Filter>Src</Filter>
    </None>
    <None Include="..\..\..\opencv\modules\legacy\src\epilines.cpp">
      <Filter>Src</Filter>
    </None>
    <None Include="..\..\..\opencv\modules\legacy\src\extendededges.cpp">
      <Filter>Src</Filter>
    </None>
    <None Include="..\..\..\opencv\modules\legacy\src\face.cpp">
      <Filter>Src</Filter>
    </None>
    <None Include="..\..\..\opencv\modules\legacy\src\facedetection.cpp">
      <Filter>Src</Filter>
    </None>
    <None Include="..\..\..\opencv\modules\legacy\src\facetemplate.cpp">
      <Filter>Src</Filter>
    </None>
    <None Include="..\..\..\opencv\modules\legacy\src\findface.cpp">
      <Filter>Src</Filter>
    </None>
    <None Include="..\..\..\opencv\modules\legacy\src\findhandregion.cpp">
      <Filter>Src</Filter>
    </None>
    <None Include="..\..\..\opencv\modules\legacy\src\hmm.cpp">
      <Filter>Src</Filter>
    </None>
    <None Include="..\..\..\opencv\modules\legacy\src\hmm1d.cpp">
      <Filter>Src</Filter>
    </None>
    <None Include="..\..\..\opencv\modules\legacy\src\hmmobs.cpp">
      <Filter>Src</Filter>
    </None>
    <None Include="..\..\..\opencv\modules\legacy\src\image.cpp">
      <Filter>Src</Filter>
    </None>
    <None Include="..\..\..\opencv\modules\legacy\src\lcm.cpp">
      <Filter>Src</Filter>
    </None>
    <None Include="..\..\..\opencv\modules\legacy\src\lee.cpp">
      <Filter>Src</Filter>
    </None>
    <None Include="..\..\..\opencv\modules\legacy\src\levmar.cpp">
      <Filter>Src</Filter>
    </None>
    <None Include="..\..\..\opencv\modules\legacy\src\levmarprojbandle.cpp">
      <Filter>Src</Filter>
    </None>
    <None Include="..\..\..\opencv\modules\legacy\src\levmartrif.cpp">
      <Filter>Src</Filter>
    </None>
    <None Include="..\..\..\opencv\modules\legacy\src\lines.cpp">
      <Filter>Src</Filter>
    </None>
    <None Include="..\..\..\opencv\modules\legacy\src\lmeds.cpp">
      <Filter>Src</Filter>
    </None>
    <None Include="..\..\..\opencv\modules\legacy\src\morphcontours.cpp">
      <Filter>Src</Filter>
    </None>
    <None Include="..\..\..\opencv\modules\legacy\src\morphing.cpp">
      <Filter>Src</Filter>
    </None>
    <None Include="..\..\..\opencv\modules\legacy\src\pgh.cpp">
      <Filter>Src</Filter>
    </None>
    <None Include="..\..\..\opencv\modules\legacy\src\precomp.cpp">
      <Filter>Src</Filter>
    </None>
    <None Include="..\..\..\opencv\modules\legacy\src\prewarp.cpp">
      <Filter>Src</Filter>
    </None>
    <None Include="..\..\..\opencv\modules\legacy\src\scanlines.cpp">
      <Filter>Src</Filter>
    </None>
    <None Include="..\..\..\opencv\modules\legacy\src\segment.cpp">
      <Filter>Src</Filter>
    </None>
    <None Include="..\..\..\opencv\modules\legacy\src\snakes.cpp">
      <Filter>Src</Filter>
    </None>
    <None Include="..\..\..\opencv\modules\legacy\src\subdiv2.cpp">
      <Filter>Src</Filter>
    </None>
    <None Include="..\..\..\opencv\modules\legacy\src\testseq.cpp">
      <Filter>Src</Filter>
    </None>
    <None Include="..\..\..\opencv\modules\legacy\src\texture.cpp">
      <Filter>Src</Filter>
    </None>
    <None Include="..\..\..\opencv\modules\legacy\src\trifocal.cpp">
      <Filter>Src</Filter>
    </None>
    <None Include="..\..\..\opencv\modules\legacy\src\vecfacetracking.cpp">
      <Filter>Src</Filter>
    </None>
    <None Include="..\..\..\opencv\modules\legacy\src\video.cpp">
      <Filter>Src</Filter>
    </None>
    <None Include="..\..\..\opencv\modules\legacy\include\opencv2\legacy\blobtrack.hpp">
      <Filter>Include</Filter>
    </None>
    <None Include="..\..\..\opencv\modules\legacy\include\opencv2\legacy\compat.hpp">
      <Filter>Include</Filter>
    </None>
    <None Include="..\..\..\opencv\modules\legacy\include\opencv2\legacy\legacy.hpp">
      <Filter>Include</Filter>
    </None>
    <None Include="..\..\..\opencv\modules\legacy\include\opencv2\legacy\streams.hpp">
      <Filter>Include</Filter>
    </None>
    <None Include="..\..\..\opencv\modules\legacy\src\precomp.hpp">
      <Filter>Src</Filter>
    </None>
  </ItemGroup>
</Project>
