Microsoft Visual Studio Solution File, Format Version 11.00
# Visual Studio 2010
Project("{8BC9CEB8-8B4A-11D0-8D11-00A0C91BC942}") = "ALL_BUILD", ".\ALL_BUILD.vcxproj", "{084BE3E1-9F0C-49CB-AB72-1DE5063E4160}"
	ProjectSection(ProjectDependencies) = postProject
		{27C6D4E6-2715-4E73-B555-2E73CBD0250F} = {27C6D4E6-2715-4E73-B555-2E73CBD0250F}
	EndProjectSection
EndProject
Project("{8BC9CEB8-8B4A-11D0-8D11-00A0C91BC942}") = "INSTALL", ".\INSTALL.vcxproj", "{D1C0647E-E11D-4952-AEE2-E421615B1516}"
	ProjectSection(ProjectDependencies) = postProject
		{084BE3E1-9F0C-49CB-AB72-1DE5063E4160} = {084BE3E1-9F0C-49CB-AB72-1DE5063E4160}
	EndProjectSection
EndProject
Project("{8BC9CEB8-8B4A-11D0-8D11-00A0C91BC942}") = "ZERO_CHECK", "..\..\ZERO_CHECK.vcxproj", "{E1A2D17C-D4F4-4030-88F8-01FB4E5C3D2C}"
	ProjectSection(ProjectDependencies) = postProject
	EndProjectSection
EndProject
Project("{8BC9CEB8-8B4A-11D0-8D11-00A0C91BC942}") = "libjasper", "..\..\3rdparty\libjasper\libjasper.vcxproj", "{39EF4579-E220-4980-B7A7-76FC430079F0}"
	ProjectSection(ProjectDependencies) = postProject
		{E1A2D17C-D4F4-4030-88F8-01FB4E5C3D2C} = {E1A2D17C-D4F4-4030-88F8-01FB4E5C3D2C}
	EndProjectSection
EndProject
Project("{8BC9CEB8-8B4A-11D0-8D11-00A0C91BC942}") = "libjpeg", "..\..\3rdparty\libjpeg\libjpeg.vcxproj", "{1DFE48D8-0FBC-4CBC-AFFD-0B49DFD1C99D}"
	ProjectSection(ProjectDependencies) = postProject
		{E1A2D17C-D4F4-4030-88F8-01FB4E5C3D2C} = {E1A2D17C-D4F4-4030-88F8-01FB4E5C3D2C}
	EndProjectSection
EndProject
Project("{8BC9CEB8-8B4A-11D0-8D11-00A0C91BC942}") = "libpng", "..\..\3rdparty\libpng\libpng.vcxproj", "{F3F68041-304F-4421-990B-89CB27908934}"
	ProjectSection(ProjectDependencies) = postProject
		{E1A2D17C-D4F4-4030-88F8-01FB4E5C3D2C} = {E1A2D17C-D4F4-4030-88F8-01FB4E5C3D2C}
	EndProjectSection
EndProject
Project("{8BC9CEB8-8B4A-11D0-8D11-00A0C91BC942}") = "libtiff", "..\..\3rdparty\libtiff\libtiff.vcxproj", "{8C611D24-2DDB-4E80-8F80-F0B0B4B66969}"
	ProjectSection(ProjectDependencies) = postProject
		{E1A2D17C-D4F4-4030-88F8-01FB4E5C3D2C} = {E1A2D17C-D4F4-4030-88F8-01FB4E5C3D2C}
	EndProjectSection
EndProject
Project("{8BC9CEB8-8B4A-11D0-8D11-00A0C91BC942}") = "opencv_calib3d", "..\calib3d\opencv_calib3d.vcxproj", "{6ABDCFAB-B472-4BAA-9474-FCD447CBE6DD}"
	ProjectSection(ProjectDependencies) = postProject
		{44A60DF1-529D-4C51-B640-FD55223402C8} = {44A60DF1-529D-4C51-B640-FD55223402C8}
		{58D4DB37-8DF4-42D8-8CF2-1BF4C3883416} = {58D4DB37-8DF4-42D8-8CF2-1BF4C3883416}
		{DE60EF20-4312-45FB-98E4-613CC7A80D3C} = {DE60EF20-4312-45FB-98E4-613CC7A80D3C}
		{303A910F-BD58-46D6-B64E-6BF5B559EA7F} = {303A910F-BD58-46D6-B64E-6BF5B559EA7F}
		{F66C56A3-5F1C-4B6C-A5AC-7FE70A125290} = {F66C56A3-5F1C-4B6C-A5AC-7FE70A125290}
		{DE60EF20-4312-45FB-98E4-613CC7A80D3C} = {DE60EF20-4312-45FB-98E4-613CC7A80D3C}
		{58D4DB37-8DF4-42D8-8CF2-1BF4C3883416} = {58D4DB37-8DF4-42D8-8CF2-1BF4C3883416}
		{1DFE48D8-0FBC-4CBC-AFFD-0B49DFD1C99D} = {1DFE48D8-0FBC-4CBC-AFFD-0B49DFD1C99D}
		{F3F68041-304F-4421-990B-89CB27908934} = {F3F68041-304F-4421-990B-89CB27908934}
		{8C611D24-2DDB-4E80-8F80-F0B0B4B66969} = {8C611D24-2DDB-4E80-8F80-F0B0B4B66969}
		{39EF4579-E220-4980-B7A7-76FC430079F0} = {39EF4579-E220-4980-B7A7-76FC430079F0}
		{44A60DF1-529D-4C51-B640-FD55223402C8} = {44A60DF1-529D-4C51-B640-FD55223402C8}
		{CB60A649-DBDD-416D-BD3E-B6AE586C3173} = {CB60A649-DBDD-416D-BD3E-B6AE586C3173}
		{E1A2D17C-D4F4-4030-88F8-01FB4E5C3D2C} = {E1A2D17C-D4F4-4030-88F8-01FB4E5C3D2C}
		{44A60DF1-529D-4C51-B640-FD55223402C8} = {44A60DF1-529D-4C51-B640-FD55223402C8}
		{303A910F-BD58-46D6-B64E-6BF5B559EA7F} = {303A910F-BD58-46D6-B64E-6BF5B559EA7F}
		{F66C56A3-5F1C-4B6C-A5AC-7FE70A125290} = {F66C56A3-5F1C-4B6C-A5AC-7FE70A125290}
		{DE60EF20-4312-45FB-98E4-613CC7A80D3C} = {DE60EF20-4312-45FB-98E4-613CC7A80D3C}
		{58D4DB37-8DF4-42D8-8CF2-1BF4C3883416} = {58D4DB37-8DF4-42D8-8CF2-1BF4C3883416}
	EndProjectSection
EndProject
Project("{8BC9CEB8-8B4A-11D0-8D11-00A0C91BC942}") = "opencv_core", "..\core\opencv_core.vcxproj", "{44A60DF1-529D-4C51-B640-FD55223402C8}"
	ProjectSection(ProjectDependencies) = postProject
		{CB60A649-DBDD-416D-BD3E-B6AE586C3173} = {CB60A649-DBDD-416D-BD3E-B6AE586C3173}
		{E1A2D17C-D4F4-4030-88F8-01FB4E5C3D2C} = {E1A2D17C-D4F4-4030-88F8-01FB4E5C3D2C}
		{CB60A649-DBDD-416D-BD3E-B6AE586C3173} = {CB60A649-DBDD-416D-BD3E-B6AE586C3173}
	EndProjectSection
EndProject
Project("{8BC9CEB8-8B4A-11D0-8D11-00A0C91BC942}") = "opencv_features2d", "..\features2d\opencv_features2d.vcxproj", "{303A910F-BD58-46D6-B64E-6BF5B559EA7F}"
	ProjectSection(ProjectDependencies) = postProject
		{44A60DF1-529D-4C51-B640-FD55223402C8} = {44A60DF1-529D-4C51-B640-FD55223402C8}
		{58D4DB37-8DF4-42D8-8CF2-1BF4C3883416} = {58D4DB37-8DF4-42D8-8CF2-1BF4C3883416}
		{DE60EF20-4312-45FB-98E4-613CC7A80D3C} = {DE60EF20-4312-45FB-98E4-613CC7A80D3C}
		{F66C56A3-5F1C-4B6C-A5AC-7FE70A125290} = {F66C56A3-5F1C-4B6C-A5AC-7FE70A125290}
		{58D4DB37-8DF4-42D8-8CF2-1BF4C3883416} = {58D4DB37-8DF4-42D8-8CF2-1BF4C3883416}
		{1DFE48D8-0FBC-4CBC-AFFD-0B49DFD1C99D} = {1DFE48D8-0FBC-4CBC-AFFD-0B49DFD1C99D}
		{F3F68041-304F-4421-990B-89CB27908934} = {F3F68041-304F-4421-990B-89CB27908934}
		{8C611D24-2DDB-4E80-8F80-F0B0B4B66969} = {8C611D24-2DDB-4E80-8F80-F0B0B4B66969}
		{39EF4579-E220-4980-B7A7-76FC430079F0} = {39EF4579-E220-4980-B7A7-76FC430079F0}
		{44A60DF1-529D-4C51-B640-FD55223402C8} = {44A60DF1-529D-4C51-B640-FD55223402C8}
		{CB60A649-DBDD-416D-BD3E-B6AE586C3173} = {CB60A649-DBDD-416D-BD3E-B6AE586C3173}
		{E1A2D17C-D4F4-4030-88F8-01FB4E5C3D2C} = {E1A2D17C-D4F4-4030-88F8-01FB4E5C3D2C}
		{44A60DF1-529D-4C51-B640-FD55223402C8} = {44A60DF1-529D-4C51-B640-FD55223402C8}
		{F66C56A3-5F1C-4B6C-A5AC-7FE70A125290} = {F66C56A3-5F1C-4B6C-A5AC-7FE70A125290}
		{DE60EF20-4312-45FB-98E4-613CC7A80D3C} = {DE60EF20-4312-45FB-98E4-613CC7A80D3C}
		{58D4DB37-8DF4-42D8-8CF2-1BF4C3883416} = {58D4DB37-8DF4-42D8-8CF2-1BF4C3883416}
	EndProjectSection
EndProject
Project("{8BC9CEB8-8B4A-11D0-8D11-00A0C91BC942}") = "opencv_flann", "..\flann\opencv_flann.vcxproj", "{F66C56A3-5F1C-4B6C-A5AC-7FE70A125290}"
	ProjectSection(ProjectDependencies) = postProject
		{44A60DF1-529D-4C51-B640-FD55223402C8} = {44A60DF1-529D-4C51-B640-FD55223402C8}
		{CB60A649-DBDD-416D-BD3E-B6AE586C3173} = {CB60A649-DBDD-416D-BD3E-B6AE586C3173}
		{E1A2D17C-D4F4-4030-88F8-01FB4E5C3D2C} = {E1A2D17C-D4F4-4030-88F8-01FB4E5C3D2C}
		{44A60DF1-529D-4C51-B640-FD55223402C8} = {44A60DF1-529D-4C51-B640-FD55223402C8}
	EndProjectSection
EndProject
Project("{8BC9CEB8-8B4A-11D0-8D11-00A0C91BC942}") = "opencv_highgui", "..\highgui\opencv_highgui.vcxproj", "{DE60EF20-4312-45FB-98E4-613CC7A80D3C}"
	ProjectSection(ProjectDependencies) = postProject
		{44A60DF1-529D-4C51-B640-FD55223402C8} = {44A60DF1-529D-4C51-B640-FD55223402C8}
		{58D4DB37-8DF4-42D8-8CF2-1BF4C3883416} = {58D4DB37-8DF4-42D8-8CF2-1BF4C3883416}
		{CB60A649-DBDD-416D-BD3E-B6AE586C3173} = {CB60A649-DBDD-416D-BD3E-B6AE586C3173}
		{1DFE48D8-0FBC-4CBC-AFFD-0B49DFD1C99D} = {1DFE48D8-0FBC-4CBC-AFFD-0B49DFD1C99D}
		{F3F68041-304F-4421-990B-89CB27908934} = {F3F68041-304F-4421-990B-89CB27908934}
		{8C611D24-2DDB-4E80-8F80-F0B0B4B66969} = {8C611D24-2DDB-4E80-8F80-F0B0B4B66969}
		{39EF4579-E220-4980-B7A7-76FC430079F0} = {39EF4579-E220-4980-B7A7-76FC430079F0}
		{44A60DF1-529D-4C51-B640-FD55223402C8} = {44A60DF1-529D-4C51-B640-FD55223402C8}
		{E1A2D17C-D4F4-4030-88F8-01FB4E5C3D2C} = {E1A2D17C-D4F4-4030-88F8-01FB4E5C3D2C}
		{39EF4579-E220-4980-B7A7-76FC430079F0} = {39EF4579-E220-4980-B7A7-76FC430079F0}
		{1DFE48D8-0FBC-4CBC-AFFD-0B49DFD1C99D} = {1DFE48D8-0FBC-4CBC-AFFD-0B49DFD1C99D}
		{F3F68041-304F-4421-990B-89CB27908934} = {F3F68041-304F-4421-990B-89CB27908934}
		{8C611D24-2DDB-4E80-8F80-F0B0B4B66969} = {8C611D24-2DDB-4E80-8F80-F0B0B4B66969}
		{44A60DF1-529D-4C51-B640-FD55223402C8} = {44A60DF1-529D-4C51-B640-FD55223402C8}
		{58D4DB37-8DF4-42D8-8CF2-1BF4C3883416} = {58D4DB37-8DF4-42D8-8CF2-1BF4C3883416}
		{CB60A649-DBDD-416D-BD3E-B6AE586C3173} = {CB60A649-DBDD-416D-BD3E-B6AE586C3173}
	EndProjectSection
EndProject
Project("{8BC9CEB8-8B4A-11D0-8D11-00A0C91BC942}") = "opencv_imgproc", "..\imgproc\opencv_imgproc.vcxproj", "{58D4DB37-8DF4-42D8-8CF2-1BF4C3883416}"
	ProjectSection(ProjectDependencies) = postProject
		{44A60DF1-529D-4C51-B640-FD55223402C8} = {44A60DF1-529D-4C51-B640-FD55223402C8}
		{CB60A649-DBDD-416D-BD3E-B6AE586C3173} = {CB60A649-DBDD-416D-BD3E-B6AE586C3173}
		{E1A2D17C-D4F4-4030-88F8-01FB4E5C3D2C} = {E1A2D17C-D4F4-4030-88F8-01FB4E5C3D2C}
		{44A60DF1-529D-4C51-B640-FD55223402C8} = {44A60DF1-529D-4C51-B640-FD55223402C8}
	EndProjectSection
EndProject
Project("{8BC9CEB8-8B4A-11D0-8D11-00A0C91BC942}") = "opencv_legacy", ".\opencv_legacy.vcxproj", "{27C6D4E6-2715-4E73-B555-2E73CBD0250F}"
	ProjectSection(ProjectDependencies) = postProject
		{44A60DF1-529D-4C51-B640-FD55223402C8} = {44A60DF1-529D-4C51-B640-FD55223402C8}
		{58D4DB37-8DF4-42D8-8CF2-1BF4C3883416} = {58D4DB37-8DF4-42D8-8CF2-1BF4C3883416}
		{6ABDCFAB-B472-4BAA-9474-FCD447CBE6DD} = {6ABDCFAB-B472-4BAA-9474-FCD447CBE6DD}
		{303A910F-BD58-46D6-B64E-6BF5B559EA7F} = {303A910F-BD58-46D6-B64E-6BF5B559EA7F}
		{DE60EF20-4312-45FB-98E4-613CC7A80D3C} = {DE60EF20-4312-45FB-98E4-613CC7A80D3C}
		{5F38BC9D-2845-41FC-82C0-C3DE56657DC9} = {5F38BC9D-2845-41FC-82C0-C3DE56657DC9}
		{F66C56A3-5F1C-4B6C-A5AC-7FE70A125290} = {F66C56A3-5F1C-4B6C-A5AC-7FE70A125290}
		{1DFE48D8-0FBC-4CBC-AFFD-0B49DFD1C99D} = {1DFE48D8-0FBC-4CBC-AFFD-0B49DFD1C99D}
		{F3F68041-304F-4421-990B-89CB27908934} = {F3F68041-304F-4421-990B-89CB27908934}
		{8C611D24-2DDB-4E80-8F80-F0B0B4B66969} = {8C611D24-2DDB-4E80-8F80-F0B0B4B66969}
		{39EF4579-E220-4980-B7A7-76FC430079F0} = {39EF4579-E220-4980-B7A7-76FC430079F0}
		{58D4DB37-8DF4-42D8-8CF2-1BF4C3883416} = {58D4DB37-8DF4-42D8-8CF2-1BF4C3883416}
		{44A60DF1-529D-4C51-B640-FD55223402C8} = {44A60DF1-529D-4C51-B640-FD55223402C8}
		{CB60A649-DBDD-416D-BD3E-B6AE586C3173} = {CB60A649-DBDD-416D-BD3E-B6AE586C3173}
		{E1A2D17C-D4F4-4030-88F8-01FB4E5C3D2C} = {E1A2D17C-D4F4-4030-88F8-01FB4E5C3D2C}
		{6ABDCFAB-B472-4BAA-9474-FCD447CBE6DD} = {6ABDCFAB-B472-4BAA-9474-FCD447CBE6DD}
		{44A60DF1-529D-4C51-B640-FD55223402C8} = {44A60DF1-529D-4C51-B640-FD55223402C8}
		{303A910F-BD58-46D6-B64E-6BF5B559EA7F} = {303A910F-BD58-46D6-B64E-6BF5B559EA7F}
		{F66C56A3-5F1C-4B6C-A5AC-7FE70A125290} = {F66C56A3-5F1C-4B6C-A5AC-7FE70A125290}
		{DE60EF20-4312-45FB-98E4-613CC7A80D3C} = {DE60EF20-4312-45FB-98E4-613CC7A80D3C}
		{58D4DB37-8DF4-42D8-8CF2-1BF4C3883416} = {58D4DB37-8DF4-42D8-8CF2-1BF4C3883416}
		{5F38BC9D-2845-41FC-82C0-C3DE56657DC9} = {5F38BC9D-2845-41FC-82C0-C3DE56657DC9}
	EndProjectSection
EndProject
Project("{8BC9CEB8-8B4A-11D0-8D11-00A0C91BC942}") = "opencv_video", "..\video\opencv_video.vcxproj", "{5F38BC9D-2845-41FC-82C0-C3DE56657DC9}"
	ProjectSection(ProjectDependencies) = postProject
		{44A60DF1-529D-4C51-B640-FD55223402C8} = {44A60DF1-529D-4C51-B640-FD55223402C8}
		{58D4DB37-8DF4-42D8-8CF2-1BF4C3883416} = {58D4DB37-8DF4-42D8-8CF2-1BF4C3883416}
		{44A60DF1-529D-4C51-B640-FD55223402C8} = {44A60DF1-529D-4C51-B640-FD55223402C8}
		{CB60A649-DBDD-416D-BD3E-B6AE586C3173} = {CB60A649-DBDD-416D-BD3E-B6AE586C3173}
		{E1A2D17C-D4F4-4030-88F8-01FB4E5C3D2C} = {E1A2D17C-D4F4-4030-88F8-01FB4E5C3D2C}
		{44A60DF1-529D-4C51-B640-FD55223402C8} = {44A60DF1-529D-4C51-B640-FD55223402C8}
		{58D4DB37-8DF4-42D8-8CF2-1BF4C3883416} = {58D4DB37-8DF4-42D8-8CF2-1BF4C3883416}
	EndProjectSection
EndProject
Project("{8BC9CEB8-8B4A-11D0-8D11-00A0C91BC942}") = "zlib", "..\..\3rdparty\zlib\zlib.vcxproj", "{CB60A649-DBDD-416D-BD3E-B6AE586C3173}"
	ProjectSection(ProjectDependencies) = postProject
		{E1A2D17C-D4F4-4030-88F8-01FB4E5C3D2C} = {E1A2D17C-D4F4-4030-88F8-01FB4E5C3D2C}
	EndProjectSection
EndProject
Global
	GlobalSection(SolutionConfigurationPlatforms) = preSolution
		Debug|x64 = Debug|x64
		Release|x64 = Release|x64
		MinSizeRel|x64 = MinSizeRel|x64
		RelWithDebInfo|x64 = RelWithDebInfo|x64
	EndGlobalSection
	GlobalSection(ProjectConfigurationPlatforms) = postSolution
		{084BE3E1-9F0C-49CB-AB72-1DE5063E4160}.Debug|x64.ActiveCfg = Debug|x64
		{084BE3E1-9F0C-49CB-AB72-1DE5063E4160}.Debug|x64.Build.0 = Debug|x64
		{084BE3E1-9F0C-49CB-AB72-1DE5063E4160}.Release|x64.ActiveCfg = Release|x64
		{084BE3E1-9F0C-49CB-AB72-1DE5063E4160}.Release|x64.Build.0 = Release|x64
		{084BE3E1-9F0C-49CB-AB72-1DE5063E4160}.MinSizeRel|x64.ActiveCfg = MinSizeRel|x64
		{084BE3E1-9F0C-49CB-AB72-1DE5063E4160}.MinSizeRel|x64.Build.0 = MinSizeRel|x64
		{084BE3E1-9F0C-49CB-AB72-1DE5063E4160}.RelWithDebInfo|x64.ActiveCfg = RelWithDebInfo|x64
		{084BE3E1-9F0C-49CB-AB72-1DE5063E4160}.RelWithDebInfo|x64.Build.0 = RelWithDebInfo|x64
		{D1C0647E-E11D-4952-AEE2-E421615B1516}.Debug|x64.ActiveCfg = Debug|x64
		{D1C0647E-E11D-4952-AEE2-E421615B1516}.Release|x64.ActiveCfg = Release|x64
		{D1C0647E-E11D-4952-AEE2-E421615B1516}.MinSizeRel|x64.ActiveCfg = MinSizeRel|x64
		{D1C0647E-E11D-4952-AEE2-E421615B1516}.RelWithDebInfo|x64.ActiveCfg = RelWithDebInfo|x64
		{E1A2D17C-D4F4-4030-88F8-01FB4E5C3D2C}.Debug|x64.ActiveCfg = Debug|x64
		{E1A2D17C-D4F4-4030-88F8-01FB4E5C3D2C}.Debug|x64.Build.0 = Debug|x64
		{E1A2D17C-D4F4-4030-88F8-01FB4E5C3D2C}.Release|x64.ActiveCfg = Release|x64
		{E1A2D17C-D4F4-4030-88F8-01FB4E5C3D2C}.Release|x64.Build.0 = Release|x64
		{E1A2D17C-D4F4-4030-88F8-01FB4E5C3D2C}.MinSizeRel|x64.ActiveCfg = MinSizeRel|x64
		{E1A2D17C-D4F4-4030-88F8-01FB4E5C3D2C}.MinSizeRel|x64.Build.0 = MinSizeRel|x64
		{E1A2D17C-D4F4-4030-88F8-01FB4E5C3D2C}.RelWithDebInfo|x64.ActiveCfg = RelWithDebInfo|x64
		{E1A2D17C-D4F4-4030-88F8-01FB4E5C3D2C}.RelWithDebInfo|x64.Build.0 = RelWithDebInfo|x64
		{39EF4579-E220-4980-B7A7-76FC430079F0}.Debug|x64.ActiveCfg = Debug|x64
		{39EF4579-E220-4980-B7A7-76FC430079F0}.Debug|x64.Build.0 = Debug|x64
		{39EF4579-E220-4980-B7A7-76FC430079F0}.Release|x64.ActiveCfg = Release|x64
		{39EF4579-E220-4980-B7A7-76FC430079F0}.Release|x64.Build.0 = Release|x64
		{39EF4579-E220-4980-B7A7-76FC430079F0}.MinSizeRel|x64.ActiveCfg = MinSizeRel|x64
		{39EF4579-E220-4980-B7A7-76FC430079F0}.MinSizeRel|x64.Build.0 = MinSizeRel|x64
		{39EF4579-E220-4980-B7A7-76FC430079F0}.RelWithDebInfo|x64.ActiveCfg = RelWithDebInfo|x64
		{39EF4579-E220-4980-B7A7-76FC430079F0}.RelWithDebInfo|x64.Build.0 = RelWithDebInfo|x64
		{1DFE48D8-0FBC-4CBC-AFFD-0B49DFD1C99D}.Debug|x64.ActiveCfg = Debug|x64
		{1DFE48D8-0FBC-4CBC-AFFD-0B49DFD1C99D}.Debug|x64.Build.0 = Debug|x64
		{1DFE48D8-0FBC-4CBC-AFFD-0B49DFD1C99D}.Release|x64.ActiveCfg = Release|x64
		{1DFE48D8-0FBC-4CBC-AFFD-0B49DFD1C99D}.Release|x64.Build.0 = Release|x64
		{1DFE48D8-0FBC-4CBC-AFFD-0B49DFD1C99D}.MinSizeRel|x64.ActiveCfg = MinSizeRel|x64
		{1DFE48D8-0FBC-4CBC-AFFD-0B49DFD1C99D}.MinSizeRel|x64.Build.0 = MinSizeRel|x64
		{1DFE48D8-0FBC-4CBC-AFFD-0B49DFD1C99D}.RelWithDebInfo|x64.ActiveCfg = RelWithDebInfo|x64
		{1DFE48D8-0FBC-4CBC-AFFD-0B49DFD1C99D}.RelWithDebInfo|x64.Build.0 = RelWithDebInfo|x64
		{F3F68041-304F-4421-990B-89CB27908934}.Debug|x64.ActiveCfg = Debug|x64
		{F3F68041-304F-4421-990B-89CB27908934}.Debug|x64.Build.0 = Debug|x64
		{F3F68041-304F-4421-990B-89CB27908934}.Release|x64.ActiveCfg = Release|x64
		{F3F68041-304F-4421-990B-89CB27908934}.Release|x64.Build.0 = Release|x64
		{F3F68041-304F-4421-990B-89CB27908934}.MinSizeRel|x64.ActiveCfg = MinSizeRel|x64
		{F3F68041-304F-4421-990B-89CB27908934}.MinSizeRel|x64.Build.0 = MinSizeRel|x64
		{F3F68041-304F-4421-990B-89CB27908934}.RelWithDebInfo|x64.ActiveCfg = RelWithDebInfo|x64
		{F3F68041-304F-4421-990B-89CB27908934}.RelWithDebInfo|x64.Build.0 = RelWithDebInfo|x64
		{8C611D24-2DDB-4E80-8F80-F0B0B4B66969}.Debug|x64.ActiveCfg = Debug|x64
		{8C611D24-2DDB-4E80-8F80-F0B0B4B66969}.Debug|x64.Build.0 = Debug|x64
		{8C611D24-2DDB-4E80-8F80-F0B0B4B66969}.Release|x64.ActiveCfg = Release|x64
		{8C611D24-2DDB-4E80-8F80-F0B0B4B66969}.Release|x64.Build.0 = Release|x64
		{8C611D24-2DDB-4E80-8F80-F0B0B4B66969}.MinSizeRel|x64.ActiveCfg = MinSizeRel|x64
		{8C611D24-2DDB-4E80-8F80-F0B0B4B66969}.MinSizeRel|x64.Build.0 = MinSizeRel|x64
		{8C611D24-2DDB-4E80-8F80-F0B0B4B66969}.RelWithDebInfo|x64.ActiveCfg = RelWithDebInfo|x64
		{8C611D24-2DDB-4E80-8F80-F0B0B4B66969}.RelWithDebInfo|x64.Build.0 = RelWithDebInfo|x64
		{6ABDCFAB-B472-4BAA-9474-FCD447CBE6DD}.Debug|x64.ActiveCfg = Debug|x64
		{6ABDCFAB-B472-4BAA-9474-FCD447CBE6DD}.Debug|x64.Build.0 = Debug|x64
		{6ABDCFAB-B472-4BAA-9474-FCD447CBE6DD}.Release|x64.ActiveCfg = Release|x64
		{6ABDCFAB-B472-4BAA-9474-FCD447CBE6DD}.Release|x64.Build.0 = Release|x64
		{6ABDCFAB-B472-4BAA-9474-FCD447CBE6DD}.MinSizeRel|x64.ActiveCfg = MinSizeRel|x64
		{6ABDCFAB-B472-4BAA-9474-FCD447CBE6DD}.MinSizeRel|x64.Build.0 = MinSizeRel|x64
		{6ABDCFAB-B472-4BAA-9474-FCD447CBE6DD}.RelWithDebInfo|x64.ActiveCfg = RelWithDebInfo|x64
		{6ABDCFAB-B472-4BAA-9474-FCD447CBE6DD}.RelWithDebInfo|x64.Build.0 = RelWithDebInfo|x64
		{44A60DF1-529D-4C51-B640-FD55223402C8}.Debug|x64.ActiveCfg = Debug|x64
		{44A60DF1-529D-4C51-B640-FD55223402C8}.Debug|x64.Build.0 = Debug|x64
		{44A60DF1-529D-4C51-B640-FD55223402C8}.Release|x64.ActiveCfg = Release|x64
		{44A60DF1-529D-4C51-B640-FD55223402C8}.Release|x64.Build.0 = Release|x64
		{44A60DF1-529D-4C51-B640-FD55223402C8}.MinSizeRel|x64.ActiveCfg = MinSizeRel|x64
		{44A60DF1-529D-4C51-B640-FD55223402C8}.MinSizeRel|x64.Build.0 = MinSizeRel|x64
		{44A60DF1-529D-4C51-B640-FD55223402C8}.RelWithDebInfo|x64.ActiveCfg = RelWithDebInfo|x64
		{44A60DF1-529D-4C51-B640-FD55223402C8}.RelWithDebInfo|x64.Build.0 = RelWithDebInfo|x64
		{303A910F-BD58-46D6-B64E-6BF5B559EA7F}.Debug|x64.ActiveCfg = Debug|x64
		{303A910F-BD58-46D6-B64E-6BF5B559EA7F}.Debug|x64.Build.0 = Debug|x64
		{303A910F-BD58-46D6-B64E-6BF5B559EA7F}.Release|x64.ActiveCfg = Release|x64
		{303A910F-BD58-46D6-B64E-6BF5B559EA7F}.Release|x64.Build.0 = Release|x64
		{303A910F-BD58-46D6-B64E-6BF5B559EA7F}.MinSizeRel|x64.ActiveCfg = MinSizeRel|x64
		{303A910F-BD58-46D6-B64E-6BF5B559EA7F}.MinSizeRel|x64.Build.0 = MinSizeRel|x64
		{303A910F-BD58-46D6-B64E-6BF5B559EA7F}.RelWithDebInfo|x64.ActiveCfg = RelWithDebInfo|x64
		{303A910F-BD58-46D6-B64E-6BF5B559EA7F}.RelWithDebInfo|x64.Build.0 = RelWithDebInfo|x64
		{F66C56A3-5F1C-4B6C-A5AC-7FE70A125290}.Debug|x64.ActiveCfg = Debug|x64
		{F66C56A3-5F1C-4B6C-A5AC-7FE70A125290}.Debug|x64.Build.0 = Debug|x64
		{F66C56A3-5F1C-4B6C-A5AC-7FE70A125290}.Release|x64.ActiveCfg = Release|x64
		{F66C56A3-5F1C-4B6C-A5AC-7FE70A125290}.Release|x64.Build.0 = Release|x64
		{F66C56A3-5F1C-4B6C-A5AC-7FE70A125290}.MinSizeRel|x64.ActiveCfg = MinSizeRel|x64
		{F66C56A3-5F1C-4B6C-A5AC-7FE70A125290}.MinSizeRel|x64.Build.0 = MinSizeRel|x64
		{F66C56A3-5F1C-4B6C-A5AC-7FE70A125290}.RelWithDebInfo|x64.ActiveCfg = RelWithDebInfo|x64
		{F66C56A3-5F1C-4B6C-A5AC-7FE70A125290}.RelWithDebInfo|x64.Build.0 = RelWithDebInfo|x64
		{DE60EF20-4312-45FB-98E4-613CC7A80D3C}.Debug|x64.ActiveCfg = Debug|x64
		{DE60EF20-4312-45FB-98E4-613CC7A80D3C}.Debug|x64.Build.0 = Debug|x64
		{DE60EF20-4312-45FB-98E4-613CC7A80D3C}.Release|x64.ActiveCfg = Release|x64
		{DE60EF20-4312-45FB-98E4-613CC7A80D3C}.Release|x64.Build.0 = Release|x64
		{DE60EF20-4312-45FB-98E4-613CC7A80D3C}.MinSizeRel|x64.ActiveCfg = MinSizeRel|x64
		{DE60EF20-4312-45FB-98E4-613CC7A80D3C}.MinSizeRel|x64.Build.0 = MinSizeRel|x64
		{DE60EF20-4312-45FB-98E4-613CC7A80D3C}.RelWithDebInfo|x64.ActiveCfg = RelWithDebInfo|x64
		{DE60EF20-4312-45FB-98E4-613CC7A80D3C}.RelWithDebInfo|x64.Build.0 = RelWithDebInfo|x64
		{58D4DB37-8DF4-42D8-8CF2-1BF4C3883416}.Debug|x64.ActiveCfg = Debug|x64
		{58D4DB37-8DF4-42D8-8CF2-1BF4C3883416}.Debug|x64.Build.0 = Debug|x64
		{58D4DB37-8DF4-42D8-8CF2-1BF4C3883416}.Release|x64.ActiveCfg = Release|x64
		{58D4DB37-8DF4-42D8-8CF2-1BF4C3883416}.Release|x64.Build.0 = Release|x64
		{58D4DB37-8DF4-42D8-8CF2-1BF4C3883416}.MinSizeRel|x64.ActiveCfg = MinSizeRel|x64
		{58D4DB37-8DF4-42D8-8CF2-1BF4C3883416}.MinSizeRel|x64.Build.0 = MinSizeRel|x64
		{58D4DB37-8DF4-42D8-8CF2-1BF4C3883416}.RelWithDebInfo|x64.ActiveCfg = RelWithDebInfo|x64
		{58D4DB37-8DF4-42D8-8CF2-1BF4C3883416}.RelWithDebInfo|x64.Build.0 = RelWithDebInfo|x64
		{27C6D4E6-2715-4E73-B555-2E73CBD0250F}.Debug|x64.ActiveCfg = Debug|x64
		{27C6D4E6-2715-4E73-B555-2E73CBD0250F}.Debug|x64.Build.0 = Debug|x64
		{27C6D4E6-2715-4E73-B555-2E73CBD0250F}.Release|x64.ActiveCfg = Release|x64
		{27C6D4E6-2715-4E73-B555-2E73CBD0250F}.Release|x64.Build.0 = Release|x64
		{27C6D4E6-2715-4E73-B555-2E73CBD0250F}.MinSizeRel|x64.ActiveCfg = MinSizeRel|x64
		{27C6D4E6-2715-4E73-B555-2E73CBD0250F}.MinSizeRel|x64.Build.0 = MinSizeRel|x64
		{27C6D4E6-2715-4E73-B555-2E73CBD0250F}.RelWithDebInfo|x64.ActiveCfg = RelWithDebInfo|x64
		{27C6D4E6-2715-4E73-B555-2E73CBD0250F}.RelWithDebInfo|x64.Build.0 = RelWithDebInfo|x64
		{5F38BC9D-2845-41FC-82C0-C3DE56657DC9}.Debug|x64.ActiveCfg = Debug|x64
		{5F38BC9D-2845-41FC-82C0-C3DE56657DC9}.Debug|x64.Build.0 = Debug|x64
		{5F38BC9D-2845-41FC-82C0-C3DE56657DC9}.Release|x64.ActiveCfg = Release|x64
		{5F38BC9D-2845-41FC-82C0-C3DE56657DC9}.Release|x64.Build.0 = Release|x64
		{5F38BC9D-2845-41FC-82C0-C3DE56657DC9}.MinSizeRel|x64.ActiveCfg = MinSizeRel|x64
		{5F38BC9D-2845-41FC-82C0-C3DE56657DC9}.MinSizeRel|x64.Build.0 = MinSizeRel|x64
		{5F38BC9D-2845-41FC-82C0-C3DE56657DC9}.RelWithDebInfo|x64.ActiveCfg = RelWithDebInfo|x64
		{5F38BC9D-2845-41FC-82C0-C3DE56657DC9}.RelWithDebInfo|x64.Build.0 = RelWithDebInfo|x64
		{CB60A649-DBDD-416D-BD3E-B6AE586C3173}.Debug|x64.ActiveCfg = Debug|x64
		{CB60A649-DBDD-416D-BD3E-B6AE586C3173}.Debug|x64.Build.0 = Debug|x64
		{CB60A649-DBDD-416D-BD3E-B6AE586C3173}.Release|x64.ActiveCfg = Release|x64
		{CB60A649-DBDD-416D-BD3E-B6AE586C3173}.Release|x64.Build.0 = Release|x64
		{CB60A649-DBDD-416D-BD3E-B6AE586C3173}.MinSizeRel|x64.ActiveCfg = MinSizeRel|x64
		{CB60A649-DBDD-416D-BD3E-B6AE586C3173}.MinSizeRel|x64.Build.0 = MinSizeRel|x64
		{CB60A649-DBDD-416D-BD3E-B6AE586C3173}.RelWithDebInfo|x64.ActiveCfg = RelWithDebInfo|x64
		{CB60A649-DBDD-416D-BD3E-B6AE586C3173}.RelWithDebInfo|x64.Build.0 = RelWithDebInfo|x64
	EndGlobalSection
	GlobalSection(ExtensibilityGlobals) = postSolution
	EndGlobalSection
	GlobalSection(ExtensibilityAddIns) = postSolution
	EndGlobalSection
EndGlobal
