Microsoft Visual Studio Solution File, Format Version 11.00
# Visual Studio 2010
Project("{8BC9CEB8-8B4A-11D0-8D11-00A0C91BC942}") = "ALL_BUILD", ".\ALL_BUILD.vcxproj", "{084BE3E1-9F0C-49CB-AB72-1DE5063E4160}"
	ProjectSection(ProjectDependencies) = postProject
		{E1A2D17C-D4F4-4030-88F8-01FB4E5C3D2C} = {E1A2D17C-D4F4-4030-88F8-01FB4E5C3D2C}
		{39EF4579-E220-4980-B7A7-76FC430079F0} = {39EF4579-E220-4980-B7A7-76FC430079F0}
		{1DFE48D8-0FBC-4CBC-AFFD-0B49DFD1C99D} = {1DFE48D8-0FBC-4CBC-AFFD-0B49DFD1C99D}
		{F3F68041-304F-4421-990B-89CB27908934} = {F3F68041-304F-4421-990B-89CB27908934}
		{8C611D24-2DDB-4E80-8F80-F0B0B4B66969} = {8C611D24-2DDB-4E80-8F80-F0B0B4B66969}
		{6ABDCFAB-B472-4BAA-9474-FCD447CBE6DD} = {6ABDCFAB-B472-4BAA-9474-FCD447CBE6DD}
		{C3DAF547-EDB7-4B18-88CF-BD36FD45ADE7} = {C3DAF547-EDB7-4B18-88CF-BD36FD45ADE7}
		{44A60DF1-529D-4C51-B640-FD55223402C8} = {44A60DF1-529D-4C51-B640-FD55223402C8}
		{A720531E-84A4-46E0-9793-9F6EAC3842DB} = {A720531E-84A4-46E0-9793-9F6EAC3842DB}
		{303A910F-BD58-46D6-B64E-6BF5B559EA7F} = {303A910F-BD58-46D6-B64E-6BF5B559EA7F}
		{01F0B0C0-10FC-4E0F-8A32-BD02512447E3} = {01F0B0C0-10FC-4E0F-8A32-BD02512447E3}
		{F66C56A3-5F1C-4B6C-A5AC-7FE70A125290} = {F66C56A3-5F1C-4B6C-A5AC-7FE70A125290}
		{19FC3C7B-3622-41FC-8B98-D453B1375304} = {19FC3C7B-3622-41FC-8B98-D453B1375304}
		{9E677857-382A-4FC3-B333-740AC835CFC6} = {9E677857-382A-4FC3-B333-740AC835CFC6}
		{630C22F1-D793-4D2E-99DC-7149012DF28B} = {630C22F1-D793-4D2E-99DC-7149012DF28B}
		{DE60EF20-4312-45FB-98E4-613CC7A80D3C} = {DE60EF20-4312-45FB-98E4-613CC7A80D3C}
		{58D4DB37-8DF4-42D8-8CF2-1BF4C3883416} = {58D4DB37-8DF4-42D8-8CF2-1BF4C3883416}
		{27C6D4E6-2715-4E73-B555-2E73CBD0250F} = {27C6D4E6-2715-4E73-B555-2E73CBD0250F}
		{E6BEB1FA-2B61-4187-984D-DB87AE6E793B} = {E6BEB1FA-2B61-4187-984D-DB87AE6E793B}
		{0B6B6DEC-3BC0-4356-9BD4-8C950DFEC2CC} = {0B6B6DEC-3BC0-4356-9BD4-8C950DFEC2CC}
		{9A8CB7E5-C1A5-4A7B-AC71-FED8A6D19628} = {9A8CB7E5-C1A5-4A7B-AC71-FED8A6D19628}
		{A9B76BAA-249B-4757-A196-23BCC0886497} = {A9B76BAA-249B-4757-A196-23BCC0886497}
		{C3ECB2EC-299F-41CA-BB51-C9762F7D28DF} = {C3ECB2EC-299F-41CA-BB51-C9762F7D28DF}
		{0CACD18C-477E-44C2-A2F9-1A41F372EA06} = {0CACD18C-477E-44C2-A2F9-1A41F372EA06}
		{AE040847-3C66-4DEB-B658-020ED0B23FDB} = {AE040847-3C66-4DEB-B658-020ED0B23FDB}
		{BA4582FE-6547-4284-9159-C2AB2EB3779C} = {BA4582FE-6547-4284-9159-C2AB2EB3779C}
		{75BB8FFB-881A-4125-875F-1FFF58CE1DF8} = {75BB8FFB-881A-4125-875F-1FFF58CE1DF8}
		{77F9DDC7-41A1-40A8-AF19-4CB25EC6E307} = {77F9DDC7-41A1-40A8-AF19-4CB25EC6E307}
		{28788010-9728-4A43-ADC1-F22F38A0C0AE} = {28788010-9728-4A43-ADC1-F22F38A0C0AE}
		{3ADD6578-E699-4224-BEB5-72537CA7327F} = {3ADD6578-E699-4224-BEB5-72537CA7327F}
		{735EF0BD-CEB5-403E-A15F-9AE6ACB79E4A} = {735EF0BD-CEB5-403E-A15F-9AE6ACB79E4A}
		{068DE99C-DC76-46D5-955C-BB77EC1FC8C7} = {068DE99C-DC76-46D5-955C-BB77EC1FC8C7}
		{6C8B2234-3324-4175-8F3A-EC871FE17BB4} = {6C8B2234-3324-4175-8F3A-EC871FE17BB4}
		{5F38BC9D-2845-41FC-82C0-C3DE56657DC9} = {5F38BC9D-2845-41FC-82C0-C3DE56657DC9}
		{CB60A649-DBDD-416D-BD3E-B6AE586C3173} = {CB60A649-DBDD-416D-BD3E-B6AE586C3173}
	EndProjectSection
EndProject
Project("{8BC9CEB8-8B4A-11D0-8D11-00A0C91BC942}") = "INSTALL", ".\INSTALL.vcxproj", "{D1C0647E-E11D-4952-AEE2-E421615B1516}"
	ProjectSection(ProjectDependencies) = postProject
		{084BE3E1-9F0C-49CB-AB72-1DE5063E4160} = {084BE3E1-9F0C-49CB-AB72-1DE5063E4160}
	EndProjectSection
EndProject
Project("{8BC9CEB8-8B4A-11D0-8D11-00A0C91BC942}") = "ZERO_CHECK", ".\ZERO_CHECK.vcxproj", "{E1A2D17C-D4F4-4030-88F8-01FB4E5C3D2C}"
	ProjectSection(ProjectDependencies) = postProject
	EndProjectSection
EndProject
Project("{8BC9CEB8-8B4A-11D0-8D11-00A0C91BC942}") = "docs", "doc\docs.vcxproj", "{61904871-BBF0-414F-853F-E10829A81AFA}"
	ProjectSection(ProjectDependencies) = postProject
		{E1A2D17C-D4F4-4030-88F8-01FB4E5C3D2C} = {E1A2D17C-D4F4-4030-88F8-01FB4E5C3D2C}
	EndProjectSection
EndProject
Project("{8BC9CEB8-8B4A-11D0-8D11-00A0C91BC942}") = "html_docs", "doc\html_docs.vcxproj", "{283067C0-E57A-4146-BBA0-725EFDF2B966}"
	ProjectSection(ProjectDependencies) = postProject
		{E1A2D17C-D4F4-4030-88F8-01FB4E5C3D2C} = {E1A2D17C-D4F4-4030-88F8-01FB4E5C3D2C}
	EndProjectSection
EndProject
Project("{8BC9CEB8-8B4A-11D0-8D11-00A0C91BC942}") = "libjasper", "3rdparty\libjasper\libjasper.vcxproj", "{39EF4579-E220-4980-B7A7-76FC430079F0}"
	ProjectSection(ProjectDependencies) = postProject
		{E1A2D17C-D4F4-4030-88F8-01FB4E5C3D2C} = {E1A2D17C-D4F4-4030-88F8-01FB4E5C3D2C}
	EndProjectSection
EndProject
Project("{8BC9CEB8-8B4A-11D0-8D11-00A0C91BC942}") = "libjpeg", "3rdparty\libjpeg\libjpeg.vcxproj", "{1DFE48D8-0FBC-4CBC-AFFD-0B49DFD1C99D}"
	ProjectSection(ProjectDependencies) = postProject
		{E1A2D17C-D4F4-4030-88F8-01FB4E5C3D2C} = {E1A2D17C-D4F4-4030-88F8-01FB4E5C3D2C}
	EndProjectSection
EndProject
Project("{8BC9CEB8-8B4A-11D0-8D11-00A0C91BC942}") = "libpng", "3rdparty\libpng\libpng.vcxproj", "{F3F68041-304F-4421-990B-89CB27908934}"
	ProjectSection(ProjectDependencies) = postProject
		{E1A2D17C-D4F4-4030-88F8-01FB4E5C3D2C} = {E1A2D17C-D4F4-4030-88F8-01FB4E5C3D2C}
	EndProjectSection
EndProject
Project("{8BC9CEB8-8B4A-11D0-8D11-00A0C91BC942}") = "libtiff", "3rdparty\libtiff\libtiff.vcxproj", "{8C611D24-2DDB-4E80-8F80-F0B0B4B66969}"
	ProjectSection(ProjectDependencies) = postProject
		{E1A2D17C-D4F4-4030-88F8-01FB4E5C3D2C} = {E1A2D17C-D4F4-4030-88F8-01FB4E5C3D2C}
	EndProjectSection
EndProject
Project("{8BC9CEB8-8B4A-11D0-8D11-00A0C91BC942}") = "opencv_calib3d", "modules\calib3d\opencv_calib3d.vcxproj", "{6ABDCFAB-B472-4BAA-9474-FCD447CBE6DD}"
	ProjectSection(ProjectDependencies) = postProject
		{44A60DF1-529D-4C51-B640-FD55223402C8} = {44A60DF1-529D-4C51-B640-FD55223402C8}
		{58D4DB37-8DF4-42D8-8CF2-1BF4C3883416} = {58D4DB37-8DF4-42D8-8CF2-1BF4C3883416}
		{DE60EF20-4312-45FB-98E4-613CC7A80D3C} = {DE60EF20-4312-45FB-98E4-613CC7A80D3C}
		{303A910F-BD58-46D6-B64E-6BF5B559EA7F} = {303A910F-BD58-46D6-B64E-6BF5B559EA7F}
		{F66C56A3-5F1C-4B6C-A5AC-7FE70A125290} = {F66C56A3-5F1C-4B6C-A5AC-7FE70A125290}
		{DE60EF20-4312-45FB-98E4-613CC7A80D3C} = {DE60EF20-4312-45FB-98E4-613CC7A80D3C}
		{58D4DB37-8DF4-42D8-8CF2-1BF4C3883416} = {58D4DB37-8DF4-42D8-8CF2-1BF4C3883416}
		{1DFE48D8-0FBC-4CBC-AFFD-0B49DFD1C99D} = {1DFE48D8-0FBC-4CBC-AFFD-0B49DFD1C99D}
		{F3F68041-304F-4421-990B-89CB27908934} = {F3F68041-304F-4421-990B-89CB27908934}
		{8C611D24-2DDB-4E80-8F80-F0B0B4B66969} = {8C611D24-2DDB-4E80-8F80-F0B0B4B66969}
		{39EF4579-E220-4980-B7A7-76FC430079F0} = {39EF4579-E220-4980-B7A7-76FC430079F0}
		{44A60DF1-529D-4C51-B640-FD55223402C8} = {44A60DF1-529D-4C51-B640-FD55223402C8}
		{CB60A649-DBDD-416D-BD3E-B6AE586C3173} = {CB60A649-DBDD-416D-BD3E-B6AE586C3173}
		{E1A2D17C-D4F4-4030-88F8-01FB4E5C3D2C} = {E1A2D17C-D4F4-4030-88F8-01FB4E5C3D2C}
		{44A60DF1-529D-4C51-B640-FD55223402C8} = {44A60DF1-529D-4C51-B640-FD55223402C8}
		{303A910F-BD58-46D6-B64E-6BF5B559EA7F} = {303A910F-BD58-46D6-B64E-6BF5B559EA7F}
		{F66C56A3-5F1C-4B6C-A5AC-7FE70A125290} = {F66C56A3-5F1C-4B6C-A5AC-7FE70A125290}
		{DE60EF20-4312-45FB-98E4-613CC7A80D3C} = {DE60EF20-4312-45FB-98E4-613CC7A80D3C}
		{58D4DB37-8DF4-42D8-8CF2-1BF4C3883416} = {58D4DB37-8DF4-42D8-8CF2-1BF4C3883416}
	EndProjectSection
EndProject
Project("{8BC9CEB8-8B4A-11D0-8D11-00A0C91BC942}") = "opencv_contrib", "modules\contrib\opencv_contrib.vcxproj", "{C3DAF547-EDB7-4B18-88CF-BD36FD45ADE7}"
	ProjectSection(ProjectDependencies) = postProject
		{44A60DF1-529D-4C51-B640-FD55223402C8} = {44A60DF1-529D-4C51-B640-FD55223402C8}
		{58D4DB37-8DF4-42D8-8CF2-1BF4C3883416} = {58D4DB37-8DF4-42D8-8CF2-1BF4C3883416}
		{6ABDCFAB-B472-4BAA-9474-FCD447CBE6DD} = {6ABDCFAB-B472-4BAA-9474-FCD447CBE6DD}
		{303A910F-BD58-46D6-B64E-6BF5B559EA7F} = {303A910F-BD58-46D6-B64E-6BF5B559EA7F}
		{DE60EF20-4312-45FB-98E4-613CC7A80D3C} = {DE60EF20-4312-45FB-98E4-613CC7A80D3C}
		{E6BEB1FA-2B61-4187-984D-DB87AE6E793B} = {E6BEB1FA-2B61-4187-984D-DB87AE6E793B}
		{5F38BC9D-2845-41FC-82C0-C3DE56657DC9} = {5F38BC9D-2845-41FC-82C0-C3DE56657DC9}
		{0B6B6DEC-3BC0-4356-9BD4-8C950DFEC2CC} = {0B6B6DEC-3BC0-4356-9BD4-8C950DFEC2CC}
		{F66C56A3-5F1C-4B6C-A5AC-7FE70A125290} = {F66C56A3-5F1C-4B6C-A5AC-7FE70A125290}
		{DE60EF20-4312-45FB-98E4-613CC7A80D3C} = {DE60EF20-4312-45FB-98E4-613CC7A80D3C}
		{1DFE48D8-0FBC-4CBC-AFFD-0B49DFD1C99D} = {1DFE48D8-0FBC-4CBC-AFFD-0B49DFD1C99D}
		{F3F68041-304F-4421-990B-89CB27908934} = {F3F68041-304F-4421-990B-89CB27908934}
		{8C611D24-2DDB-4E80-8F80-F0B0B4B66969} = {8C611D24-2DDB-4E80-8F80-F0B0B4B66969}
		{39EF4579-E220-4980-B7A7-76FC430079F0} = {39EF4579-E220-4980-B7A7-76FC430079F0}
		{303A910F-BD58-46D6-B64E-6BF5B559EA7F} = {303A910F-BD58-46D6-B64E-6BF5B559EA7F}
		{6ABDCFAB-B472-4BAA-9474-FCD447CBE6DD} = {6ABDCFAB-B472-4BAA-9474-FCD447CBE6DD}
		{58D4DB37-8DF4-42D8-8CF2-1BF4C3883416} = {58D4DB37-8DF4-42D8-8CF2-1BF4C3883416}
		{44A60DF1-529D-4C51-B640-FD55223402C8} = {44A60DF1-529D-4C51-B640-FD55223402C8}
		{CB60A649-DBDD-416D-BD3E-B6AE586C3173} = {CB60A649-DBDD-416D-BD3E-B6AE586C3173}
		{E1A2D17C-D4F4-4030-88F8-01FB4E5C3D2C} = {E1A2D17C-D4F4-4030-88F8-01FB4E5C3D2C}
		{6ABDCFAB-B472-4BAA-9474-FCD447CBE6DD} = {6ABDCFAB-B472-4BAA-9474-FCD447CBE6DD}
		{44A60DF1-529D-4C51-B640-FD55223402C8} = {44A60DF1-529D-4C51-B640-FD55223402C8}
		{303A910F-BD58-46D6-B64E-6BF5B559EA7F} = {303A910F-BD58-46D6-B64E-6BF5B559EA7F}
		{F66C56A3-5F1C-4B6C-A5AC-7FE70A125290} = {F66C56A3-5F1C-4B6C-A5AC-7FE70A125290}
		{DE60EF20-4312-45FB-98E4-613CC7A80D3C} = {DE60EF20-4312-45FB-98E4-613CC7A80D3C}
		{58D4DB37-8DF4-42D8-8CF2-1BF4C3883416} = {58D4DB37-8DF4-42D8-8CF2-1BF4C3883416}
		{E6BEB1FA-2B61-4187-984D-DB87AE6E793B} = {E6BEB1FA-2B61-4187-984D-DB87AE6E793B}
		{0B6B6DEC-3BC0-4356-9BD4-8C950DFEC2CC} = {0B6B6DEC-3BC0-4356-9BD4-8C950DFEC2CC}
		{5F38BC9D-2845-41FC-82C0-C3DE56657DC9} = {5F38BC9D-2845-41FC-82C0-C3DE56657DC9}
	EndProjectSection
EndProject
Project("{8BC9CEB8-8B4A-11D0-8D11-00A0C91BC942}") = "opencv_core", "modules\core\opencv_core.vcxproj", "{44A60DF1-529D-4C51-B640-FD55223402C8}"
	ProjectSection(ProjectDependencies) = postProject
		{CB60A649-DBDD-416D-BD3E-B6AE586C3173} = {CB60A649-DBDD-416D-BD3E-B6AE586C3173}
		{E1A2D17C-D4F4-4030-88F8-01FB4E5C3D2C} = {E1A2D17C-D4F4-4030-88F8-01FB4E5C3D2C}
		{CB60A649-DBDD-416D-BD3E-B6AE586C3173} = {CB60A649-DBDD-416D-BD3E-B6AE586C3173}
	EndProjectSection
EndProject
Project("{8BC9CEB8-8B4A-11D0-8D11-00A0C91BC942}") = "opencv_createsamples", "modules\haartraining\opencv_createsamples.vcxproj", "{A720531E-84A4-46E0-9793-9F6EAC3842DB}"
	ProjectSection(ProjectDependencies) = postProject
		{44A60DF1-529D-4C51-B640-FD55223402C8} = {44A60DF1-529D-4C51-B640-FD55223402C8}
		{58D4DB37-8DF4-42D8-8CF2-1BF4C3883416} = {58D4DB37-8DF4-42D8-8CF2-1BF4C3883416}
		{DE60EF20-4312-45FB-98E4-613CC7A80D3C} = {DE60EF20-4312-45FB-98E4-613CC7A80D3C}
		{0B6B6DEC-3BC0-4356-9BD4-8C950DFEC2CC} = {0B6B6DEC-3BC0-4356-9BD4-8C950DFEC2CC}
		{6ABDCFAB-B472-4BAA-9474-FCD447CBE6DD} = {6ABDCFAB-B472-4BAA-9474-FCD447CBE6DD}
		{630C22F1-D793-4D2E-99DC-7149012DF28B} = {630C22F1-D793-4D2E-99DC-7149012DF28B}
		{0B6B6DEC-3BC0-4356-9BD4-8C950DFEC2CC} = {0B6B6DEC-3BC0-4356-9BD4-8C950DFEC2CC}
		{6ABDCFAB-B472-4BAA-9474-FCD447CBE6DD} = {6ABDCFAB-B472-4BAA-9474-FCD447CBE6DD}
		{303A910F-BD58-46D6-B64E-6BF5B559EA7F} = {303A910F-BD58-46D6-B64E-6BF5B559EA7F}
		{DE60EF20-4312-45FB-98E4-613CC7A80D3C} = {DE60EF20-4312-45FB-98E4-613CC7A80D3C}
		{58D4DB37-8DF4-42D8-8CF2-1BF4C3883416} = {58D4DB37-8DF4-42D8-8CF2-1BF4C3883416}
		{1DFE48D8-0FBC-4CBC-AFFD-0B49DFD1C99D} = {1DFE48D8-0FBC-4CBC-AFFD-0B49DFD1C99D}
		{F3F68041-304F-4421-990B-89CB27908934} = {F3F68041-304F-4421-990B-89CB27908934}
		{8C611D24-2DDB-4E80-8F80-F0B0B4B66969} = {8C611D24-2DDB-4E80-8F80-F0B0B4B66969}
		{39EF4579-E220-4980-B7A7-76FC430079F0} = {39EF4579-E220-4980-B7A7-76FC430079F0}
		{F66C56A3-5F1C-4B6C-A5AC-7FE70A125290} = {F66C56A3-5F1C-4B6C-A5AC-7FE70A125290}
		{44A60DF1-529D-4C51-B640-FD55223402C8} = {44A60DF1-529D-4C51-B640-FD55223402C8}
		{CB60A649-DBDD-416D-BD3E-B6AE586C3173} = {CB60A649-DBDD-416D-BD3E-B6AE586C3173}
		{E1A2D17C-D4F4-4030-88F8-01FB4E5C3D2C} = {E1A2D17C-D4F4-4030-88F8-01FB4E5C3D2C}
		{6ABDCFAB-B472-4BAA-9474-FCD447CBE6DD} = {6ABDCFAB-B472-4BAA-9474-FCD447CBE6DD}
		{44A60DF1-529D-4C51-B640-FD55223402C8} = {44A60DF1-529D-4C51-B640-FD55223402C8}
		{630C22F1-D793-4D2E-99DC-7149012DF28B} = {630C22F1-D793-4D2E-99DC-7149012DF28B}
		{DE60EF20-4312-45FB-98E4-613CC7A80D3C} = {DE60EF20-4312-45FB-98E4-613CC7A80D3C}
		{58D4DB37-8DF4-42D8-8CF2-1BF4C3883416} = {58D4DB37-8DF4-42D8-8CF2-1BF4C3883416}
		{0B6B6DEC-3BC0-4356-9BD4-8C950DFEC2CC} = {0B6B6DEC-3BC0-4356-9BD4-8C950DFEC2CC}
	EndProjectSection
EndProject
Project("{8BC9CEB8-8B4A-11D0-8D11-00A0C91BC942}") = "opencv_features2d", "modules\features2d\opencv_features2d.vcxproj", "{303A910F-BD58-46D6-B64E-6BF5B559EA7F}"
	ProjectSection(ProjectDependencies) = postProject
		{44A60DF1-529D-4C51-B640-FD55223402C8} = {44A60DF1-529D-4C51-B640-FD55223402C8}
		{58D4DB37-8DF4-42D8-8CF2-1BF4C3883416} = {58D4DB37-8DF4-42D8-8CF2-1BF4C3883416}
		{DE60EF20-4312-45FB-98E4-613CC7A80D3C} = {DE60EF20-4312-45FB-98E4-613CC7A80D3C}
		{F66C56A3-5F1C-4B6C-A5AC-7FE70A125290} = {F66C56A3-5F1C-4B6C-A5AC-7FE70A125290}
		{58D4DB37-8DF4-42D8-8CF2-1BF4C3883416} = {58D4DB37-8DF4-42D8-8CF2-1BF4C3883416}
		{1DFE48D8-0FBC-4CBC-AFFD-0B49DFD1C99D} = {1DFE48D8-0FBC-4CBC-AFFD-0B49DFD1C99D}
		{F3F68041-304F-4421-990B-89CB27908934} = {F3F68041-304F-4421-990B-89CB27908934}
		{8C611D24-2DDB-4E80-8F80-F0B0B4B66969} = {8C611D24-2DDB-4E80-8F80-F0B0B4B66969}
		{39EF4579-E220-4980-B7A7-76FC430079F0} = {39EF4579-E220-4980-B7A7-76FC430079F0}
		{44A60DF1-529D-4C51-B640-FD55223402C8} = {44A60DF1-529D-4C51-B640-FD55223402C8}
		{CB60A649-DBDD-416D-BD3E-B6AE586C3173} = {CB60A649-DBDD-416D-BD3E-B6AE586C3173}
		{E1A2D17C-D4F4-4030-88F8-01FB4E5C3D2C} = {E1A2D17C-D4F4-4030-88F8-01FB4E5C3D2C}
		{44A60DF1-529D-4C51-B640-FD55223402C8} = {44A60DF1-529D-4C51-B640-FD55223402C8}
		{F66C56A3-5F1C-4B6C-A5AC-7FE70A125290} = {F66C56A3-5F1C-4B6C-A5AC-7FE70A125290}
		{DE60EF20-4312-45FB-98E4-613CC7A80D3C} = {DE60EF20-4312-45FB-98E4-613CC7A80D3C}
		{58D4DB37-8DF4-42D8-8CF2-1BF4C3883416} = {58D4DB37-8DF4-42D8-8CF2-1BF4C3883416}
	EndProjectSection
EndProject
Project("{8BC9CEB8-8B4A-11D0-8D11-00A0C91BC942}") = "opencv_ffmpeg", "3rdparty\ffmpeg\opencv_ffmpeg.vcxproj", "{01F0B0C0-10FC-4E0F-8A32-BD02512447E3}"
	ProjectSection(ProjectDependencies) = postProject
		{E1A2D17C-D4F4-4030-88F8-01FB4E5C3D2C} = {E1A2D17C-D4F4-4030-88F8-01FB4E5C3D2C}
	EndProjectSection
EndProject
Project("{8BC9CEB8-8B4A-11D0-8D11-00A0C91BC942}") = "opencv_flann", "modules\flann\opencv_flann.vcxproj", "{F66C56A3-5F1C-4B6C-A5AC-7FE70A125290}"
	ProjectSection(ProjectDependencies) = postProject
		{44A60DF1-529D-4C51-B640-FD55223402C8} = {44A60DF1-529D-4C51-B640-FD55223402C8}
		{CB60A649-DBDD-416D-BD3E-B6AE586C3173} = {CB60A649-DBDD-416D-BD3E-B6AE586C3173}
		{E1A2D17C-D4F4-4030-88F8-01FB4E5C3D2C} = {E1A2D17C-D4F4-4030-88F8-01FB4E5C3D2C}
		{44A60DF1-529D-4C51-B640-FD55223402C8} = {44A60DF1-529D-4C51-B640-FD55223402C8}
	EndProjectSection
EndProject
Project("{8BC9CEB8-8B4A-11D0-8D11-00A0C91BC942}") = "opencv_gpu", "modules\gpu\opencv_gpu.vcxproj", "{19FC3C7B-3622-41FC-8B98-D453B1375304}"
	ProjectSection(ProjectDependencies) = postProject
		{44A60DF1-529D-4C51-B640-FD55223402C8} = {44A60DF1-529D-4C51-B640-FD55223402C8}
		{58D4DB37-8DF4-42D8-8CF2-1BF4C3883416} = {58D4DB37-8DF4-42D8-8CF2-1BF4C3883416}
		{0B6B6DEC-3BC0-4356-9BD4-8C950DFEC2CC} = {0B6B6DEC-3BC0-4356-9BD4-8C950DFEC2CC}
		{303A910F-BD58-46D6-B64E-6BF5B559EA7F} = {303A910F-BD58-46D6-B64E-6BF5B559EA7F}
		{F66C56A3-5F1C-4B6C-A5AC-7FE70A125290} = {F66C56A3-5F1C-4B6C-A5AC-7FE70A125290}
		{6ABDCFAB-B472-4BAA-9474-FCD447CBE6DD} = {6ABDCFAB-B472-4BAA-9474-FCD447CBE6DD}
		{303A910F-BD58-46D6-B64E-6BF5B559EA7F} = {303A910F-BD58-46D6-B64E-6BF5B559EA7F}
		{DE60EF20-4312-45FB-98E4-613CC7A80D3C} = {DE60EF20-4312-45FB-98E4-613CC7A80D3C}
		{58D4DB37-8DF4-42D8-8CF2-1BF4C3883416} = {58D4DB37-8DF4-42D8-8CF2-1BF4C3883416}
		{1DFE48D8-0FBC-4CBC-AFFD-0B49DFD1C99D} = {1DFE48D8-0FBC-4CBC-AFFD-0B49DFD1C99D}
		{F3F68041-304F-4421-990B-89CB27908934} = {F3F68041-304F-4421-990B-89CB27908934}
		{8C611D24-2DDB-4E80-8F80-F0B0B4B66969} = {8C611D24-2DDB-4E80-8F80-F0B0B4B66969}
		{39EF4579-E220-4980-B7A7-76FC430079F0} = {39EF4579-E220-4980-B7A7-76FC430079F0}
		{F66C56A3-5F1C-4B6C-A5AC-7FE70A125290} = {F66C56A3-5F1C-4B6C-A5AC-7FE70A125290}
		{44A60DF1-529D-4C51-B640-FD55223402C8} = {44A60DF1-529D-4C51-B640-FD55223402C8}
		{CB60A649-DBDD-416D-BD3E-B6AE586C3173} = {CB60A649-DBDD-416D-BD3E-B6AE586C3173}
		{E1A2D17C-D4F4-4030-88F8-01FB4E5C3D2C} = {E1A2D17C-D4F4-4030-88F8-01FB4E5C3D2C}
		{6ABDCFAB-B472-4BAA-9474-FCD447CBE6DD} = {6ABDCFAB-B472-4BAA-9474-FCD447CBE6DD}
		{44A60DF1-529D-4C51-B640-FD55223402C8} = {44A60DF1-529D-4C51-B640-FD55223402C8}
		{303A910F-BD58-46D6-B64E-6BF5B559EA7F} = {303A910F-BD58-46D6-B64E-6BF5B559EA7F}
		{F66C56A3-5F1C-4B6C-A5AC-7FE70A125290} = {F66C56A3-5F1C-4B6C-A5AC-7FE70A125290}
		{58D4DB37-8DF4-42D8-8CF2-1BF4C3883416} = {58D4DB37-8DF4-42D8-8CF2-1BF4C3883416}
		{0B6B6DEC-3BC0-4356-9BD4-8C950DFEC2CC} = {0B6B6DEC-3BC0-4356-9BD4-8C950DFEC2CC}
	EndProjectSection
EndProject
Project("{8BC9CEB8-8B4A-11D0-8D11-00A0C91BC942}") = "opencv_haartraining", "modules\haartraining\opencv_haartraining.vcxproj", "{9E677857-382A-4FC3-B333-740AC835CFC6}"
	ProjectSection(ProjectDependencies) = postProject
		{44A60DF1-529D-4C51-B640-FD55223402C8} = {44A60DF1-529D-4C51-B640-FD55223402C8}
		{58D4DB37-8DF4-42D8-8CF2-1BF4C3883416} = {58D4DB37-8DF4-42D8-8CF2-1BF4C3883416}
		{DE60EF20-4312-45FB-98E4-613CC7A80D3C} = {DE60EF20-4312-45FB-98E4-613CC7A80D3C}
		{0B6B6DEC-3BC0-4356-9BD4-8C950DFEC2CC} = {0B6B6DEC-3BC0-4356-9BD4-8C950DFEC2CC}
		{6ABDCFAB-B472-4BAA-9474-FCD447CBE6DD} = {6ABDCFAB-B472-4BAA-9474-FCD447CBE6DD}
		{630C22F1-D793-4D2E-99DC-7149012DF28B} = {630C22F1-D793-4D2E-99DC-7149012DF28B}
		{0B6B6DEC-3BC0-4356-9BD4-8C950DFEC2CC} = {0B6B6DEC-3BC0-4356-9BD4-8C950DFEC2CC}
		{6ABDCFAB-B472-4BAA-9474-FCD447CBE6DD} = {6ABDCFAB-B472-4BAA-9474-FCD447CBE6DD}
		{303A910F-BD58-46D6-B64E-6BF5B559EA7F} = {303A910F-BD58-46D6-B64E-6BF5B559EA7F}
		{DE60EF20-4312-45FB-98E4-613CC7A80D3C} = {DE60EF20-4312-45FB-98E4-613CC7A80D3C}
		{58D4DB37-8DF4-42D8-8CF2-1BF4C3883416} = {58D4DB37-8DF4-42D8-8CF2-1BF4C3883416}
		{1DFE48D8-0FBC-4CBC-AFFD-0B49DFD1C99D} = {1DFE48D8-0FBC-4CBC-AFFD-0B49DFD1C99D}
		{F3F68041-304F-4421-990B-89CB27908934} = {F3F68041-304F-4421-990B-89CB27908934}
		{8C611D24-2DDB-4E80-8F80-F0B0B4B66969} = {8C611D24-2DDB-4E80-8F80-F0B0B4B66969}
		{39EF4579-E220-4980-B7A7-76FC430079F0} = {39EF4579-E220-4980-B7A7-76FC430079F0}
		{F66C56A3-5F1C-4B6C-A5AC-7FE70A125290} = {F66C56A3-5F1C-4B6C-A5AC-7FE70A125290}
		{44A60DF1-529D-4C51-B640-FD55223402C8} = {44A60DF1-529D-4C51-B640-FD55223402C8}
		{CB60A649-DBDD-416D-BD3E-B6AE586C3173} = {CB60A649-DBDD-416D-BD3E-B6AE586C3173}
		{E1A2D17C-D4F4-4030-88F8-01FB4E5C3D2C} = {E1A2D17C-D4F4-4030-88F8-01FB4E5C3D2C}
		{6ABDCFAB-B472-4BAA-9474-FCD447CBE6DD} = {6ABDCFAB-B472-4BAA-9474-FCD447CBE6DD}
		{44A60DF1-529D-4C51-B640-FD55223402C8} = {44A60DF1-529D-4C51-B640-FD55223402C8}
		{630C22F1-D793-4D2E-99DC-7149012DF28B} = {630C22F1-D793-4D2E-99DC-7149012DF28B}
		{DE60EF20-4312-45FB-98E4-613CC7A80D3C} = {DE60EF20-4312-45FB-98E4-613CC7A80D3C}
		{58D4DB37-8DF4-42D8-8CF2-1BF4C3883416} = {58D4DB37-8DF4-42D8-8CF2-1BF4C3883416}
		{0B6B6DEC-3BC0-4356-9BD4-8C950DFEC2CC} = {0B6B6DEC-3BC0-4356-9BD4-8C950DFEC2CC}
	EndProjectSection
EndProject
Project("{8BC9CEB8-8B4A-11D0-8D11-00A0C91BC942}") = "opencv_haartraining_engine", "modules\haartraining\opencv_haartraining_engine.vcxproj", "{630C22F1-D793-4D2E-99DC-7149012DF28B}"
	ProjectSection(ProjectDependencies) = postProject
		{E1A2D17C-D4F4-4030-88F8-01FB4E5C3D2C} = {E1A2D17C-D4F4-4030-88F8-01FB4E5C3D2C}
	EndProjectSection
EndProject
Project("{8BC9CEB8-8B4A-11D0-8D11-00A0C91BC942}") = "opencv_highgui", "modules\highgui\opencv_highgui.vcxproj", "{DE60EF20-4312-45FB-98E4-613CC7A80D3C}"
	ProjectSection(ProjectDependencies) = postProject
		{44A60DF1-529D-4C51-B640-FD55223402C8} = {44A60DF1-529D-4C51-B640-FD55223402C8}
		{58D4DB37-8DF4-42D8-8CF2-1BF4C3883416} = {58D4DB37-8DF4-42D8-8CF2-1BF4C3883416}
		{CB60A649-DBDD-416D-BD3E-B6AE586C3173} = {CB60A649-DBDD-416D-BD3E-B6AE586C3173}
		{1DFE48D8-0FBC-4CBC-AFFD-0B49DFD1C99D} = {1DFE48D8-0FBC-4CBC-AFFD-0B49DFD1C99D}
		{F3F68041-304F-4421-990B-89CB27908934} = {F3F68041-304F-4421-990B-89CB27908934}
		{8C611D24-2DDB-4E80-8F80-F0B0B4B66969} = {8C611D24-2DDB-4E80-8F80-F0B0B4B66969}
		{39EF4579-E220-4980-B7A7-76FC430079F0} = {39EF4579-E220-4980-B7A7-76FC430079F0}
		{44A60DF1-529D-4C51-B640-FD55223402C8} = {44A60DF1-529D-4C51-B640-FD55223402C8}
		{E1A2D17C-D4F4-4030-88F8-01FB4E5C3D2C} = {E1A2D17C-D4F4-4030-88F8-01FB4E5C3D2C}
		{39EF4579-E220-4980-B7A7-76FC430079F0} = {39EF4579-E220-4980-B7A7-76FC430079F0}
		{1DFE48D8-0FBC-4CBC-AFFD-0B49DFD1C99D} = {1DFE48D8-0FBC-4CBC-AFFD-0B49DFD1C99D}
		{F3F68041-304F-4421-990B-89CB27908934} = {F3F68041-304F-4421-990B-89CB27908934}
		{8C611D24-2DDB-4E80-8F80-F0B0B4B66969} = {8C611D24-2DDB-4E80-8F80-F0B0B4B66969}
		{44A60DF1-529D-4C51-B640-FD55223402C8} = {44A60DF1-529D-4C51-B640-FD55223402C8}
		{58D4DB37-8DF4-42D8-8CF2-1BF4C3883416} = {58D4DB37-8DF4-42D8-8CF2-1BF4C3883416}
		{CB60A649-DBDD-416D-BD3E-B6AE586C3173} = {CB60A649-DBDD-416D-BD3E-B6AE586C3173}
	EndProjectSection
EndProject
Project("{8BC9CEB8-8B4A-11D0-8D11-00A0C91BC942}") = "opencv_imgproc", "modules\imgproc\opencv_imgproc.vcxproj", "{58D4DB37-8DF4-42D8-8CF2-1BF4C3883416}"
	ProjectSection(ProjectDependencies) = postProject
		{44A60DF1-529D-4C51-B640-FD55223402C8} = {44A60DF1-529D-4C51-B640-FD55223402C8}
		{CB60A649-DBDD-416D-BD3E-B6AE586C3173} = {CB60A649-DBDD-416D-BD3E-B6AE586C3173}
		{E1A2D17C-D4F4-4030-88F8-01FB4E5C3D2C} = {E1A2D17C-D4F4-4030-88F8-01FB4E5C3D2C}
		{44A60DF1-529D-4C51-B640-FD55223402C8} = {44A60DF1-529D-4C51-B640-FD55223402C8}
	EndProjectSection
EndProject
Project("{8BC9CEB8-8B4A-11D0-8D11-00A0C91BC942}") = "opencv_legacy", "modules\legacy\opencv_legacy.vcxproj", "{27C6D4E6-2715-4E73-B555-2E73CBD0250F}"
	ProjectSection(ProjectDependencies) = postProject
		{44A60DF1-529D-4C51-B640-FD55223402C8} = {44A60DF1-529D-4C51-B640-FD55223402C8}
		{58D4DB37-8DF4-42D8-8CF2-1BF4C3883416} = {58D4DB37-8DF4-42D8-8CF2-1BF4C3883416}
		{6ABDCFAB-B472-4BAA-9474-FCD447CBE6DD} = {6ABDCFAB-B472-4BAA-9474-FCD447CBE6DD}
		{303A910F-BD58-46D6-B64E-6BF5B559EA7F} = {303A910F-BD58-46D6-B64E-6BF5B559EA7F}
		{DE60EF20-4312-45FB-98E4-613CC7A80D3C} = {DE60EF20-4312-45FB-98E4-613CC7A80D3C}
		{5F38BC9D-2845-41FC-82C0-C3DE56657DC9} = {5F38BC9D-2845-41FC-82C0-C3DE56657DC9}
		{F66C56A3-5F1C-4B6C-A5AC-7FE70A125290} = {F66C56A3-5F1C-4B6C-A5AC-7FE70A125290}
		{1DFE48D8-0FBC-4CBC-AFFD-0B49DFD1C99D} = {1DFE48D8-0FBC-4CBC-AFFD-0B49DFD1C99D}
		{F3F68041-304F-4421-990B-89CB27908934} = {F3F68041-304F-4421-990B-89CB27908934}
		{8C611D24-2DDB-4E80-8F80-F0B0B4B66969} = {8C611D24-2DDB-4E80-8F80-F0B0B4B66969}
		{39EF4579-E220-4980-B7A7-76FC430079F0} = {39EF4579-E220-4980-B7A7-76FC430079F0}
		{58D4DB37-8DF4-42D8-8CF2-1BF4C3883416} = {58D4DB37-8DF4-42D8-8CF2-1BF4C3883416}
		{44A60DF1-529D-4C51-B640-FD55223402C8} = {44A60DF1-529D-4C51-B640-FD55223402C8}
		{CB60A649-DBDD-416D-BD3E-B6AE586C3173} = {CB60A649-DBDD-416D-BD3E-B6AE586C3173}
		{E1A2D17C-D4F4-4030-88F8-01FB4E5C3D2C} = {E1A2D17C-D4F4-4030-88F8-01FB4E5C3D2C}
		{6ABDCFAB-B472-4BAA-9474-FCD447CBE6DD} = {6ABDCFAB-B472-4BAA-9474-FCD447CBE6DD}
		{44A60DF1-529D-4C51-B640-FD55223402C8} = {44A60DF1-529D-4C51-B640-FD55223402C8}
		{303A910F-BD58-46D6-B64E-6BF5B559EA7F} = {303A910F-BD58-46D6-B64E-6BF5B559EA7F}
		{F66C56A3-5F1C-4B6C-A5AC-7FE70A125290} = {F66C56A3-5F1C-4B6C-A5AC-7FE70A125290}
		{DE60EF20-4312-45FB-98E4-613CC7A80D3C} = {DE60EF20-4312-45FB-98E4-613CC7A80D3C}
		{58D4DB37-8DF4-42D8-8CF2-1BF4C3883416} = {58D4DB37-8DF4-42D8-8CF2-1BF4C3883416}
		{5F38BC9D-2845-41FC-82C0-C3DE56657DC9} = {5F38BC9D-2845-41FC-82C0-C3DE56657DC9}
	EndProjectSection
EndProject
Project("{8BC9CEB8-8B4A-11D0-8D11-00A0C91BC942}") = "opencv_ml", "modules\ml\opencv_ml.vcxproj", "{E6BEB1FA-2B61-4187-984D-DB87AE6E793B}"
	ProjectSection(ProjectDependencies) = postProject
		{44A60DF1-529D-4C51-B640-FD55223402C8} = {44A60DF1-529D-4C51-B640-FD55223402C8}
		{CB60A649-DBDD-416D-BD3E-B6AE586C3173} = {CB60A649-DBDD-416D-BD3E-B6AE586C3173}
		{E1A2D17C-D4F4-4030-88F8-01FB4E5C3D2C} = {E1A2D17C-D4F4-4030-88F8-01FB4E5C3D2C}
		{44A60DF1-529D-4C51-B640-FD55223402C8} = {44A60DF1-529D-4C51-B640-FD55223402C8}
	EndProjectSection
EndProject
Project("{8BC9CEB8-8B4A-11D0-8D11-00A0C91BC942}") = "opencv_objdetect", "modules\objdetect\opencv_objdetect.vcxproj", "{0B6B6DEC-3BC0-4356-9BD4-8C950DFEC2CC}"
	ProjectSection(ProjectDependencies) = postProject
		{44A60DF1-529D-4C51-B640-FD55223402C8} = {44A60DF1-529D-4C51-B640-FD55223402C8}
		{58D4DB37-8DF4-42D8-8CF2-1BF4C3883416} = {58D4DB37-8DF4-42D8-8CF2-1BF4C3883416}
		{DE60EF20-4312-45FB-98E4-613CC7A80D3C} = {DE60EF20-4312-45FB-98E4-613CC7A80D3C}
		{303A910F-BD58-46D6-B64E-6BF5B559EA7F} = {303A910F-BD58-46D6-B64E-6BF5B559EA7F}
		{6ABDCFAB-B472-4BAA-9474-FCD447CBE6DD} = {6ABDCFAB-B472-4BAA-9474-FCD447CBE6DD}
		{F66C56A3-5F1C-4B6C-A5AC-7FE70A125290} = {F66C56A3-5F1C-4B6C-A5AC-7FE70A125290}
		{303A910F-BD58-46D6-B64E-6BF5B559EA7F} = {303A910F-BD58-46D6-B64E-6BF5B559EA7F}
		{DE60EF20-4312-45FB-98E4-613CC7A80D3C} = {DE60EF20-4312-45FB-98E4-613CC7A80D3C}
		{58D4DB37-8DF4-42D8-8CF2-1BF4C3883416} = {58D4DB37-8DF4-42D8-8CF2-1BF4C3883416}
		{1DFE48D8-0FBC-4CBC-AFFD-0B49DFD1C99D} = {1DFE48D8-0FBC-4CBC-AFFD-0B49DFD1C99D}
		{F3F68041-304F-4421-990B-89CB27908934} = {F3F68041-304F-4421-990B-89CB27908934}
		{8C611D24-2DDB-4E80-8F80-F0B0B4B66969} = {8C611D24-2DDB-4E80-8F80-F0B0B4B66969}
		{39EF4579-E220-4980-B7A7-76FC430079F0} = {39EF4579-E220-4980-B7A7-76FC430079F0}
		{44A60DF1-529D-4C51-B640-FD55223402C8} = {44A60DF1-529D-4C51-B640-FD55223402C8}
		{CB60A649-DBDD-416D-BD3E-B6AE586C3173} = {CB60A649-DBDD-416D-BD3E-B6AE586C3173}
		{E1A2D17C-D4F4-4030-88F8-01FB4E5C3D2C} = {E1A2D17C-D4F4-4030-88F8-01FB4E5C3D2C}
		{6ABDCFAB-B472-4BAA-9474-FCD447CBE6DD} = {6ABDCFAB-B472-4BAA-9474-FCD447CBE6DD}
		{44A60DF1-529D-4C51-B640-FD55223402C8} = {44A60DF1-529D-4C51-B640-FD55223402C8}
		{303A910F-BD58-46D6-B64E-6BF5B559EA7F} = {303A910F-BD58-46D6-B64E-6BF5B559EA7F}
		{F66C56A3-5F1C-4B6C-A5AC-7FE70A125290} = {F66C56A3-5F1C-4B6C-A5AC-7FE70A125290}
		{DE60EF20-4312-45FB-98E4-613CC7A80D3C} = {DE60EF20-4312-45FB-98E4-613CC7A80D3C}
		{58D4DB37-8DF4-42D8-8CF2-1BF4C3883416} = {58D4DB37-8DF4-42D8-8CF2-1BF4C3883416}
	EndProjectSection
EndProject
Project("{8BC9CEB8-8B4A-11D0-8D11-00A0C91BC942}") = "opencv_performance", "modules\haartraining\opencv_performance.vcxproj", "{9A8CB7E5-C1A5-4A7B-AC71-FED8A6D19628}"
	ProjectSection(ProjectDependencies) = postProject
		{44A60DF1-529D-4C51-B640-FD55223402C8} = {44A60DF1-529D-4C51-B640-FD55223402C8}
		{58D4DB37-8DF4-42D8-8CF2-1BF4C3883416} = {58D4DB37-8DF4-42D8-8CF2-1BF4C3883416}
		{DE60EF20-4312-45FB-98E4-613CC7A80D3C} = {DE60EF20-4312-45FB-98E4-613CC7A80D3C}
		{0B6B6DEC-3BC0-4356-9BD4-8C950DFEC2CC} = {0B6B6DEC-3BC0-4356-9BD4-8C950DFEC2CC}
		{6ABDCFAB-B472-4BAA-9474-FCD447CBE6DD} = {6ABDCFAB-B472-4BAA-9474-FCD447CBE6DD}
		{630C22F1-D793-4D2E-99DC-7149012DF28B} = {630C22F1-D793-4D2E-99DC-7149012DF28B}
		{0B6B6DEC-3BC0-4356-9BD4-8C950DFEC2CC} = {0B6B6DEC-3BC0-4356-9BD4-8C950DFEC2CC}
		{6ABDCFAB-B472-4BAA-9474-FCD447CBE6DD} = {6ABDCFAB-B472-4BAA-9474-FCD447CBE6DD}
		{303A910F-BD58-46D6-B64E-6BF5B559EA7F} = {303A910F-BD58-46D6-B64E-6BF5B559EA7F}
		{DE60EF20-4312-45FB-98E4-613CC7A80D3C} = {DE60EF20-4312-45FB-98E4-613CC7A80D3C}
		{58D4DB37-8DF4-42D8-8CF2-1BF4C3883416} = {58D4DB37-8DF4-42D8-8CF2-1BF4C3883416}
		{1DFE48D8-0FBC-4CBC-AFFD-0B49DFD1C99D} = {1DFE48D8-0FBC-4CBC-AFFD-0B49DFD1C99D}
		{F3F68041-304F-4421-990B-89CB27908934} = {F3F68041-304F-4421-990B-89CB27908934}
		{8C611D24-2DDB-4E80-8F80-F0B0B4B66969} = {8C611D24-2DDB-4E80-8F80-F0B0B4B66969}
		{39EF4579-E220-4980-B7A7-76FC430079F0} = {39EF4579-E220-4980-B7A7-76FC430079F0}
		{F66C56A3-5F1C-4B6C-A5AC-7FE70A125290} = {F66C56A3-5F1C-4B6C-A5AC-7FE70A125290}
		{44A60DF1-529D-4C51-B640-FD55223402C8} = {44A60DF1-529D-4C51-B640-FD55223402C8}
		{CB60A649-DBDD-416D-BD3E-B6AE586C3173} = {CB60A649-DBDD-416D-BD3E-B6AE586C3173}
		{E1A2D17C-D4F4-4030-88F8-01FB4E5C3D2C} = {E1A2D17C-D4F4-4030-88F8-01FB4E5C3D2C}
		{6ABDCFAB-B472-4BAA-9474-FCD447CBE6DD} = {6ABDCFAB-B472-4BAA-9474-FCD447CBE6DD}
		{44A60DF1-529D-4C51-B640-FD55223402C8} = {44A60DF1-529D-4C51-B640-FD55223402C8}
		{630C22F1-D793-4D2E-99DC-7149012DF28B} = {630C22F1-D793-4D2E-99DC-7149012DF28B}
		{DE60EF20-4312-45FB-98E4-613CC7A80D3C} = {DE60EF20-4312-45FB-98E4-613CC7A80D3C}
		{58D4DB37-8DF4-42D8-8CF2-1BF4C3883416} = {58D4DB37-8DF4-42D8-8CF2-1BF4C3883416}
		{0B6B6DEC-3BC0-4356-9BD4-8C950DFEC2CC} = {0B6B6DEC-3BC0-4356-9BD4-8C950DFEC2CC}
	EndProjectSection
EndProject
Project("{8BC9CEB8-8B4A-11D0-8D11-00A0C91BC942}") = "opencv_stitching", "modules\stitching\opencv_stitching.vcxproj", "{A9B76BAA-249B-4757-A196-23BCC0886497}"
	ProjectSection(ProjectDependencies) = postProject
		{44A60DF1-529D-4C51-B640-FD55223402C8} = {44A60DF1-529D-4C51-B640-FD55223402C8}
		{58D4DB37-8DF4-42D8-8CF2-1BF4C3883416} = {58D4DB37-8DF4-42D8-8CF2-1BF4C3883416}
		{DE60EF20-4312-45FB-98E4-613CC7A80D3C} = {DE60EF20-4312-45FB-98E4-613CC7A80D3C}
		{303A910F-BD58-46D6-B64E-6BF5B559EA7F} = {303A910F-BD58-46D6-B64E-6BF5B559EA7F}
		{6ABDCFAB-B472-4BAA-9474-FCD447CBE6DD} = {6ABDCFAB-B472-4BAA-9474-FCD447CBE6DD}
		{19FC3C7B-3622-41FC-8B98-D453B1375304} = {19FC3C7B-3622-41FC-8B98-D453B1375304}
		{0B6B6DEC-3BC0-4356-9BD4-8C950DFEC2CC} = {0B6B6DEC-3BC0-4356-9BD4-8C950DFEC2CC}
		{6ABDCFAB-B472-4BAA-9474-FCD447CBE6DD} = {6ABDCFAB-B472-4BAA-9474-FCD447CBE6DD}
		{303A910F-BD58-46D6-B64E-6BF5B559EA7F} = {303A910F-BD58-46D6-B64E-6BF5B559EA7F}
		{DE60EF20-4312-45FB-98E4-613CC7A80D3C} = {DE60EF20-4312-45FB-98E4-613CC7A80D3C}
		{58D4DB37-8DF4-42D8-8CF2-1BF4C3883416} = {58D4DB37-8DF4-42D8-8CF2-1BF4C3883416}
		{1DFE48D8-0FBC-4CBC-AFFD-0B49DFD1C99D} = {1DFE48D8-0FBC-4CBC-AFFD-0B49DFD1C99D}
		{F3F68041-304F-4421-990B-89CB27908934} = {F3F68041-304F-4421-990B-89CB27908934}
		{8C611D24-2DDB-4E80-8F80-F0B0B4B66969} = {8C611D24-2DDB-4E80-8F80-F0B0B4B66969}
		{39EF4579-E220-4980-B7A7-76FC430079F0} = {39EF4579-E220-4980-B7A7-76FC430079F0}
		{F66C56A3-5F1C-4B6C-A5AC-7FE70A125290} = {F66C56A3-5F1C-4B6C-A5AC-7FE70A125290}
		{44A60DF1-529D-4C51-B640-FD55223402C8} = {44A60DF1-529D-4C51-B640-FD55223402C8}
		{CB60A649-DBDD-416D-BD3E-B6AE586C3173} = {CB60A649-DBDD-416D-BD3E-B6AE586C3173}
		{E1A2D17C-D4F4-4030-88F8-01FB4E5C3D2C} = {E1A2D17C-D4F4-4030-88F8-01FB4E5C3D2C}
		{6ABDCFAB-B472-4BAA-9474-FCD447CBE6DD} = {6ABDCFAB-B472-4BAA-9474-FCD447CBE6DD}
		{44A60DF1-529D-4C51-B640-FD55223402C8} = {44A60DF1-529D-4C51-B640-FD55223402C8}
		{303A910F-BD58-46D6-B64E-6BF5B559EA7F} = {303A910F-BD58-46D6-B64E-6BF5B559EA7F}
		{19FC3C7B-3622-41FC-8B98-D453B1375304} = {19FC3C7B-3622-41FC-8B98-D453B1375304}
		{DE60EF20-4312-45FB-98E4-613CC7A80D3C} = {DE60EF20-4312-45FB-98E4-613CC7A80D3C}
		{58D4DB37-8DF4-42D8-8CF2-1BF4C3883416} = {58D4DB37-8DF4-42D8-8CF2-1BF4C3883416}
	EndProjectSection
EndProject
Project("{8BC9CEB8-8B4A-11D0-8D11-00A0C91BC942}") = "opencv_test_calib3d", "modules\calib3d\opencv_test_calib3d.vcxproj", "{C3ECB2EC-299F-41CA-BB51-C9762F7D28DF}"
	ProjectSection(ProjectDependencies) = postProject
		{6ABDCFAB-B472-4BAA-9474-FCD447CBE6DD} = {6ABDCFAB-B472-4BAA-9474-FCD447CBE6DD}
		{44A60DF1-529D-4C51-B640-FD55223402C8} = {44A60DF1-529D-4C51-B640-FD55223402C8}
		{58D4DB37-8DF4-42D8-8CF2-1BF4C3883416} = {58D4DB37-8DF4-42D8-8CF2-1BF4C3883416}
		{DE60EF20-4312-45FB-98E4-613CC7A80D3C} = {DE60EF20-4312-45FB-98E4-613CC7A80D3C}
		{303A910F-BD58-46D6-B64E-6BF5B559EA7F} = {303A910F-BD58-46D6-B64E-6BF5B559EA7F}
		{F66C56A3-5F1C-4B6C-A5AC-7FE70A125290} = {F66C56A3-5F1C-4B6C-A5AC-7FE70A125290}
		{6C8B2234-3324-4175-8F3A-EC871FE17BB4} = {6C8B2234-3324-4175-8F3A-EC871FE17BB4}
		{DE60EF20-4312-45FB-98E4-613CC7A80D3C} = {DE60EF20-4312-45FB-98E4-613CC7A80D3C}
		{58D4DB37-8DF4-42D8-8CF2-1BF4C3883416} = {58D4DB37-8DF4-42D8-8CF2-1BF4C3883416}
		{44A60DF1-529D-4C51-B640-FD55223402C8} = {44A60DF1-529D-4C51-B640-FD55223402C8}
		{CB60A649-DBDD-416D-BD3E-B6AE586C3173} = {CB60A649-DBDD-416D-BD3E-B6AE586C3173}
		{1DFE48D8-0FBC-4CBC-AFFD-0B49DFD1C99D} = {1DFE48D8-0FBC-4CBC-AFFD-0B49DFD1C99D}
		{F3F68041-304F-4421-990B-89CB27908934} = {F3F68041-304F-4421-990B-89CB27908934}
		{8C611D24-2DDB-4E80-8F80-F0B0B4B66969} = {8C611D24-2DDB-4E80-8F80-F0B0B4B66969}
		{39EF4579-E220-4980-B7A7-76FC430079F0} = {39EF4579-E220-4980-B7A7-76FC430079F0}
		{E1A2D17C-D4F4-4030-88F8-01FB4E5C3D2C} = {E1A2D17C-D4F4-4030-88F8-01FB4E5C3D2C}
		{6ABDCFAB-B472-4BAA-9474-FCD447CBE6DD} = {6ABDCFAB-B472-4BAA-9474-FCD447CBE6DD}
		{44A60DF1-529D-4C51-B640-FD55223402C8} = {44A60DF1-529D-4C51-B640-FD55223402C8}
		{303A910F-BD58-46D6-B64E-6BF5B559EA7F} = {303A910F-BD58-46D6-B64E-6BF5B559EA7F}
		{F66C56A3-5F1C-4B6C-A5AC-7FE70A125290} = {F66C56A3-5F1C-4B6C-A5AC-7FE70A125290}
		{DE60EF20-4312-45FB-98E4-613CC7A80D3C} = {DE60EF20-4312-45FB-98E4-613CC7A80D3C}
		{58D4DB37-8DF4-42D8-8CF2-1BF4C3883416} = {58D4DB37-8DF4-42D8-8CF2-1BF4C3883416}
		{6C8B2234-3324-4175-8F3A-EC871FE17BB4} = {6C8B2234-3324-4175-8F3A-EC871FE17BB4}
	EndProjectSection
EndProject
Project("{8BC9CEB8-8B4A-11D0-8D11-00A0C91BC942}") = "opencv_test_core", "modules\core\opencv_test_core.vcxproj", "{0CACD18C-477E-44C2-A2F9-1A41F372EA06}"
	ProjectSection(ProjectDependencies) = postProject
		{44A60DF1-529D-4C51-B640-FD55223402C8} = {44A60DF1-529D-4C51-B640-FD55223402C8}
		{CB60A649-DBDD-416D-BD3E-B6AE586C3173} = {CB60A649-DBDD-416D-BD3E-B6AE586C3173}
		{6C8B2234-3324-4175-8F3A-EC871FE17BB4} = {6C8B2234-3324-4175-8F3A-EC871FE17BB4}
		{DE60EF20-4312-45FB-98E4-613CC7A80D3C} = {DE60EF20-4312-45FB-98E4-613CC7A80D3C}
		{58D4DB37-8DF4-42D8-8CF2-1BF4C3883416} = {58D4DB37-8DF4-42D8-8CF2-1BF4C3883416}
		{44A60DF1-529D-4C51-B640-FD55223402C8} = {44A60DF1-529D-4C51-B640-FD55223402C8}
		{CB60A649-DBDD-416D-BD3E-B6AE586C3173} = {CB60A649-DBDD-416D-BD3E-B6AE586C3173}
		{1DFE48D8-0FBC-4CBC-AFFD-0B49DFD1C99D} = {1DFE48D8-0FBC-4CBC-AFFD-0B49DFD1C99D}
		{F3F68041-304F-4421-990B-89CB27908934} = {F3F68041-304F-4421-990B-89CB27908934}
		{8C611D24-2DDB-4E80-8F80-F0B0B4B66969} = {8C611D24-2DDB-4E80-8F80-F0B0B4B66969}
		{39EF4579-E220-4980-B7A7-76FC430079F0} = {39EF4579-E220-4980-B7A7-76FC430079F0}
		{E1A2D17C-D4F4-4030-88F8-01FB4E5C3D2C} = {E1A2D17C-D4F4-4030-88F8-01FB4E5C3D2C}
		{44A60DF1-529D-4C51-B640-FD55223402C8} = {44A60DF1-529D-4C51-B640-FD55223402C8}
		{DE60EF20-4312-45FB-98E4-613CC7A80D3C} = {DE60EF20-4312-45FB-98E4-613CC7A80D3C}
		{6C8B2234-3324-4175-8F3A-EC871FE17BB4} = {6C8B2234-3324-4175-8F3A-EC871FE17BB4}
		{CB60A649-DBDD-416D-BD3E-B6AE586C3173} = {CB60A649-DBDD-416D-BD3E-B6AE586C3173}
	EndProjectSection
EndProject
Project("{8BC9CEB8-8B4A-11D0-8D11-00A0C91BC942}") = "opencv_test_features2d", "modules\features2d\opencv_test_features2d.vcxproj", "{AE040847-3C66-4DEB-B658-020ED0B23FDB}"
	ProjectSection(ProjectDependencies) = postProject
		{303A910F-BD58-46D6-B64E-6BF5B559EA7F} = {303A910F-BD58-46D6-B64E-6BF5B559EA7F}
		{44A60DF1-529D-4C51-B640-FD55223402C8} = {44A60DF1-529D-4C51-B640-FD55223402C8}
		{58D4DB37-8DF4-42D8-8CF2-1BF4C3883416} = {58D4DB37-8DF4-42D8-8CF2-1BF4C3883416}
		{DE60EF20-4312-45FB-98E4-613CC7A80D3C} = {DE60EF20-4312-45FB-98E4-613CC7A80D3C}
		{F66C56A3-5F1C-4B6C-A5AC-7FE70A125290} = {F66C56A3-5F1C-4B6C-A5AC-7FE70A125290}
		{6C8B2234-3324-4175-8F3A-EC871FE17BB4} = {6C8B2234-3324-4175-8F3A-EC871FE17BB4}
		{DE60EF20-4312-45FB-98E4-613CC7A80D3C} = {DE60EF20-4312-45FB-98E4-613CC7A80D3C}
		{58D4DB37-8DF4-42D8-8CF2-1BF4C3883416} = {58D4DB37-8DF4-42D8-8CF2-1BF4C3883416}
		{44A60DF1-529D-4C51-B640-FD55223402C8} = {44A60DF1-529D-4C51-B640-FD55223402C8}
		{CB60A649-DBDD-416D-BD3E-B6AE586C3173} = {CB60A649-DBDD-416D-BD3E-B6AE586C3173}
		{1DFE48D8-0FBC-4CBC-AFFD-0B49DFD1C99D} = {1DFE48D8-0FBC-4CBC-AFFD-0B49DFD1C99D}
		{F3F68041-304F-4421-990B-89CB27908934} = {F3F68041-304F-4421-990B-89CB27908934}
		{8C611D24-2DDB-4E80-8F80-F0B0B4B66969} = {8C611D24-2DDB-4E80-8F80-F0B0B4B66969}
		{39EF4579-E220-4980-B7A7-76FC430079F0} = {39EF4579-E220-4980-B7A7-76FC430079F0}
		{E1A2D17C-D4F4-4030-88F8-01FB4E5C3D2C} = {E1A2D17C-D4F4-4030-88F8-01FB4E5C3D2C}
		{44A60DF1-529D-4C51-B640-FD55223402C8} = {44A60DF1-529D-4C51-B640-FD55223402C8}
		{303A910F-BD58-46D6-B64E-6BF5B559EA7F} = {303A910F-BD58-46D6-B64E-6BF5B559EA7F}
		{F66C56A3-5F1C-4B6C-A5AC-7FE70A125290} = {F66C56A3-5F1C-4B6C-A5AC-7FE70A125290}
		{DE60EF20-4312-45FB-98E4-613CC7A80D3C} = {DE60EF20-4312-45FB-98E4-613CC7A80D3C}
		{58D4DB37-8DF4-42D8-8CF2-1BF4C3883416} = {58D4DB37-8DF4-42D8-8CF2-1BF4C3883416}
		{6C8B2234-3324-4175-8F3A-EC871FE17BB4} = {6C8B2234-3324-4175-8F3A-EC871FE17BB4}
	EndProjectSection
EndProject
Project("{8BC9CEB8-8B4A-11D0-8D11-00A0C91BC942}") = "opencv_test_gpu", "modules\gpu\opencv_test_gpu.vcxproj", "{BA4582FE-6547-4284-9159-C2AB2EB3779C}"
	ProjectSection(ProjectDependencies) = postProject
		{19FC3C7B-3622-41FC-8B98-D453B1375304} = {19FC3C7B-3622-41FC-8B98-D453B1375304}
		{19FC3C7B-3622-41FC-8B98-D453B1375304} = {19FC3C7B-3622-41FC-8B98-D453B1375304}
		{6C8B2234-3324-4175-8F3A-EC871FE17BB4} = {6C8B2234-3324-4175-8F3A-EC871FE17BB4}
		{DE60EF20-4312-45FB-98E4-613CC7A80D3C} = {DE60EF20-4312-45FB-98E4-613CC7A80D3C}
		{6ABDCFAB-B472-4BAA-9474-FCD447CBE6DD} = {6ABDCFAB-B472-4BAA-9474-FCD447CBE6DD}
		{44A60DF1-529D-4C51-B640-FD55223402C8} = {44A60DF1-529D-4C51-B640-FD55223402C8}
		{58D4DB37-8DF4-42D8-8CF2-1BF4C3883416} = {58D4DB37-8DF4-42D8-8CF2-1BF4C3883416}
		{0B6B6DEC-3BC0-4356-9BD4-8C950DFEC2CC} = {0B6B6DEC-3BC0-4356-9BD4-8C950DFEC2CC}
		{303A910F-BD58-46D6-B64E-6BF5B559EA7F} = {303A910F-BD58-46D6-B64E-6BF5B559EA7F}
		{F66C56A3-5F1C-4B6C-A5AC-7FE70A125290} = {F66C56A3-5F1C-4B6C-A5AC-7FE70A125290}
		{6ABDCFAB-B472-4BAA-9474-FCD447CBE6DD} = {6ABDCFAB-B472-4BAA-9474-FCD447CBE6DD}
		{58D4DB37-8DF4-42D8-8CF2-1BF4C3883416} = {58D4DB37-8DF4-42D8-8CF2-1BF4C3883416}
		{44A60DF1-529D-4C51-B640-FD55223402C8} = {44A60DF1-529D-4C51-B640-FD55223402C8}
		{DE60EF20-4312-45FB-98E4-613CC7A80D3C} = {DE60EF20-4312-45FB-98E4-613CC7A80D3C}
		{CB60A649-DBDD-416D-BD3E-B6AE586C3173} = {CB60A649-DBDD-416D-BD3E-B6AE586C3173}
		{1DFE48D8-0FBC-4CBC-AFFD-0B49DFD1C99D} = {1DFE48D8-0FBC-4CBC-AFFD-0B49DFD1C99D}
		{F3F68041-304F-4421-990B-89CB27908934} = {F3F68041-304F-4421-990B-89CB27908934}
		{8C611D24-2DDB-4E80-8F80-F0B0B4B66969} = {8C611D24-2DDB-4E80-8F80-F0B0B4B66969}
		{39EF4579-E220-4980-B7A7-76FC430079F0} = {39EF4579-E220-4980-B7A7-76FC430079F0}
		{E1A2D17C-D4F4-4030-88F8-01FB4E5C3D2C} = {E1A2D17C-D4F4-4030-88F8-01FB4E5C3D2C}
		{6ABDCFAB-B472-4BAA-9474-FCD447CBE6DD} = {6ABDCFAB-B472-4BAA-9474-FCD447CBE6DD}
		{44A60DF1-529D-4C51-B640-FD55223402C8} = {44A60DF1-529D-4C51-B640-FD55223402C8}
		{303A910F-BD58-46D6-B64E-6BF5B559EA7F} = {303A910F-BD58-46D6-B64E-6BF5B559EA7F}
		{F66C56A3-5F1C-4B6C-A5AC-7FE70A125290} = {F66C56A3-5F1C-4B6C-A5AC-7FE70A125290}
		{19FC3C7B-3622-41FC-8B98-D453B1375304} = {19FC3C7B-3622-41FC-8B98-D453B1375304}
		{DE60EF20-4312-45FB-98E4-613CC7A80D3C} = {DE60EF20-4312-45FB-98E4-613CC7A80D3C}
		{58D4DB37-8DF4-42D8-8CF2-1BF4C3883416} = {58D4DB37-8DF4-42D8-8CF2-1BF4C3883416}
		{0B6B6DEC-3BC0-4356-9BD4-8C950DFEC2CC} = {0B6B6DEC-3BC0-4356-9BD4-8C950DFEC2CC}
		{6C8B2234-3324-4175-8F3A-EC871FE17BB4} = {6C8B2234-3324-4175-8F3A-EC871FE17BB4}
	EndProjectSection
EndProject
Project("{8BC9CEB8-8B4A-11D0-8D11-00A0C91BC942}") = "opencv_test_highgui", "modules\highgui\opencv_test_highgui.vcxproj", "{75BB8FFB-881A-4125-875F-1FFF58CE1DF8}"
	ProjectSection(ProjectDependencies) = postProject
		{6C8B2234-3324-4175-8F3A-EC871FE17BB4} = {6C8B2234-3324-4175-8F3A-EC871FE17BB4}
		{DE60EF20-4312-45FB-98E4-613CC7A80D3C} = {DE60EF20-4312-45FB-98E4-613CC7A80D3C}
		{58D4DB37-8DF4-42D8-8CF2-1BF4C3883416} = {58D4DB37-8DF4-42D8-8CF2-1BF4C3883416}
		{1DFE48D8-0FBC-4CBC-AFFD-0B49DFD1C99D} = {1DFE48D8-0FBC-4CBC-AFFD-0B49DFD1C99D}
		{F3F68041-304F-4421-990B-89CB27908934} = {F3F68041-304F-4421-990B-89CB27908934}
		{8C611D24-2DDB-4E80-8F80-F0B0B4B66969} = {8C611D24-2DDB-4E80-8F80-F0B0B4B66969}
		{39EF4579-E220-4980-B7A7-76FC430079F0} = {39EF4579-E220-4980-B7A7-76FC430079F0}
		{44A60DF1-529D-4C51-B640-FD55223402C8} = {44A60DF1-529D-4C51-B640-FD55223402C8}
		{CB60A649-DBDD-416D-BD3E-B6AE586C3173} = {CB60A649-DBDD-416D-BD3E-B6AE586C3173}
		{E1A2D17C-D4F4-4030-88F8-01FB4E5C3D2C} = {E1A2D17C-D4F4-4030-88F8-01FB4E5C3D2C}
		{DE60EF20-4312-45FB-98E4-613CC7A80D3C} = {DE60EF20-4312-45FB-98E4-613CC7A80D3C}
		{58D4DB37-8DF4-42D8-8CF2-1BF4C3883416} = {58D4DB37-8DF4-42D8-8CF2-1BF4C3883416}
		{6C8B2234-3324-4175-8F3A-EC871FE17BB4} = {6C8B2234-3324-4175-8F3A-EC871FE17BB4}
	EndProjectSection
EndProject
Project("{8BC9CEB8-8B4A-11D0-8D11-00A0C91BC942}") = "opencv_test_imgproc", "modules\imgproc\opencv_test_imgproc.vcxproj", "{77F9DDC7-41A1-40A8-AF19-4CB25EC6E307}"
	ProjectSection(ProjectDependencies) = postProject
		{58D4DB37-8DF4-42D8-8CF2-1BF4C3883416} = {58D4DB37-8DF4-42D8-8CF2-1BF4C3883416}
		{44A60DF1-529D-4C51-B640-FD55223402C8} = {44A60DF1-529D-4C51-B640-FD55223402C8}
		{6C8B2234-3324-4175-8F3A-EC871FE17BB4} = {6C8B2234-3324-4175-8F3A-EC871FE17BB4}
		{DE60EF20-4312-45FB-98E4-613CC7A80D3C} = {DE60EF20-4312-45FB-98E4-613CC7A80D3C}
		{44A60DF1-529D-4C51-B640-FD55223402C8} = {44A60DF1-529D-4C51-B640-FD55223402C8}
		{58D4DB37-8DF4-42D8-8CF2-1BF4C3883416} = {58D4DB37-8DF4-42D8-8CF2-1BF4C3883416}
		{CB60A649-DBDD-416D-BD3E-B6AE586C3173} = {CB60A649-DBDD-416D-BD3E-B6AE586C3173}
		{1DFE48D8-0FBC-4CBC-AFFD-0B49DFD1C99D} = {1DFE48D8-0FBC-4CBC-AFFD-0B49DFD1C99D}
		{F3F68041-304F-4421-990B-89CB27908934} = {F3F68041-304F-4421-990B-89CB27908934}
		{8C611D24-2DDB-4E80-8F80-F0B0B4B66969} = {8C611D24-2DDB-4E80-8F80-F0B0B4B66969}
		{39EF4579-E220-4980-B7A7-76FC430079F0} = {39EF4579-E220-4980-B7A7-76FC430079F0}
		{E1A2D17C-D4F4-4030-88F8-01FB4E5C3D2C} = {E1A2D17C-D4F4-4030-88F8-01FB4E5C3D2C}
		{44A60DF1-529D-4C51-B640-FD55223402C8} = {44A60DF1-529D-4C51-B640-FD55223402C8}
		{DE60EF20-4312-45FB-98E4-613CC7A80D3C} = {DE60EF20-4312-45FB-98E4-613CC7A80D3C}
		{58D4DB37-8DF4-42D8-8CF2-1BF4C3883416} = {58D4DB37-8DF4-42D8-8CF2-1BF4C3883416}
		{6C8B2234-3324-4175-8F3A-EC871FE17BB4} = {6C8B2234-3324-4175-8F3A-EC871FE17BB4}
	EndProjectSection
EndProject
Project("{8BC9CEB8-8B4A-11D0-8D11-00A0C91BC942}") = "opencv_test_ml", "modules\ml\opencv_test_ml.vcxproj", "{28788010-9728-4A43-ADC1-F22F38A0C0AE}"
	ProjectSection(ProjectDependencies) = postProject
		{E6BEB1FA-2B61-4187-984D-DB87AE6E793B} = {E6BEB1FA-2B61-4187-984D-DB87AE6E793B}
		{44A60DF1-529D-4C51-B640-FD55223402C8} = {44A60DF1-529D-4C51-B640-FD55223402C8}
		{6C8B2234-3324-4175-8F3A-EC871FE17BB4} = {6C8B2234-3324-4175-8F3A-EC871FE17BB4}
		{DE60EF20-4312-45FB-98E4-613CC7A80D3C} = {DE60EF20-4312-45FB-98E4-613CC7A80D3C}
		{58D4DB37-8DF4-42D8-8CF2-1BF4C3883416} = {58D4DB37-8DF4-42D8-8CF2-1BF4C3883416}
		{44A60DF1-529D-4C51-B640-FD55223402C8} = {44A60DF1-529D-4C51-B640-FD55223402C8}
		{CB60A649-DBDD-416D-BD3E-B6AE586C3173} = {CB60A649-DBDD-416D-BD3E-B6AE586C3173}
		{1DFE48D8-0FBC-4CBC-AFFD-0B49DFD1C99D} = {1DFE48D8-0FBC-4CBC-AFFD-0B49DFD1C99D}
		{F3F68041-304F-4421-990B-89CB27908934} = {F3F68041-304F-4421-990B-89CB27908934}
		{8C611D24-2DDB-4E80-8F80-F0B0B4B66969} = {8C611D24-2DDB-4E80-8F80-F0B0B4B66969}
		{39EF4579-E220-4980-B7A7-76FC430079F0} = {39EF4579-E220-4980-B7A7-76FC430079F0}
		{E1A2D17C-D4F4-4030-88F8-01FB4E5C3D2C} = {E1A2D17C-D4F4-4030-88F8-01FB4E5C3D2C}
		{44A60DF1-529D-4C51-B640-FD55223402C8} = {44A60DF1-529D-4C51-B640-FD55223402C8}
		{DE60EF20-4312-45FB-98E4-613CC7A80D3C} = {DE60EF20-4312-45FB-98E4-613CC7A80D3C}
		{E6BEB1FA-2B61-4187-984D-DB87AE6E793B} = {E6BEB1FA-2B61-4187-984D-DB87AE6E793B}
		{6C8B2234-3324-4175-8F3A-EC871FE17BB4} = {6C8B2234-3324-4175-8F3A-EC871FE17BB4}
	EndProjectSection
EndProject
Project("{8BC9CEB8-8B4A-11D0-8D11-00A0C91BC942}") = "opencv_test_objdetect", "modules\objdetect\opencv_test_objdetect.vcxproj", "{3ADD6578-E699-4224-BEB5-72537CA7327F}"
	ProjectSection(ProjectDependencies) = postProject
		{0B6B6DEC-3BC0-4356-9BD4-8C950DFEC2CC} = {0B6B6DEC-3BC0-4356-9BD4-8C950DFEC2CC}
		{44A60DF1-529D-4C51-B640-FD55223402C8} = {44A60DF1-529D-4C51-B640-FD55223402C8}
		{58D4DB37-8DF4-42D8-8CF2-1BF4C3883416} = {58D4DB37-8DF4-42D8-8CF2-1BF4C3883416}
		{DE60EF20-4312-45FB-98E4-613CC7A80D3C} = {DE60EF20-4312-45FB-98E4-613CC7A80D3C}
		{303A910F-BD58-46D6-B64E-6BF5B559EA7F} = {303A910F-BD58-46D6-B64E-6BF5B559EA7F}
		{6ABDCFAB-B472-4BAA-9474-FCD447CBE6DD} = {6ABDCFAB-B472-4BAA-9474-FCD447CBE6DD}
		{F66C56A3-5F1C-4B6C-A5AC-7FE70A125290} = {F66C56A3-5F1C-4B6C-A5AC-7FE70A125290}
		{6C8B2234-3324-4175-8F3A-EC871FE17BB4} = {6C8B2234-3324-4175-8F3A-EC871FE17BB4}
		{DE60EF20-4312-45FB-98E4-613CC7A80D3C} = {DE60EF20-4312-45FB-98E4-613CC7A80D3C}
		{303A910F-BD58-46D6-B64E-6BF5B559EA7F} = {303A910F-BD58-46D6-B64E-6BF5B559EA7F}
		{58D4DB37-8DF4-42D8-8CF2-1BF4C3883416} = {58D4DB37-8DF4-42D8-8CF2-1BF4C3883416}
		{44A60DF1-529D-4C51-B640-FD55223402C8} = {44A60DF1-529D-4C51-B640-FD55223402C8}
		{CB60A649-DBDD-416D-BD3E-B6AE586C3173} = {CB60A649-DBDD-416D-BD3E-B6AE586C3173}
		{1DFE48D8-0FBC-4CBC-AFFD-0B49DFD1C99D} = {1DFE48D8-0FBC-4CBC-AFFD-0B49DFD1C99D}
		{F3F68041-304F-4421-990B-89CB27908934} = {F3F68041-304F-4421-990B-89CB27908934}
		{8C611D24-2DDB-4E80-8F80-F0B0B4B66969} = {8C611D24-2DDB-4E80-8F80-F0B0B4B66969}
		{39EF4579-E220-4980-B7A7-76FC430079F0} = {39EF4579-E220-4980-B7A7-76FC430079F0}
		{E1A2D17C-D4F4-4030-88F8-01FB4E5C3D2C} = {E1A2D17C-D4F4-4030-88F8-01FB4E5C3D2C}
		{6ABDCFAB-B472-4BAA-9474-FCD447CBE6DD} = {6ABDCFAB-B472-4BAA-9474-FCD447CBE6DD}
		{44A60DF1-529D-4C51-B640-FD55223402C8} = {44A60DF1-529D-4C51-B640-FD55223402C8}
		{303A910F-BD58-46D6-B64E-6BF5B559EA7F} = {303A910F-BD58-46D6-B64E-6BF5B559EA7F}
		{F66C56A3-5F1C-4B6C-A5AC-7FE70A125290} = {F66C56A3-5F1C-4B6C-A5AC-7FE70A125290}
		{DE60EF20-4312-45FB-98E4-613CC7A80D3C} = {DE60EF20-4312-45FB-98E4-613CC7A80D3C}
		{58D4DB37-8DF4-42D8-8CF2-1BF4C3883416} = {58D4DB37-8DF4-42D8-8CF2-1BF4C3883416}
		{0B6B6DEC-3BC0-4356-9BD4-8C950DFEC2CC} = {0B6B6DEC-3BC0-4356-9BD4-8C950DFEC2CC}
		{6C8B2234-3324-4175-8F3A-EC871FE17BB4} = {6C8B2234-3324-4175-8F3A-EC871FE17BB4}
	EndProjectSection
EndProject
Project("{8BC9CEB8-8B4A-11D0-8D11-00A0C91BC942}") = "opencv_test_video", "modules\video\opencv_test_video.vcxproj", "{735EF0BD-CEB5-403E-A15F-9AE6ACB79E4A}"
	ProjectSection(ProjectDependencies) = postProject
		{5F38BC9D-2845-41FC-82C0-C3DE56657DC9} = {5F38BC9D-2845-41FC-82C0-C3DE56657DC9}
		{44A60DF1-529D-4C51-B640-FD55223402C8} = {44A60DF1-529D-4C51-B640-FD55223402C8}
		{58D4DB37-8DF4-42D8-8CF2-1BF4C3883416} = {58D4DB37-8DF4-42D8-8CF2-1BF4C3883416}
		{6C8B2234-3324-4175-8F3A-EC871FE17BB4} = {6C8B2234-3324-4175-8F3A-EC871FE17BB4}
		{DE60EF20-4312-45FB-98E4-613CC7A80D3C} = {DE60EF20-4312-45FB-98E4-613CC7A80D3C}
		{58D4DB37-8DF4-42D8-8CF2-1BF4C3883416} = {58D4DB37-8DF4-42D8-8CF2-1BF4C3883416}
		{44A60DF1-529D-4C51-B640-FD55223402C8} = {44A60DF1-529D-4C51-B640-FD55223402C8}
		{CB60A649-DBDD-416D-BD3E-B6AE586C3173} = {CB60A649-DBDD-416D-BD3E-B6AE586C3173}
		{1DFE48D8-0FBC-4CBC-AFFD-0B49DFD1C99D} = {1DFE48D8-0FBC-4CBC-AFFD-0B49DFD1C99D}
		{F3F68041-304F-4421-990B-89CB27908934} = {F3F68041-304F-4421-990B-89CB27908934}
		{8C611D24-2DDB-4E80-8F80-F0B0B4B66969} = {8C611D24-2DDB-4E80-8F80-F0B0B4B66969}
		{39EF4579-E220-4980-B7A7-76FC430079F0} = {39EF4579-E220-4980-B7A7-76FC430079F0}
		{E1A2D17C-D4F4-4030-88F8-01FB4E5C3D2C} = {E1A2D17C-D4F4-4030-88F8-01FB4E5C3D2C}
		{44A60DF1-529D-4C51-B640-FD55223402C8} = {44A60DF1-529D-4C51-B640-FD55223402C8}
		{DE60EF20-4312-45FB-98E4-613CC7A80D3C} = {DE60EF20-4312-45FB-98E4-613CC7A80D3C}
		{58D4DB37-8DF4-42D8-8CF2-1BF4C3883416} = {58D4DB37-8DF4-42D8-8CF2-1BF4C3883416}
		{6C8B2234-3324-4175-8F3A-EC871FE17BB4} = {6C8B2234-3324-4175-8F3A-EC871FE17BB4}
		{5F38BC9D-2845-41FC-82C0-C3DE56657DC9} = {5F38BC9D-2845-41FC-82C0-C3DE56657DC9}
	EndProjectSection
EndProject
Project("{8BC9CEB8-8B4A-11D0-8D11-00A0C91BC942}") = "opencv_traincascade", "modules\traincascade\opencv_traincascade.vcxproj", "{068DE99C-DC76-46D5-955C-BB77EC1FC8C7}"
	ProjectSection(ProjectDependencies) = postProject
		{44A60DF1-529D-4C51-B640-FD55223402C8} = {44A60DF1-529D-4C51-B640-FD55223402C8}
		{E6BEB1FA-2B61-4187-984D-DB87AE6E793B} = {E6BEB1FA-2B61-4187-984D-DB87AE6E793B}
		{58D4DB37-8DF4-42D8-8CF2-1BF4C3883416} = {58D4DB37-8DF4-42D8-8CF2-1BF4C3883416}
		{0B6B6DEC-3BC0-4356-9BD4-8C950DFEC2CC} = {0B6B6DEC-3BC0-4356-9BD4-8C950DFEC2CC}
		{DE60EF20-4312-45FB-98E4-613CC7A80D3C} = {DE60EF20-4312-45FB-98E4-613CC7A80D3C}
		{630C22F1-D793-4D2E-99DC-7149012DF28B} = {630C22F1-D793-4D2E-99DC-7149012DF28B}
		{0B6B6DEC-3BC0-4356-9BD4-8C950DFEC2CC} = {0B6B6DEC-3BC0-4356-9BD4-8C950DFEC2CC}
		{6ABDCFAB-B472-4BAA-9474-FCD447CBE6DD} = {6ABDCFAB-B472-4BAA-9474-FCD447CBE6DD}
		{303A910F-BD58-46D6-B64E-6BF5B559EA7F} = {303A910F-BD58-46D6-B64E-6BF5B559EA7F}
		{DE60EF20-4312-45FB-98E4-613CC7A80D3C} = {DE60EF20-4312-45FB-98E4-613CC7A80D3C}
		{58D4DB37-8DF4-42D8-8CF2-1BF4C3883416} = {58D4DB37-8DF4-42D8-8CF2-1BF4C3883416}
		{1DFE48D8-0FBC-4CBC-AFFD-0B49DFD1C99D} = {1DFE48D8-0FBC-4CBC-AFFD-0B49DFD1C99D}
		{F3F68041-304F-4421-990B-89CB27908934} = {F3F68041-304F-4421-990B-89CB27908934}
		{8C611D24-2DDB-4E80-8F80-F0B0B4B66969} = {8C611D24-2DDB-4E80-8F80-F0B0B4B66969}
		{39EF4579-E220-4980-B7A7-76FC430079F0} = {39EF4579-E220-4980-B7A7-76FC430079F0}
		{F66C56A3-5F1C-4B6C-A5AC-7FE70A125290} = {F66C56A3-5F1C-4B6C-A5AC-7FE70A125290}
		{44A60DF1-529D-4C51-B640-FD55223402C8} = {44A60DF1-529D-4C51-B640-FD55223402C8}
		{CB60A649-DBDD-416D-BD3E-B6AE586C3173} = {CB60A649-DBDD-416D-BD3E-B6AE586C3173}
		{E1A2D17C-D4F4-4030-88F8-01FB4E5C3D2C} = {E1A2D17C-D4F4-4030-88F8-01FB4E5C3D2C}
		{44A60DF1-529D-4C51-B640-FD55223402C8} = {44A60DF1-529D-4C51-B640-FD55223402C8}
		{630C22F1-D793-4D2E-99DC-7149012DF28B} = {630C22F1-D793-4D2E-99DC-7149012DF28B}
		{DE60EF20-4312-45FB-98E4-613CC7A80D3C} = {DE60EF20-4312-45FB-98E4-613CC7A80D3C}
		{58D4DB37-8DF4-42D8-8CF2-1BF4C3883416} = {58D4DB37-8DF4-42D8-8CF2-1BF4C3883416}
		{E6BEB1FA-2B61-4187-984D-DB87AE6E793B} = {E6BEB1FA-2B61-4187-984D-DB87AE6E793B}
		{0B6B6DEC-3BC0-4356-9BD4-8C950DFEC2CC} = {0B6B6DEC-3BC0-4356-9BD4-8C950DFEC2CC}
	EndProjectSection
EndProject
Project("{8BC9CEB8-8B4A-11D0-8D11-00A0C91BC942}") = "opencv_ts", "modules\ts\opencv_ts.vcxproj", "{6C8B2234-3324-4175-8F3A-EC871FE17BB4}"
	ProjectSection(ProjectDependencies) = postProject
		{44A60DF1-529D-4C51-B640-FD55223402C8} = {44A60DF1-529D-4C51-B640-FD55223402C8}
		{CB60A649-DBDD-416D-BD3E-B6AE586C3173} = {CB60A649-DBDD-416D-BD3E-B6AE586C3173}
		{E1A2D17C-D4F4-4030-88F8-01FB4E5C3D2C} = {E1A2D17C-D4F4-4030-88F8-01FB4E5C3D2C}
		{44A60DF1-529D-4C51-B640-FD55223402C8} = {44A60DF1-529D-4C51-B640-FD55223402C8}
	EndProjectSection
EndProject
Project("{8BC9CEB8-8B4A-11D0-8D11-00A0C91BC942}") = "opencv_video", "modules\video\opencv_video.vcxproj", "{5F38BC9D-2845-41FC-82C0-C3DE56657DC9}"
	ProjectSection(ProjectDependencies) = postProject
		{44A60DF1-529D-4C51-B640-FD55223402C8} = {44A60DF1-529D-4C51-B640-FD55223402C8}
		{58D4DB37-8DF4-42D8-8CF2-1BF4C3883416} = {58D4DB37-8DF4-42D8-8CF2-1BF4C3883416}
		{44A60DF1-529D-4C51-B640-FD55223402C8} = {44A60DF1-529D-4C51-B640-FD55223402C8}
		{CB60A649-DBDD-416D-BD3E-B6AE586C3173} = {CB60A649-DBDD-416D-BD3E-B6AE586C3173}
		{E1A2D17C-D4F4-4030-88F8-01FB4E5C3D2C} = {E1A2D17C-D4F4-4030-88F8-01FB4E5C3D2C}
		{44A60DF1-529D-4C51-B640-FD55223402C8} = {44A60DF1-529D-4C51-B640-FD55223402C8}
		{58D4DB37-8DF4-42D8-8CF2-1BF4C3883416} = {58D4DB37-8DF4-42D8-8CF2-1BF4C3883416}
	EndProjectSection
EndProject
Project("{8BC9CEB8-8B4A-11D0-8D11-00A0C91BC942}") = "package_source", ".\package_source.vcxproj", "{84200148-78B2-42BA-8253-7A4B35E02C94}"
	ProjectSection(ProjectDependencies) = postProject
		{E1A2D17C-D4F4-4030-88F8-01FB4E5C3D2C} = {E1A2D17C-D4F4-4030-88F8-01FB4E5C3D2C}
	EndProjectSection
EndProject
Project("{8BC9CEB8-8B4A-11D0-8D11-00A0C91BC942}") = "uninstall", ".\uninstall.vcxproj", "{4FE96F04-3AEA-4C11-9CD5-F9C8FD2456E7}"
	ProjectSection(ProjectDependencies) = postProject
		{E1A2D17C-D4F4-4030-88F8-01FB4E5C3D2C} = {E1A2D17C-D4F4-4030-88F8-01FB4E5C3D2C}
	EndProjectSection
EndProject
Project("{8BC9CEB8-8B4A-11D0-8D11-00A0C91BC942}") = "zlib", "3rdparty\zlib\zlib.vcxproj", "{CB60A649-DBDD-416D-BD3E-B6AE586C3173}"
	ProjectSection(ProjectDependencies) = postProject
		{E1A2D17C-D4F4-4030-88F8-01FB4E5C3D2C} = {E1A2D17C-D4F4-4030-88F8-01FB4E5C3D2C}
	EndProjectSection
EndProject
Global
	GlobalSection(SolutionConfigurationPlatforms) = preSolution
		Debug|x64 = Debug|x64
		Release|x64 = Release|x64
		MinSizeRel|x64 = MinSizeRel|x64
		RelWithDebInfo|x64 = RelWithDebInfo|x64
	EndGlobalSection
	GlobalSection(ProjectConfigurationPlatforms) = postSolution
		{084BE3E1-9F0C-49CB-AB72-1DE5063E4160}.Debug|x64.ActiveCfg = Debug|x64
		{084BE3E1-9F0C-49CB-AB72-1DE5063E4160}.Debug|x64.Build.0 = Debug|x64
		{084BE3E1-9F0C-49CB-AB72-1DE5063E4160}.Release|x64.ActiveCfg = Release|x64
		{084BE3E1-9F0C-49CB-AB72-1DE5063E4160}.Release|x64.Build.0 = Release|x64
		{084BE3E1-9F0C-49CB-AB72-1DE5063E4160}.MinSizeRel|x64.ActiveCfg = MinSizeRel|x64
		{084BE3E1-9F0C-49CB-AB72-1DE5063E4160}.MinSizeRel|x64.Build.0 = MinSizeRel|x64
		{084BE3E1-9F0C-49CB-AB72-1DE5063E4160}.RelWithDebInfo|x64.ActiveCfg = RelWithDebInfo|x64
		{084BE3E1-9F0C-49CB-AB72-1DE5063E4160}.RelWithDebInfo|x64.Build.0 = RelWithDebInfo|x64
		{D1C0647E-E11D-4952-AEE2-E421615B1516}.Debug|x64.ActiveCfg = Debug|x64
		{D1C0647E-E11D-4952-AEE2-E421615B1516}.Release|x64.ActiveCfg = Release|x64
		{D1C0647E-E11D-4952-AEE2-E421615B1516}.MinSizeRel|x64.ActiveCfg = MinSizeRel|x64
		{D1C0647E-E11D-4952-AEE2-E421615B1516}.RelWithDebInfo|x64.ActiveCfg = RelWithDebInfo|x64
		{E1A2D17C-D4F4-4030-88F8-01FB4E5C3D2C}.Debug|x64.ActiveCfg = Debug|x64
		{E1A2D17C-D4F4-4030-88F8-01FB4E5C3D2C}.Debug|x64.Build.0 = Debug|x64
		{E1A2D17C-D4F4-4030-88F8-01FB4E5C3D2C}.Release|x64.ActiveCfg = Release|x64
		{E1A2D17C-D4F4-4030-88F8-01FB4E5C3D2C}.Release|x64.Build.0 = Release|x64
		{E1A2D17C-D4F4-4030-88F8-01FB4E5C3D2C}.MinSizeRel|x64.ActiveCfg = MinSizeRel|x64
		{E1A2D17C-D4F4-4030-88F8-01FB4E5C3D2C}.MinSizeRel|x64.Build.0 = MinSizeRel|x64
		{E1A2D17C-D4F4-4030-88F8-01FB4E5C3D2C}.RelWithDebInfo|x64.ActiveCfg = RelWithDebInfo|x64
		{E1A2D17C-D4F4-4030-88F8-01FB4E5C3D2C}.RelWithDebInfo|x64.Build.0 = RelWithDebInfo|x64
		{61904871-BBF0-414F-853F-E10829A81AFA}.Debug|x64.ActiveCfg = Debug|x64
		{61904871-BBF0-414F-853F-E10829A81AFA}.Release|x64.ActiveCfg = Release|x64
		{61904871-BBF0-414F-853F-E10829A81AFA}.MinSizeRel|x64.ActiveCfg = MinSizeRel|x64
		{61904871-BBF0-414F-853F-E10829A81AFA}.RelWithDebInfo|x64.ActiveCfg = RelWithDebInfo|x64
		{283067C0-E57A-4146-BBA0-725EFDF2B966}.Debug|x64.ActiveCfg = Debug|x64
		{283067C0-E57A-4146-BBA0-725EFDF2B966}.Release|x64.ActiveCfg = Release|x64
		{283067C0-E57A-4146-BBA0-725EFDF2B966}.MinSizeRel|x64.ActiveCfg = MinSizeRel|x64
		{283067C0-E57A-4146-BBA0-725EFDF2B966}.RelWithDebInfo|x64.ActiveCfg = RelWithDebInfo|x64
		{39EF4579-E220-4980-B7A7-76FC430079F0}.Debug|x64.ActiveCfg = Debug|x64
		{39EF4579-E220-4980-B7A7-76FC430079F0}.Debug|x64.Build.0 = Debug|x64
		{39EF4579-E220-4980-B7A7-76FC430079F0}.Release|x64.ActiveCfg = Release|x64
		{39EF4579-E220-4980-B7A7-76FC430079F0}.Release|x64.Build.0 = Release|x64
		{39EF4579-E220-4980-B7A7-76FC430079F0}.MinSizeRel|x64.ActiveCfg = MinSizeRel|x64
		{39EF4579-E220-4980-B7A7-76FC430079F0}.MinSizeRel|x64.Build.0 = MinSizeRel|x64
		{39EF4579-E220-4980-B7A7-76FC430079F0}.RelWithDebInfo|x64.ActiveCfg = RelWithDebInfo|x64
		{39EF4579-E220-4980-B7A7-76FC430079F0}.RelWithDebInfo|x64.Build.0 = RelWithDebInfo|x64
		{1DFE48D8-0FBC-4CBC-AFFD-0B49DFD1C99D}.Debug|x64.ActiveCfg = Debug|x64
		{1DFE48D8-0FBC-4CBC-AFFD-0B49DFD1C99D}.Debug|x64.Build.0 = Debug|x64
		{1DFE48D8-0FBC-4CBC-AFFD-0B49DFD1C99D}.Release|x64.ActiveCfg = Release|x64
		{1DFE48D8-0FBC-4CBC-AFFD-0B49DFD1C99D}.Release|x64.Build.0 = Release|x64
		{1DFE48D8-0FBC-4CBC-AFFD-0B49DFD1C99D}.MinSizeRel|x64.ActiveCfg = MinSizeRel|x64
		{1DFE48D8-0FBC-4CBC-AFFD-0B49DFD1C99D}.MinSizeRel|x64.Build.0 = MinSizeRel|x64
		{1DFE48D8-0FBC-4CBC-AFFD-0B49DFD1C99D}.RelWithDebInfo|x64.ActiveCfg = RelWithDebInfo|x64
		{1DFE48D8-0FBC-4CBC-AFFD-0B49DFD1C99D}.RelWithDebInfo|x64.Build.0 = RelWithDebInfo|x64
		{F3F68041-304F-4421-990B-89CB27908934}.Debug|x64.ActiveCfg = Debug|x64
		{F3F68041-304F-4421-990B-89CB27908934}.Debug|x64.Build.0 = Debug|x64
		{F3F68041-304F-4421-990B-89CB27908934}.Release|x64.ActiveCfg = Release|x64
		{F3F68041-304F-4421-990B-89CB27908934}.Release|x64.Build.0 = Release|x64
		{F3F68041-304F-4421-990B-89CB27908934}.MinSizeRel|x64.ActiveCfg = MinSizeRel|x64
		{F3F68041-304F-4421-990B-89CB27908934}.MinSizeRel|x64.Build.0 = MinSizeRel|x64
		{F3F68041-304F-4421-990B-89CB27908934}.RelWithDebInfo|x64.ActiveCfg = RelWithDebInfo|x64
		{F3F68041-304F-4421-990B-89CB27908934}.RelWithDebInfo|x64.Build.0 = RelWithDebInfo|x64
		{8C611D24-2DDB-4E80-8F80-F0B0B4B66969}.Debug|x64.ActiveCfg = Debug|x64
		{8C611D24-2DDB-4E80-8F80-F0B0B4B66969}.Debug|x64.Build.0 = Debug|x64
		{8C611D24-2DDB-4E80-8F80-F0B0B4B66969}.Release|x64.ActiveCfg = Release|x64
		{8C611D24-2DDB-4E80-8F80-F0B0B4B66969}.Release|x64.Build.0 = Release|x64
		{8C611D24-2DDB-4E80-8F80-F0B0B4B66969}.MinSizeRel|x64.ActiveCfg = MinSizeRel|x64
		{8C611D24-2DDB-4E80-8F80-F0B0B4B66969}.MinSizeRel|x64.Build.0 = MinSizeRel|x64
		{8C611D24-2DDB-4E80-8F80-F0B0B4B66969}.RelWithDebInfo|x64.ActiveCfg = RelWithDebInfo|x64
		{8C611D24-2DDB-4E80-8F80-F0B0B4B66969}.RelWithDebInfo|x64.Build.0 = RelWithDebInfo|x64
		{6ABDCFAB-B472-4BAA-9474-FCD447CBE6DD}.Debug|x64.ActiveCfg = Debug|x64
		{6ABDCFAB-B472-4BAA-9474-FCD447CBE6DD}.Debug|x64.Build.0 = Debug|x64
		{6ABDCFAB-B472-4BAA-9474-FCD447CBE6DD}.Release|x64.ActiveCfg = Release|x64
		{6ABDCFAB-B472-4BAA-9474-FCD447CBE6DD}.Release|x64.Build.0 = Release|x64
		{6ABDCFAB-B472-4BAA-9474-FCD447CBE6DD}.MinSizeRel|x64.ActiveCfg = MinSizeRel|x64
		{6ABDCFAB-B472-4BAA-9474-FCD447CBE6DD}.MinSizeRel|x64.Build.0 = MinSizeRel|x64
		{6ABDCFAB-B472-4BAA-9474-FCD447CBE6DD}.RelWithDebInfo|x64.ActiveCfg = RelWithDebInfo|x64
		{6ABDCFAB-B472-4BAA-9474-FCD447CBE6DD}.RelWithDebInfo|x64.Build.0 = RelWithDebInfo|x64
		{C3DAF547-EDB7-4B18-88CF-BD36FD45ADE7}.Debug|x64.ActiveCfg = Debug|x64
		{C3DAF547-EDB7-4B18-88CF-BD36FD45ADE7}.Debug|x64.Build.0 = Debug|x64
		{C3DAF547-EDB7-4B18-88CF-BD36FD45ADE7}.Release|x64.ActiveCfg = Release|x64
		{C3DAF547-EDB7-4B18-88CF-BD36FD45ADE7}.Release|x64.Build.0 = Release|x64
		{C3DAF547-EDB7-4B18-88CF-BD36FD45ADE7}.MinSizeRel|x64.ActiveCfg = MinSizeRel|x64
		{C3DAF547-EDB7-4B18-88CF-BD36FD45ADE7}.MinSizeRel|x64.Build.0 = MinSizeRel|x64
		{C3DAF547-EDB7-4B18-88CF-BD36FD45ADE7}.RelWithDebInfo|x64.ActiveCfg = RelWithDebInfo|x64
		{C3DAF547-EDB7-4B18-88CF-BD36FD45ADE7}.RelWithDebInfo|x64.Build.0 = RelWithDebInfo|x64
		{44A60DF1-529D-4C51-B640-FD55223402C8}.Debug|x64.ActiveCfg = Debug|x64
		{44A60DF1-529D-4C51-B640-FD55223402C8}.Debug|x64.Build.0 = Debug|x64
		{44A60DF1-529D-4C51-B640-FD55223402C8}.Release|x64.ActiveCfg = Release|x64
		{44A60DF1-529D-4C51-B640-FD55223402C8}.Release|x64.Build.0 = Release|x64
		{44A60DF1-529D-4C51-B640-FD55223402C8}.MinSizeRel|x64.ActiveCfg = MinSizeRel|x64
		{44A60DF1-529D-4C51-B640-FD55223402C8}.MinSizeRel|x64.Build.0 = MinSizeRel|x64
		{44A60DF1-529D-4C51-B640-FD55223402C8}.RelWithDebInfo|x64.ActiveCfg = RelWithDebInfo|x64
		{44A60DF1-529D-4C51-B640-FD55223402C8}.RelWithDebInfo|x64.Build.0 = RelWithDebInfo|x64
		{A720531E-84A4-46E0-9793-9F6EAC3842DB}.Debug|x64.ActiveCfg = Debug|x64
		{A720531E-84A4-46E0-9793-9F6EAC3842DB}.Debug|x64.Build.0 = Debug|x64
		{A720531E-84A4-46E0-9793-9F6EAC3842DB}.Release|x64.ActiveCfg = Release|x64
		{A720531E-84A4-46E0-9793-9F6EAC3842DB}.Release|x64.Build.0 = Release|x64
		{A720531E-84A4-46E0-9793-9F6EAC3842DB}.MinSizeRel|x64.ActiveCfg = MinSizeRel|x64
		{A720531E-84A4-46E0-9793-9F6EAC3842DB}.MinSizeRel|x64.Build.0 = MinSizeRel|x64
		{A720531E-84A4-46E0-9793-9F6EAC3842DB}.RelWithDebInfo|x64.ActiveCfg = RelWithDebInfo|x64
		{A720531E-84A4-46E0-9793-9F6EAC3842DB}.RelWithDebInfo|x64.Build.0 = RelWithDebInfo|x64
		{303A910F-BD58-46D6-B64E-6BF5B559EA7F}.Debug|x64.ActiveCfg = Debug|x64
		{303A910F-BD58-46D6-B64E-6BF5B559EA7F}.Debug|x64.Build.0 = Debug|x64
		{303A910F-BD58-46D6-B64E-6BF5B559EA7F}.Release|x64.ActiveCfg = Release|x64
		{303A910F-BD58-46D6-B64E-6BF5B559EA7F}.Release|x64.Build.0 = Release|x64
		{303A910F-BD58-46D6-B64E-6BF5B559EA7F}.MinSizeRel|x64.ActiveCfg = MinSizeRel|x64
		{303A910F-BD58-46D6-B64E-6BF5B559EA7F}.MinSizeRel|x64.Build.0 = MinSizeRel|x64
		{303A910F-BD58-46D6-B64E-6BF5B559EA7F}.RelWithDebInfo|x64.ActiveCfg = RelWithDebInfo|x64
		{303A910F-BD58-46D6-B64E-6BF5B559EA7F}.RelWithDebInfo|x64.Build.0 = RelWithDebInfo|x64
		{01F0B0C0-10FC-4E0F-8A32-BD02512447E3}.Debug|x64.ActiveCfg = Debug|x64
		{01F0B0C0-10FC-4E0F-8A32-BD02512447E3}.Debug|x64.Build.0 = Debug|x64
		{01F0B0C0-10FC-4E0F-8A32-BD02512447E3}.Release|x64.ActiveCfg = Release|x64
		{01F0B0C0-10FC-4E0F-8A32-BD02512447E3}.Release|x64.Build.0 = Release|x64
		{01F0B0C0-10FC-4E0F-8A32-BD02512447E3}.MinSizeRel|x64.ActiveCfg = MinSizeRel|x64
		{01F0B0C0-10FC-4E0F-8A32-BD02512447E3}.MinSizeRel|x64.Build.0 = MinSizeRel|x64
		{01F0B0C0-10FC-4E0F-8A32-BD02512447E3}.RelWithDebInfo|x64.ActiveCfg = RelWithDebInfo|x64
		{01F0B0C0-10FC-4E0F-8A32-BD02512447E3}.RelWithDebInfo|x64.Build.0 = RelWithDebInfo|x64
		{F66C56A3-5F1C-4B6C-A5AC-7FE70A125290}.Debug|x64.ActiveCfg = Debug|x64
		{F66C56A3-5F1C-4B6C-A5AC-7FE70A125290}.Debug|x64.Build.0 = Debug|x64
		{F66C56A3-5F1C-4B6C-A5AC-7FE70A125290}.Release|x64.ActiveCfg = Release|x64
		{F66C56A3-5F1C-4B6C-A5AC-7FE70A125290}.Release|x64.Build.0 = Release|x64
		{F66C56A3-5F1C-4B6C-A5AC-7FE70A125290}.MinSizeRel|x64.ActiveCfg = MinSizeRel|x64
		{F66C56A3-5F1C-4B6C-A5AC-7FE70A125290}.MinSizeRel|x64.Build.0 = MinSizeRel|x64
		{F66C56A3-5F1C-4B6C-A5AC-7FE70A125290}.RelWithDebInfo|x64.ActiveCfg = RelWithDebInfo|x64
		{F66C56A3-5F1C-4B6C-A5AC-7FE70A125290}.RelWithDebInfo|x64.Build.0 = RelWithDebInfo|x64
		{19FC3C7B-3622-41FC-8B98-D453B1375304}.Debug|x64.ActiveCfg = Debug|x64
		{19FC3C7B-3622-41FC-8B98-D453B1375304}.Debug|x64.Build.0 = Debug|x64
		{19FC3C7B-3622-41FC-8B98-D453B1375304}.Release|x64.ActiveCfg = Release|x64
		{19FC3C7B-3622-41FC-8B98-D453B1375304}.Release|x64.Build.0 = Release|x64
		{19FC3C7B-3622-41FC-8B98-D453B1375304}.MinSizeRel|x64.ActiveCfg = MinSizeRel|x64
		{19FC3C7B-3622-41FC-8B98-D453B1375304}.MinSizeRel|x64.Build.0 = MinSizeRel|x64
		{19FC3C7B-3622-41FC-8B98-D453B1375304}.RelWithDebInfo|x64.ActiveCfg = RelWithDebInfo|x64
		{19FC3C7B-3622-41FC-8B98-D453B1375304}.RelWithDebInfo|x64.Build.0 = RelWithDebInfo|x64
		{9E677857-382A-4FC3-B333-740AC835CFC6}.Debug|x64.ActiveCfg = Debug|x64
		{9E677857-382A-4FC3-B333-740AC835CFC6}.Debug|x64.Build.0 = Debug|x64
		{9E677857-382A-4FC3-B333-740AC835CFC6}.Release|x64.ActiveCfg = Release|x64
		{9E677857-382A-4FC3-B333-740AC835CFC6}.Release|x64.Build.0 = Release|x64
		{9E677857-382A-4FC3-B333-740AC835CFC6}.MinSizeRel|x64.ActiveCfg = MinSizeRel|x64
		{9E677857-382A-4FC3-B333-740AC835CFC6}.MinSizeRel|x64.Build.0 = MinSizeRel|x64
		{9E677857-382A-4FC3-B333-740AC835CFC6}.RelWithDebInfo|x64.ActiveCfg = RelWithDebInfo|x64
		{9E677857-382A-4FC3-B333-740AC835CFC6}.RelWithDebInfo|x64.Build.0 = RelWithDebInfo|x64
		{630C22F1-D793-4D2E-99DC-7149012DF28B}.Debug|x64.ActiveCfg = Debug|x64
		{630C22F1-D793-4D2E-99DC-7149012DF28B}.Debug|x64.Build.0 = Debug|x64
		{630C22F1-D793-4D2E-99DC-7149012DF28B}.Release|x64.ActiveCfg = Release|x64
		{630C22F1-D793-4D2E-99DC-7149012DF28B}.Release|x64.Build.0 = Release|x64
		{630C22F1-D793-4D2E-99DC-7149012DF28B}.MinSizeRel|x64.ActiveCfg = MinSizeRel|x64
		{630C22F1-D793-4D2E-99DC-7149012DF28B}.MinSizeRel|x64.Build.0 = MinSizeRel|x64
		{630C22F1-D793-4D2E-99DC-7149012DF28B}.RelWithDebInfo|x64.ActiveCfg = RelWithDebInfo|x64
		{630C22F1-D793-4D2E-99DC-7149012DF28B}.RelWithDebInfo|x64.Build.0 = RelWithDebInfo|x64
		{DE60EF20-4312-45FB-98E4-613CC7A80D3C}.Debug|x64.ActiveCfg = Debug|x64
		{DE60EF20-4312-45FB-98E4-613CC7A80D3C}.Debug|x64.Build.0 = Debug|x64
		{DE60EF20-4312-45FB-98E4-613CC7A80D3C}.Release|x64.ActiveCfg = Release|x64
		{DE60EF20-4312-45FB-98E4-613CC7A80D3C}.Release|x64.Build.0 = Release|x64
		{DE60EF20-4312-45FB-98E4-613CC7A80D3C}.MinSizeRel|x64.ActiveCfg = MinSizeRel|x64
		{DE60EF20-4312-45FB-98E4-613CC7A80D3C}.MinSizeRel|x64.Build.0 = MinSizeRel|x64
		{DE60EF20-4312-45FB-98E4-613CC7A80D3C}.RelWithDebInfo|x64.ActiveCfg = RelWithDebInfo|x64
		{DE60EF20-4312-45FB-98E4-613CC7A80D3C}.RelWithDebInfo|x64.Build.0 = RelWithDebInfo|x64
		{58D4DB37-8DF4-42D8-8CF2-1BF4C3883416}.Debug|x64.ActiveCfg = Debug|x64
		{58D4DB37-8DF4-42D8-8CF2-1BF4C3883416}.Debug|x64.Build.0 = Debug|x64
		{58D4DB37-8DF4-42D8-8CF2-1BF4C3883416}.Release|x64.ActiveCfg = Release|x64
		{58D4DB37-8DF4-42D8-8CF2-1BF4C3883416}.Release|x64.Build.0 = Release|x64
		{58D4DB37-8DF4-42D8-8CF2-1BF4C3883416}.MinSizeRel|x64.ActiveCfg = MinSizeRel|x64
		{58D4DB37-8DF4-42D8-8CF2-1BF4C3883416}.MinSizeRel|x64.Build.0 = MinSizeRel|x64
		{58D4DB37-8DF4-42D8-8CF2-1BF4C3883416}.RelWithDebInfo|x64.ActiveCfg = RelWithDebInfo|x64
		{58D4DB37-8DF4-42D8-8CF2-1BF4C3883416}.RelWithDebInfo|x64.Build.0 = RelWithDebInfo|x64
		{27C6D4E6-2715-4E73-B555-2E73CBD0250F}.Debug|x64.ActiveCfg = Debug|x64
		{27C6D4E6-2715-4E73-B555-2E73CBD0250F}.Debug|x64.Build.0 = Debug|x64
		{27C6D4E6-2715-4E73-B555-2E73CBD0250F}.Release|x64.ActiveCfg = Release|x64
		{27C6D4E6-2715-4E73-B555-2E73CBD0250F}.Release|x64.Build.0 = Release|x64
		{27C6D4E6-2715-4E73-B555-2E73CBD0250F}.MinSizeRel|x64.ActiveCfg = MinSizeRel|x64
		{27C6D4E6-2715-4E73-B555-2E73CBD0250F}.MinSizeRel|x64.Build.0 = MinSizeRel|x64
		{27C6D4E6-2715-4E73-B555-2E73CBD0250F}.RelWithDebInfo|x64.ActiveCfg = RelWithDebInfo|x64
		{27C6D4E6-2715-4E73-B555-2E73CBD0250F}.RelWithDebInfo|x64.Build.0 = RelWithDebInfo|x64
		{E6BEB1FA-2B61-4187-984D-DB87AE6E793B}.Debug|x64.ActiveCfg = Debug|x64
		{E6BEB1FA-2B61-4187-984D-DB87AE6E793B}.Debug|x64.Build.0 = Debug|x64
		{E6BEB1FA-2B61-4187-984D-DB87AE6E793B}.Release|x64.ActiveCfg = Release|x64
		{E6BEB1FA-2B61-4187-984D-DB87AE6E793B}.Release|x64.Build.0 = Release|x64
		{E6BEB1FA-2B61-4187-984D-DB87AE6E793B}.MinSizeRel|x64.ActiveCfg = MinSizeRel|x64
		{E6BEB1FA-2B61-4187-984D-DB87AE6E793B}.MinSizeRel|x64.Build.0 = MinSizeRel|x64
		{E6BEB1FA-2B61-4187-984D-DB87AE6E793B}.RelWithDebInfo|x64.ActiveCfg = RelWithDebInfo|x64
		{E6BEB1FA-2B61-4187-984D-DB87AE6E793B}.RelWithDebInfo|x64.Build.0 = RelWithDebInfo|x64
		{0B6B6DEC-3BC0-4356-9BD4-8C950DFEC2CC}.Debug|x64.ActiveCfg = Debug|x64
		{0B6B6DEC-3BC0-4356-9BD4-8C950DFEC2CC}.Debug|x64.Build.0 = Debug|x64
		{0B6B6DEC-3BC0-4356-9BD4-8C950DFEC2CC}.Release|x64.ActiveCfg = Release|x64
		{0B6B6DEC-3BC0-4356-9BD4-8C950DFEC2CC}.Release|x64.Build.0 = Release|x64
		{0B6B6DEC-3BC0-4356-9BD4-8C950DFEC2CC}.MinSizeRel|x64.ActiveCfg = MinSizeRel|x64
		{0B6B6DEC-3BC0-4356-9BD4-8C950DFEC2CC}.MinSizeRel|x64.Build.0 = MinSizeRel|x64
		{0B6B6DEC-3BC0-4356-9BD4-8C950DFEC2CC}.RelWithDebInfo|x64.ActiveCfg = RelWithDebInfo|x64
		{0B6B6DEC-3BC0-4356-9BD4-8C950DFEC2CC}.RelWithDebInfo|x64.Build.0 = RelWithDebInfo|x64
		{9A8CB7E5-C1A5-4A7B-AC71-FED8A6D19628}.Debug|x64.ActiveCfg = Debug|x64
		{9A8CB7E5-C1A5-4A7B-AC71-FED8A6D19628}.Debug|x64.Build.0 = Debug|x64
		{9A8CB7E5-C1A5-4A7B-AC71-FED8A6D19628}.Release|x64.ActiveCfg = Release|x64
		{9A8CB7E5-C1A5-4A7B-AC71-FED8A6D19628}.Release|x64.Build.0 = Release|x64
		{9A8CB7E5-C1A5-4A7B-AC71-FED8A6D19628}.MinSizeRel|x64.ActiveCfg = MinSizeRel|x64
		{9A8CB7E5-C1A5-4A7B-AC71-FED8A6D19628}.MinSizeRel|x64.Build.0 = MinSizeRel|x64
		{9A8CB7E5-C1A5-4A7B-AC71-FED8A6D19628}.RelWithDebInfo|x64.ActiveCfg = RelWithDebInfo|x64
		{9A8CB7E5-C1A5-4A7B-AC71-FED8A6D19628}.RelWithDebInfo|x64.Build.0 = RelWithDebInfo|x64
		{A9B76BAA-249B-4757-A196-23BCC0886497}.Debug|x64.ActiveCfg = Debug|x64
		{A9B76BAA-249B-4757-A196-23BCC0886497}.Debug|x64.Build.0 = Debug|x64
		{A9B76BAA-249B-4757-A196-23BCC0886497}.Release|x64.ActiveCfg = Release|x64
		{A9B76BAA-249B-4757-A196-23BCC0886497}.Release|x64.Build.0 = Release|x64
		{A9B76BAA-249B-4757-A196-23BCC0886497}.MinSizeRel|x64.ActiveCfg = MinSizeRel|x64
		{A9B76BAA-249B-4757-A196-23BCC0886497}.MinSizeRel|x64.Build.0 = MinSizeRel|x64
		{A9B76BAA-249B-4757-A196-23BCC0886497}.RelWithDebInfo|x64.ActiveCfg = RelWithDebInfo|x64
		{A9B76BAA-249B-4757-A196-23BCC0886497}.RelWithDebInfo|x64.Build.0 = RelWithDebInfo|x64
		{C3ECB2EC-299F-41CA-BB51-C9762F7D28DF}.Debug|x64.ActiveCfg = Debug|x64
		{C3ECB2EC-299F-41CA-BB51-C9762F7D28DF}.Debug|x64.Build.0 = Debug|x64
		{C3ECB2EC-299F-41CA-BB51-C9762F7D28DF}.Release|x64.ActiveCfg = Release|x64
		{C3ECB2EC-299F-41CA-BB51-C9762F7D28DF}.Release|x64.Build.0 = Release|x64
		{C3ECB2EC-299F-41CA-BB51-C9762F7D28DF}.MinSizeRel|x64.ActiveCfg = MinSizeRel|x64
		{C3ECB2EC-299F-41CA-BB51-C9762F7D28DF}.MinSizeRel|x64.Build.0 = MinSizeRel|x64
		{C3ECB2EC-299F-41CA-BB51-C9762F7D28DF}.RelWithDebInfo|x64.ActiveCfg = RelWithDebInfo|x64
		{C3ECB2EC-299F-41CA-BB51-C9762F7D28DF}.RelWithDebInfo|x64.Build.0 = RelWithDebInfo|x64
		{0CACD18C-477E-44C2-A2F9-1A41F372EA06}.Debug|x64.ActiveCfg = Debug|x64
		{0CACD18C-477E-44C2-A2F9-1A41F372EA06}.Debug|x64.Build.0 = Debug|x64
		{0CACD18C-477E-44C2-A2F9-1A41F372EA06}.Release|x64.ActiveCfg = Release|x64
		{0CACD18C-477E-44C2-A2F9-1A41F372EA06}.Release|x64.Build.0 = Release|x64
		{0CACD18C-477E-44C2-A2F9-1A41F372EA06}.MinSizeRel|x64.ActiveCfg = MinSizeRel|x64
		{0CACD18C-477E-44C2-A2F9-1A41F372EA06}.MinSizeRel|x64.Build.0 = MinSizeRel|x64
		{0CACD18C-477E-44C2-A2F9-1A41F372EA06}.RelWithDebInfo|x64.ActiveCfg = RelWithDebInfo|x64
		{0CACD18C-477E-44C2-A2F9-1A41F372EA06}.RelWithDebInfo|x64.Build.0 = RelWithDebInfo|x64
		{AE040847-3C66-4DEB-B658-020ED0B23FDB}.Debug|x64.ActiveCfg = Debug|x64
		{AE040847-3C66-4DEB-B658-020ED0B23FDB}.Debug|x64.Build.0 = Debug|x64
		{AE040847-3C66-4DEB-B658-020ED0B23FDB}.Release|x64.ActiveCfg = Release|x64
		{AE040847-3C66-4DEB-B658-020ED0B23FDB}.Release|x64.Build.0 = Release|x64
		{AE040847-3C66-4DEB-B658-020ED0B23FDB}.MinSizeRel|x64.ActiveCfg = MinSizeRel|x64
		{AE040847-3C66-4DEB-B658-020ED0B23FDB}.MinSizeRel|x64.Build.0 = MinSizeRel|x64
		{AE040847-3C66-4DEB-B658-020ED0B23FDB}.RelWithDebInfo|x64.ActiveCfg = RelWithDebInfo|x64
		{AE040847-3C66-4DEB-B658-020ED0B23FDB}.RelWithDebInfo|x64.Build.0 = RelWithDebInfo|x64
		{BA4582FE-6547-4284-9159-C2AB2EB3779C}.Debug|x64.ActiveCfg = Debug|x64
		{BA4582FE-6547-4284-9159-C2AB2EB3779C}.Debug|x64.Build.0 = Debug|x64
		{BA4582FE-6547-4284-9159-C2AB2EB3779C}.Release|x64.ActiveCfg = Release|x64
		{BA4582FE-6547-4284-9159-C2AB2EB3779C}.Release|x64.Build.0 = Release|x64
		{BA4582FE-6547-4284-9159-C2AB2EB3779C}.MinSizeRel|x64.ActiveCfg = MinSizeRel|x64
		{BA4582FE-6547-4284-9159-C2AB2EB3779C}.MinSizeRel|x64.Build.0 = MinSizeRel|x64
		{BA4582FE-6547-4284-9159-C2AB2EB3779C}.RelWithDebInfo|x64.ActiveCfg = RelWithDebInfo|x64
		{BA4582FE-6547-4284-9159-C2AB2EB3779C}.RelWithDebInfo|x64.Build.0 = RelWithDebInfo|x64
		{75BB8FFB-881A-4125-875F-1FFF58CE1DF8}.Debug|x64.ActiveCfg = Debug|x64
		{75BB8FFB-881A-4125-875F-1FFF58CE1DF8}.Debug|x64.Build.0 = Debug|x64
		{75BB8FFB-881A-4125-875F-1FFF58CE1DF8}.Release|x64.ActiveCfg = Release|x64
		{75BB8FFB-881A-4125-875F-1FFF58CE1DF8}.Release|x64.Build.0 = Release|x64
		{75BB8FFB-881A-4125-875F-1FFF58CE1DF8}.MinSizeRel|x64.ActiveCfg = MinSizeRel|x64
		{75BB8FFB-881A-4125-875F-1FFF58CE1DF8}.MinSizeRel|x64.Build.0 = MinSizeRel|x64
		{75BB8FFB-881A-4125-875F-1FFF58CE1DF8}.RelWithDebInfo|x64.ActiveCfg = RelWithDebInfo|x64
		{75BB8FFB-881A-4125-875F-1FFF58CE1DF8}.RelWithDebInfo|x64.Build.0 = RelWithDebInfo|x64
		{77F9DDC7-41A1-40A8-AF19-4CB25EC6E307}.Debug|x64.ActiveCfg = Debug|x64
		{77F9DDC7-41A1-40A8-AF19-4CB25EC6E307}.Debug|x64.Build.0 = Debug|x64
		{77F9DDC7-41A1-40A8-AF19-4CB25EC6E307}.Release|x64.ActiveCfg = Release|x64
		{77F9DDC7-41A1-40A8-AF19-4CB25EC6E307}.Release|x64.Build.0 = Release|x64
		{77F9DDC7-41A1-40A8-AF19-4CB25EC6E307}.MinSizeRel|x64.ActiveCfg = MinSizeRel|x64
		{77F9DDC7-41A1-40A8-AF19-4CB25EC6E307}.MinSizeRel|x64.Build.0 = MinSizeRel|x64
		{77F9DDC7-41A1-40A8-AF19-4CB25EC6E307}.RelWithDebInfo|x64.ActiveCfg = RelWithDebInfo|x64
		{77F9DDC7-41A1-40A8-AF19-4CB25EC6E307}.RelWithDebInfo|x64.Build.0 = RelWithDebInfo|x64
		{28788010-9728-4A43-ADC1-F22F38A0C0AE}.Debug|x64.ActiveCfg = Debug|x64
		{28788010-9728-4A43-ADC1-F22F38A0C0AE}.Debug|x64.Build.0 = Debug|x64
		{28788010-9728-4A43-ADC1-F22F38A0C0AE}.Release|x64.ActiveCfg = Release|x64
		{28788010-9728-4A43-ADC1-F22F38A0C0AE}.Release|x64.Build.0 = Release|x64
		{28788010-9728-4A43-ADC1-F22F38A0C0AE}.MinSizeRel|x64.ActiveCfg = MinSizeRel|x64
		{28788010-9728-4A43-ADC1-F22F38A0C0AE}.MinSizeRel|x64.Build.0 = MinSizeRel|x64
		{28788010-9728-4A43-ADC1-F22F38A0C0AE}.RelWithDebInfo|x64.ActiveCfg = RelWithDebInfo|x64
		{28788010-9728-4A43-ADC1-F22F38A0C0AE}.RelWithDebInfo|x64.Build.0 = RelWithDebInfo|x64
		{3ADD6578-E699-4224-BEB5-72537CA7327F}.Debug|x64.ActiveCfg = Debug|x64
		{3ADD6578-E699-4224-BEB5-72537CA7327F}.Debug|x64.Build.0 = Debug|x64
		{3ADD6578-E699-4224-BEB5-72537CA7327F}.Release|x64.ActiveCfg = Release|x64
		{3ADD6578-E699-4224-BEB5-72537CA7327F}.Release|x64.Build.0 = Release|x64
		{3ADD6578-E699-4224-BEB5-72537CA7327F}.MinSizeRel|x64.ActiveCfg = MinSizeRel|x64
		{3ADD6578-E699-4224-BEB5-72537CA7327F}.MinSizeRel|x64.Build.0 = MinSizeRel|x64
		{3ADD6578-E699-4224-BEB5-72537CA7327F}.RelWithDebInfo|x64.ActiveCfg = RelWithDebInfo|x64
		{3ADD6578-E699-4224-BEB5-72537CA7327F}.RelWithDebInfo|x64.Build.0 = RelWithDebInfo|x64
		{735EF0BD-CEB5-403E-A15F-9AE6ACB79E4A}.Debug|x64.ActiveCfg = Debug|x64
		{735EF0BD-CEB5-403E-A15F-9AE6ACB79E4A}.Debug|x64.Build.0 = Debug|x64
		{735EF0BD-CEB5-403E-A15F-9AE6ACB79E4A}.Release|x64.ActiveCfg = Release|x64
		{735EF0BD-CEB5-403E-A15F-9AE6ACB79E4A}.Release|x64.Build.0 = Release|x64
		{735EF0BD-CEB5-403E-A15F-9AE6ACB79E4A}.MinSizeRel|x64.ActiveCfg = MinSizeRel|x64
		{735EF0BD-CEB5-403E-A15F-9AE6ACB79E4A}.MinSizeRel|x64.Build.0 = MinSizeRel|x64
		{735EF0BD-CEB5-403E-A15F-9AE6ACB79E4A}.RelWithDebInfo|x64.ActiveCfg = RelWithDebInfo|x64
		{735EF0BD-CEB5-403E-A15F-9AE6ACB79E4A}.RelWithDebInfo|x64.Build.0 = RelWithDebInfo|x64
		{068DE99C-DC76-46D5-955C-BB77EC1FC8C7}.Debug|x64.ActiveCfg = Debug|x64
		{068DE99C-DC76-46D5-955C-BB77EC1FC8C7}.Debug|x64.Build.0 = Debug|x64
		{068DE99C-DC76-46D5-955C-BB77EC1FC8C7}.Release|x64.ActiveCfg = Release|x64
		{068DE99C-DC76-46D5-955C-BB77EC1FC8C7}.Release|x64.Build.0 = Release|x64
		{068DE99C-DC76-46D5-955C-BB77EC1FC8C7}.MinSizeRel|x64.ActiveCfg = MinSizeRel|x64
		{068DE99C-DC76-46D5-955C-BB77EC1FC8C7}.MinSizeRel|x64.Build.0 = MinSizeRel|x64
		{068DE99C-DC76-46D5-955C-BB77EC1FC8C7}.RelWithDebInfo|x64.ActiveCfg = RelWithDebInfo|x64
		{068DE99C-DC76-46D5-955C-BB77EC1FC8C7}.RelWithDebInfo|x64.Build.0 = RelWithDebInfo|x64
		{6C8B2234-3324-4175-8F3A-EC871FE17BB4}.Debug|x64.ActiveCfg = Debug|x64
		{6C8B2234-3324-4175-8F3A-EC871FE17BB4}.Debug|x64.Build.0 = Debug|x64
		{6C8B2234-3324-4175-8F3A-EC871FE17BB4}.Release|x64.ActiveCfg = Release|x64
		{6C8B2234-3324-4175-8F3A-EC871FE17BB4}.Release|x64.Build.0 = Release|x64
		{6C8B2234-3324-4175-8F3A-EC871FE17BB4}.MinSizeRel|x64.ActiveCfg = MinSizeRel|x64
		{6C8B2234-3324-4175-8F3A-EC871FE17BB4}.MinSizeRel|x64.Build.0 = MinSizeRel|x64
		{6C8B2234-3324-4175-8F3A-EC871FE17BB4}.RelWithDebInfo|x64.ActiveCfg = RelWithDebInfo|x64
		{6C8B2234-3324-4175-8F3A-EC871FE17BB4}.RelWithDebInfo|x64.Build.0 = RelWithDebInfo|x64
		{5F38BC9D-2845-41FC-82C0-C3DE56657DC9}.Debug|x64.ActiveCfg = Debug|x64
		{5F38BC9D-2845-41FC-82C0-C3DE56657DC9}.Debug|x64.Build.0 = Debug|x64
		{5F38BC9D-2845-41FC-82C0-C3DE56657DC9}.Release|x64.ActiveCfg = Release|x64
		{5F38BC9D-2845-41FC-82C0-C3DE56657DC9}.Release|x64.Build.0 = Release|x64
		{5F38BC9D-2845-41FC-82C0-C3DE56657DC9}.MinSizeRel|x64.ActiveCfg = MinSizeRel|x64
		{5F38BC9D-2845-41FC-82C0-C3DE56657DC9}.MinSizeRel|x64.Build.0 = MinSizeRel|x64
		{5F38BC9D-2845-41FC-82C0-C3DE56657DC9}.RelWithDebInfo|x64.ActiveCfg = RelWithDebInfo|x64
		{5F38BC9D-2845-41FC-82C0-C3DE56657DC9}.RelWithDebInfo|x64.Build.0 = RelWithDebInfo|x64
		{84200148-78B2-42BA-8253-7A4B35E02C94}.Debug|x64.ActiveCfg = Debug|x64
		{84200148-78B2-42BA-8253-7A4B35E02C94}.Release|x64.ActiveCfg = Release|x64
		{84200148-78B2-42BA-8253-7A4B35E02C94}.MinSizeRel|x64.ActiveCfg = MinSizeRel|x64
		{84200148-78B2-42BA-8253-7A4B35E02C94}.RelWithDebInfo|x64.ActiveCfg = RelWithDebInfo|x64
		{4FE96F04-3AEA-4C11-9CD5-F9C8FD2456E7}.Debug|x64.ActiveCfg = Debug|x64
		{4FE96F04-3AEA-4C11-9CD5-F9C8FD2456E7}.Release|x64.ActiveCfg = Release|x64
		{4FE96F04-3AEA-4C11-9CD5-F9C8FD2456E7}.MinSizeRel|x64.ActiveCfg = MinSizeRel|x64
		{4FE96F04-3AEA-4C11-9CD5-F9C8FD2456E7}.RelWithDebInfo|x64.ActiveCfg = RelWithDebInfo|x64
		{CB60A649-DBDD-416D-BD3E-B6AE586C3173}.Debug|x64.ActiveCfg = Debug|x64
		{CB60A649-DBDD-416D-BD3E-B6AE586C3173}.Debug|x64.Build.0 = Debug|x64
		{CB60A649-DBDD-416D-BD3E-B6AE586C3173}.Release|x64.ActiveCfg = Release|x64
		{CB60A649-DBDD-416D-BD3E-B6AE586C3173}.Release|x64.Build.0 = Release|x64
		{CB60A649-DBDD-416D-BD3E-B6AE586C3173}.MinSizeRel|x64.ActiveCfg = MinSizeRel|x64
		{CB60A649-DBDD-416D-BD3E-B6AE586C3173}.MinSizeRel|x64.Build.0 = MinSizeRel|x64
		{CB60A649-DBDD-416D-BD3E-B6AE586C3173}.RelWithDebInfo|x64.ActiveCfg = RelWithDebInfo|x64
		{CB60A649-DBDD-416D-BD3E-B6AE586C3173}.RelWithDebInfo|x64.Build.0 = RelWithDebInfo|x64
	EndGlobalSection
	GlobalSection(ExtensibilityGlobals) = postSolution
	EndGlobalSection
	GlobalSection(ExtensibilityAddIns) = postSolution
	EndGlobalSection
EndGlobal
