<?xml version="1.0" encoding="utf-8"?>
<Project ToolsVersion="4.0" xmlns="http://schemas.microsoft.com/developer/msbuild/2003">
  <ItemGroup>
    <ClCompile Include="..\..\..\opencv\modules\flann\src\flann.cpp">
      <Filter>Src</Filter>
    </ClCompile>
    <ClCompile Include="..\..\..\opencv\modules\flann\src\miniflann.cpp">
      <Filter>Src</Filter>
    </ClCompile>
    <ClCompile Include="..\..\..\opencv\modules\flann\src\precomp.cpp">
      <Filter>Src</Filter>
    </ClCompile>
  </ItemGroup>
  <ItemGroup>
    <ClInclude Include="..\..\..\opencv\modules\flann\include\opencv2\flann\allocator.h">
      <Filter>Include</Filter>
    </ClInclude>
    <ClInclude Include="..\..\..\opencv\modules\flann\include\opencv2\flann\all_indices.h">
      <Filter>Include</Filter>
    </ClInclude>
    <ClInclude Include="..\..\..\opencv\modules\flann\include\opencv2\flann\any.h">
      <Filter>Include</Filter>
    </ClInclude>
    <ClInclude Include="..\..\..\opencv\modules\flann\include\opencv2\flann\autotuned_index.h">
      <Filter>Include</Filter>
    </ClInclude>
    <ClInclude Include="..\..\..\opencv\modules\flann\include\opencv2\flann\composite_index.h">
      <Filter>Include</Filter>
    </ClInclude>
    <ClInclude Include="..\..\..\opencv\modules\flann\include\opencv2\flann\config.h">
      <Filter>Include</Filter>
    </ClInclude>
    <ClInclude Include="..\..\..\opencv\modules\flann\include\opencv2\flann\defines.h">
      <Filter>Include</Filter>
    </ClInclude>
    <ClInclude Include="..\..\..\opencv\modules\flann\include\opencv2\flann\dist.h">
      <Filter>Include</Filter>
    </ClInclude>
    <ClInclude Include="..\..\..\opencv\modules\flann\include\opencv2\flann\dummy.h">
      <Filter>Include</Filter>
    </ClInclude>
    <ClInclude Include="..\..\..\opencv\modules\flann\include\opencv2\flann\dynamic_bitset.h">
      <Filter>Include</Filter>
    </ClInclude>
    <ClInclude Include="..\..\..\opencv\modules\flann\include\opencv2\flann\general.h">
      <Filter>Include</Filter>
    </ClInclude>
    <ClInclude Include="..\..\..\opencv\modules\flann\include\opencv2\flann\ground_truth.h">
      <Filter>Include</Filter>
    </ClInclude>
    <ClInclude Include="..\..\..\opencv\modules\flann\include\opencv2\flann\hdf5.h">
      <Filter>Include</Filter>
    </ClInclude>
    <ClInclude Include="..\..\..\opencv\modules\flann\include\opencv2\flann\heap.h">
      <Filter>Include</Filter>
    </ClInclude>
    <ClInclude Include="..\..\..\opencv\modules\flann\include\opencv2\flann\hierarchical_clustering_index.h">
      <Filter>Include</Filter>
    </ClInclude>
    <ClInclude Include="..\..\..\opencv\modules\flann\include\opencv2\flann\index_testing.h">
      <Filter>Include</Filter>
    </ClInclude>
    <ClInclude Include="..\..\..\opencv\modules\flann\include\opencv2\flann\kdtree_index.h">
      <Filter>Include</Filter>
    </ClInclude>
    <ClInclude Include="..\..\..\opencv\modules\flann\include\opencv2\flann\kdtree_single_index.h">
      <Filter>Include</Filter>
    </ClInclude>
    <ClInclude Include="..\..\..\opencv\modules\flann\include\opencv2\flann\kmeans_index.h">
      <Filter>Include</Filter>
    </ClInclude>
    <ClInclude Include="..\..\..\opencv\modules\flann\include\opencv2\flann\linear_index.h">
      <Filter>Include</Filter>
    </ClInclude>
    <ClInclude Include="..\..\..\opencv\modules\flann\include\opencv2\flann\logger.h">
      <Filter>Include</Filter>
    </ClInclude>
    <ClInclude Include="..\..\..\opencv\modules\flann\include\opencv2\flann\lsh_index.h">
      <Filter>Include</Filter>
    </ClInclude>
    <ClInclude Include="..\..\..\opencv\modules\flann\include\opencv2\flann\lsh_table.h">
      <Filter>Include</Filter>
    </ClInclude>
    <ClInclude Include="..\..\..\opencv\modules\flann\include\opencv2\flann\matrix.h">
      <Filter>Include</Filter>
    </ClInclude>
    <ClInclude Include="..\..\..\opencv\modules\flann\include\opencv2\flann\nn_index.h">
      <Filter>Include</Filter>
    </ClInclude>
    <ClInclude Include="..\..\..\opencv\modules\flann\include\opencv2\flann\object_factory.h">
      <Filter>Include</Filter>
    </ClInclude>
    <ClInclude Include="..\..\..\opencv\modules\flann\include\opencv2\flann\params.h">
      <Filter>Include</Filter>
    </ClInclude>
    <ClInclude Include="..\..\..\opencv\modules\flann\include\opencv2\flann\random.h">
      <Filter>Include</Filter>
    </ClInclude>
    <ClInclude Include="..\..\..\opencv\modules\flann\include\opencv2\flann\result_set.h">
      <Filter>Include</Filter>
    </ClInclude>
    <ClInclude Include="..\..\..\opencv\modules\flann\include\opencv2\flann\sampling.h">
      <Filter>Include</Filter>
    </ClInclude>
    <ClInclude Include="..\..\..\opencv\modules\flann\include\opencv2\flann\saving.h">
      <Filter>Include</Filter>
    </ClInclude>
    <ClInclude Include="..\..\..\opencv\modules\flann\include\opencv2\flann\simplex_downhill.h">
      <Filter>Include</Filter>
    </ClInclude>
    <ClInclude Include="..\..\..\opencv\modules\flann\include\opencv2\flann\timer.h">
      <Filter>Include</Filter>
    </ClInclude>
  </ItemGroup>
  <ItemGroup>
  </ItemGroup>
  <ItemGroup>
    <CustomBuild Include="..\..\..\opencv\modules\flann\CMakeLists.txt" />
  </ItemGroup>
  <ItemGroup>
    <Filter Include="Src">
      <UniqueIdentifier>{1931B85A-1385-487A-8869-D43C91C52FC5}</UniqueIdentifier>
    </Filter>
    <Filter Include="Include">
      <UniqueIdentifier>{8DFACFE0-8829-4771-AFFC-DD4895BA5A97}</UniqueIdentifier>
    </Filter>
  </ItemGroup>
  <ItemGroup>
    <None Include="..\..\..\opencv\modules\flann\src\flann.cpp">
      <Filter>Src</Filter>
    </None>
    <None Include="..\..\..\opencv\modules\flann\src\miniflann.cpp">
      <Filter>Src</Filter>
    </None>
    <None Include="..\..\..\opencv\modules\flann\src\precomp.cpp">
      <Filter>Src</Filter>
    </None>
    <None Include="..\..\..\opencv\modules\flann\include\opencv2\flann\flann.hpp">
      <Filter>Include</Filter>
    </None>
    <None Include="..\..\..\opencv\modules\flann\include\opencv2\flann\flann_base.hpp">
      <Filter>Include</Filter>
    </None>
    <None Include="..\..\..\opencv\modules\flann\include\opencv2\flann\miniflann.hpp">
      <Filter>Include</Filter>
    </None>
    <None Include="..\..\..\opencv\modules\flann\src\precomp.hpp">
      <Filter>Src</Filter>
    </None>
  </ItemGroup>
</Project>
