<?xml version="1.0" encoding="utf-8"?>
<Project ToolsVersion="4.0" xmlns="http://schemas.microsoft.com/developer/msbuild/2003">
  <ItemGroup>
    <ClCompile Include="..\..\..\opencv\modules\objdetect\test\test_cascadeandhog.cpp">
      <Filter>Src</Filter>
    </ClCompile>
    <ClCompile Include="..\..\..\opencv\modules\objdetect\test\test_latentsvmdetector.cpp">
      <Filter>Src</Filter>
    </ClCompile>
    <ClCompile Include="..\..\..\opencv\modules\objdetect\test\test_main.cpp">
      <Filter>Src</Filter>
    </ClCompile>
    <ClCompile Include="..\..\..\opencv\modules\objdetect\test\test_precomp.cpp">
      <Filter>Src</Filter>
    </ClCompile>
  </ItemGroup>
  <ItemGroup>
  </ItemGroup>
  <ItemGroup>
  </ItemGroup>
  <ItemGroup>
    <CustomBuild Include="..\..\..\opencv\modules\objdetect\CMakeLists.txt" />
  </ItemGroup>
  <ItemGroup>
    <Filter Include="Src">
      <UniqueIdentifier>{1931B85A-1385-487A-8869-D43C91C52FC5}</UniqueIdentifier>
    </Filter>
    <Filter Include="Include">
      <UniqueIdentifier>{8DFACFE0-8829-4771-AFFC-DD4895BA5A97}</UniqueIdentifier>
    </Filter>
  </ItemGroup>
  <ItemGroup>
    <None Include="..\..\..\opencv\modules\objdetect\test\test_cascadeandhog.cpp">
      <Filter>Src</Filter>
    </None>
    <None Include="..\..\..\opencv\modules\objdetect\test\test_latentsvmdetector.cpp">
      <Filter>Src</Filter>
    </None>
    <None Include="..\..\..\opencv\modules\objdetect\test\test_main.cpp">
      <Filter>Src</Filter>
    </None>
    <None Include="..\..\..\opencv\modules\objdetect\test\test_precomp.cpp">
      <Filter>Src</Filter>
    </None>
    <None Include="..\..\..\opencv\modules\objdetect\test\test_precomp.hpp">
      <Filter>Include</Filter>
    </None>
  </ItemGroup>
</Project>
